
Microsoft Visual Studio Solution File, Format Version 12.00
# Visual Studio Version 18
VisualStudioVersion = 18.2.11415.280
MinimumVisualStudioVersion = 10.0.40219.1
Project("{8BC9CEB8-8B4A-11D0-8D11-00A0C91BC942}") = "remoting_remoting", "..\source\remoting\remoting\remoting_remoting_remoting.vcxproj", "{082F71AD-CDF6-44DE-84F7-9D2D16784B23}"
EndProject
Project("{8BC9CEB8-8B4A-11D0-8D11-00A0C91BC942}") = "acme", "..\source\app\acme\acme.vcxproj", "{638B242F-0F21-41C3-9F66-724660046133}"
EndProject
Project("{8BC9CEB8-8B4A-11D0-8D11-00A0C91BC942}") = "shared_remoting_remoting", "..\source\remoting\remoting\__implement\shared_remoting_remoting.vcxproj", "{BE0222AE-71CA-41DB-8F40-265DEE5F7020}"
EndProject
Project("{8BC9CEB8-8B4A-11D0-8D11-00A0C91BC942}") = "acme_windows", "..\operating_system\operating_system-windows\acme_windows\acme_windows.vcxproj", "{CC8E8200-00A9-414E-9829-7CA3F1091ADD}"
EndProject
Project("{8BC9CEB8-8B4A-11D0-8D11-00A0C91BC942}") = "acme_windows_common", "..\operating_system\operating_system-windows_common\acme_windows_common\acme_windows_common.vcxproj", "{EB9DC9C0-0573-4DA0-8700-4DBB371773F1}"
EndProject
Project("{8BC9CEB8-8B4A-11D0-8D11-00A0C91BC942}") = "nano_graphics_gdi", "..\operating_system\operating_system-windows\nano_graphics_gdi\nano_graphics_gdi.vcxproj", "{01C37E3E-EA56-4AF4-BF1A-28AC282D9885}"
EndProject
Project("{8BC9CEB8-8B4A-11D0-8D11-00A0C91BC942}") = "acme_windowing_win32", "..\operating_system\operating_system-windows\acme_windowing_win32\acme_windowing_win32.vcxproj", "{9273D94E-BF81-41ED-9CB2-83D981450C9B}"
EndProject
Project("{8BC9CEB8-8B4A-11D0-8D11-00A0C91BC942}") = "folder_zip", "..\source\app\folder_zip\folder_zip.vcxproj", "{A69CC125-E38A-4F77-9677-8860D43AB3B0}"
EndProject
Project("{8BC9CEB8-8B4A-11D0-8D11-00A0C91BC942}") = "remoting_common", "..\source\remoting\remoting_common\remoting_common.vcxproj", "{97B29C1C-A911-41AB-9C88-019D9D827BFE}"
EndProject
Global
	GlobalSection(SolutionConfigurationPlatforms) = preSolution
		Debug|Win32 = Debug|Win32
		Debug|x64 = Debug|x64
		DebugNoUnicode|Win32 = DebugNoUnicode|Win32
		DebugNoUnicode|x64 = DebugNoUnicode|x64
		Release|Win32 = Release|Win32
		Release|x64 = Release|x64
		ReleaseNoUnicode|Win32 = ReleaseNoUnicode|Win32
		ReleaseNoUnicode|x64 = ReleaseNoUnicode|x64
	EndGlobalSection
	GlobalSection(ProjectConfigurationPlatforms) = postSolution
		{082F71AD-CDF6-44DE-84F7-9D2D16784B23}.Debug|Win32.ActiveCfg = Debug|Win32
		{082F71AD-CDF6-44DE-84F7-9D2D16784B23}.Debug|Win32.Build.0 = Debug|Win32
		{082F71AD-CDF6-44DE-84F7-9D2D16784B23}.Debug|x64.ActiveCfg = Debug|x64
		{082F71AD-CDF6-44DE-84F7-9D2D16784B23}.Debug|x64.Build.0 = Debug|x64
		{082F71AD-CDF6-44DE-84F7-9D2D16784B23}.DebugNoUnicode|Win32.ActiveCfg = DebugNoUnicode|Win32
		{082F71AD-CDF6-44DE-84F7-9D2D16784B23}.DebugNoUnicode|Win32.Build.0 = DebugNoUnicode|Win32
		{082F71AD-CDF6-44DE-84F7-9D2D16784B23}.DebugNoUnicode|x64.ActiveCfg = DebugNoUnicode|x64
		{082F71AD-CDF6-44DE-84F7-9D2D16784B23}.DebugNoUnicode|x64.Build.0 = DebugNoUnicode|x64
		{082F71AD-CDF6-44DE-84F7-9D2D16784B23}.Release|Win32.ActiveCfg = Release|Win32
		{082F71AD-CDF6-44DE-84F7-9D2D16784B23}.Release|Win32.Build.0 = Release|Win32
		{082F71AD-CDF6-44DE-84F7-9D2D16784B23}.Release|x64.ActiveCfg = Release|x64
		{082F71AD-CDF6-44DE-84F7-9D2D16784B23}.Release|x64.Build.0 = Release|x64
		{082F71AD-CDF6-44DE-84F7-9D2D16784B23}.ReleaseNoUnicode|Win32.ActiveCfg = ReleaseNoUnicode|Win32
		{082F71AD-CDF6-44DE-84F7-9D2D16784B23}.ReleaseNoUnicode|Win32.Build.0 = ReleaseNoUnicode|Win32
		{082F71AD-CDF6-44DE-84F7-9D2D16784B23}.ReleaseNoUnicode|x64.ActiveCfg = ReleaseNoUnicode|x64
		{082F71AD-CDF6-44DE-84F7-9D2D16784B23}.ReleaseNoUnicode|x64.Build.0 = ReleaseNoUnicode|x64
		{638B242F-0F21-41C3-9F66-724660046133}.Debug|Win32.ActiveCfg = Debug|Win32
		{638B242F-0F21-41C3-9F66-724660046133}.Debug|Win32.Build.0 = Debug|Win32
		{638B242F-0F21-41C3-9F66-724660046133}.Debug|x64.ActiveCfg = Debug|x64
		{638B242F-0F21-41C3-9F66-724660046133}.Debug|x64.Build.0 = Debug|x64
		{638B242F-0F21-41C3-9F66-724660046133}.DebugNoUnicode|Win32.ActiveCfg = ASanStaticDebug|Win32
		{638B242F-0F21-41C3-9F66-724660046133}.DebugNoUnicode|Win32.Build.0 = ASanStaticDebug|Win32
		{638B242F-0F21-41C3-9F66-724660046133}.DebugNoUnicode|x64.ActiveCfg = ASanStaticDebug|x64
		{638B242F-0F21-41C3-9F66-724660046133}.DebugNoUnicode|x64.Build.0 = ASanStaticDebug|x64
		{638B242F-0F21-41C3-9F66-724660046133}.Release|Win32.ActiveCfg = Release|Win32
		{638B242F-0F21-41C3-9F66-724660046133}.Release|Win32.Build.0 = Release|Win32
		{638B242F-0F21-41C3-9F66-724660046133}.Release|x64.ActiveCfg = Release|x64
		{638B242F-0F21-41C3-9F66-724660046133}.Release|x64.Build.0 = Release|x64
		{638B242F-0F21-41C3-9F66-724660046133}.ReleaseNoUnicode|Win32.ActiveCfg = StaticMetaRelease|Win32
		{638B242F-0F21-41C3-9F66-724660046133}.ReleaseNoUnicode|Win32.Build.0 = StaticMetaRelease|Win32
		{638B242F-0F21-41C3-9F66-724660046133}.ReleaseNoUnicode|x64.ActiveCfg = StaticMetaRelease|x64
		{638B242F-0F21-41C3-9F66-724660046133}.ReleaseNoUnicode|x64.Build.0 = StaticMetaRelease|x64
		{BE0222AE-71CA-41DB-8F40-265DEE5F7020}.Debug|Win32.ActiveCfg = Debug|Win32
		{BE0222AE-71CA-41DB-8F40-265DEE5F7020}.Debug|Win32.Build.0 = Debug|Win32
		{BE0222AE-71CA-41DB-8F40-265DEE5F7020}.Debug|x64.ActiveCfg = Debug|x64
		{BE0222AE-71CA-41DB-8F40-265DEE5F7020}.Debug|x64.Build.0 = Debug|x64
		{BE0222AE-71CA-41DB-8F40-265DEE5F7020}.DebugNoUnicode|Win32.ActiveCfg = Debug|Win32
		{BE0222AE-71CA-41DB-8F40-265DEE5F7020}.DebugNoUnicode|Win32.Build.0 = Debug|Win32
		{BE0222AE-71CA-41DB-8F40-265DEE5F7020}.DebugNoUnicode|x64.ActiveCfg = Debug|x64
		{BE0222AE-71CA-41DB-8F40-265DEE5F7020}.DebugNoUnicode|x64.Build.0 = Debug|x64
		{BE0222AE-71CA-41DB-8F40-265DEE5F7020}.Release|Win32.ActiveCfg = Release|Win32
		{BE0222AE-71CA-41DB-8F40-265DEE5F7020}.Release|Win32.Build.0 = Release|Win32
		{BE0222AE-71CA-41DB-8F40-265DEE5F7020}.Release|x64.ActiveCfg = Release|x64
		{BE0222AE-71CA-41DB-8F40-265DEE5F7020}.Release|x64.Build.0 = Release|x64
		{BE0222AE-71CA-41DB-8F40-265DEE5F7020}.ReleaseNoUnicode|Win32.ActiveCfg = Release|Win32
		{BE0222AE-71CA-41DB-8F40-265DEE5F7020}.ReleaseNoUnicode|Win32.Build.0 = Release|Win32
		{BE0222AE-71CA-41DB-8F40-265DEE5F7020}.ReleaseNoUnicode|x64.ActiveCfg = Release|x64
		{BE0222AE-71CA-41DB-8F40-265DEE5F7020}.ReleaseNoUnicode|x64.Build.0 = Release|x64
		{CC8E8200-00A9-414E-9829-7CA3F1091ADD}.Debug|Win32.ActiveCfg = Debug|Win32
		{CC8E8200-00A9-414E-9829-7CA3F1091ADD}.Debug|Win32.Build.0 = Debug|Win32
		{CC8E8200-00A9-414E-9829-7CA3F1091ADD}.Debug|x64.ActiveCfg = Debug|x64
		{CC8E8200-00A9-414E-9829-7CA3F1091ADD}.Debug|x64.Build.0 = Debug|x64
		{CC8E8200-00A9-414E-9829-7CA3F1091ADD}.DebugNoUnicode|Win32.ActiveCfg = ASanStaticDebug|Win32
		{CC8E8200-00A9-414E-9829-7CA3F1091ADD}.DebugNoUnicode|Win32.Build.0 = ASanStaticDebug|Win32
		{CC8E8200-00A9-414E-9829-7CA3F1091ADD}.DebugNoUnicode|x64.ActiveCfg = ASanStaticDebug|x64
		{CC8E8200-00A9-414E-9829-7CA3F1091ADD}.DebugNoUnicode|x64.Build.0 = ASanStaticDebug|x64
		{CC8E8200-00A9-414E-9829-7CA3F1091ADD}.Release|Win32.ActiveCfg = Release|Win32
		{CC8E8200-00A9-414E-9829-7CA3F1091ADD}.Release|Win32.Build.0 = Release|Win32
		{CC8E8200-00A9-414E-9829-7CA3F1091ADD}.Release|x64.ActiveCfg = Release|x64
		{CC8E8200-00A9-414E-9829-7CA3F1091ADD}.Release|x64.Build.0 = Release|x64
		{CC8E8200-00A9-414E-9829-7CA3F1091ADD}.ReleaseNoUnicode|Win32.ActiveCfg = StaticMetaRelease|Win32
		{CC8E8200-00A9-414E-9829-7CA3F1091ADD}.ReleaseNoUnicode|Win32.Build.0 = StaticMetaRelease|Win32
		{CC8E8200-00A9-414E-9829-7CA3F1091ADD}.ReleaseNoUnicode|x64.ActiveCfg = StaticMetaRelease|x64
		{CC8E8200-00A9-414E-9829-7CA3F1091ADD}.ReleaseNoUnicode|x64.Build.0 = StaticMetaRelease|x64
		{EB9DC9C0-0573-4DA0-8700-4DBB371773F1}.Debug|Win32.ActiveCfg = Debug|Win32
		{EB9DC9C0-0573-4DA0-8700-4DBB371773F1}.Debug|Win32.Build.0 = Debug|Win32
		{EB9DC9C0-0573-4DA0-8700-4DBB371773F1}.Debug|x64.ActiveCfg = Debug|x64
		{EB9DC9C0-0573-4DA0-8700-4DBB371773F1}.Debug|x64.Build.0 = Debug|x64
		{EB9DC9C0-0573-4DA0-8700-4DBB371773F1}.DebugNoUnicode|Win32.ActiveCfg = ASanStaticDebug|Win32
		{EB9DC9C0-0573-4DA0-8700-4DBB371773F1}.DebugNoUnicode|Win32.Build.0 = ASanStaticDebug|Win32
		{EB9DC9C0-0573-4DA0-8700-4DBB371773F1}.DebugNoUnicode|x64.ActiveCfg = ASanStaticDebug|x64
		{EB9DC9C0-0573-4DA0-8700-4DBB371773F1}.DebugNoUnicode|x64.Build.0 = ASanStaticDebug|x64
		{EB9DC9C0-0573-4DA0-8700-4DBB371773F1}.Release|Win32.ActiveCfg = Release|Win32
		{EB9DC9C0-0573-4DA0-8700-4DBB371773F1}.Release|Win32.Build.0 = Release|Win32
		{EB9DC9C0-0573-4DA0-8700-4DBB371773F1}.Release|x64.ActiveCfg = Release|x64
		{EB9DC9C0-0573-4DA0-8700-4DBB371773F1}.Release|x64.Build.0 = Release|x64
		{EB9DC9C0-0573-4DA0-8700-4DBB371773F1}.ReleaseNoUnicode|Win32.ActiveCfg = StaticMetaRelease|Win32
		{EB9DC9C0-0573-4DA0-8700-4DBB371773F1}.ReleaseNoUnicode|Win32.Build.0 = StaticMetaRelease|Win32
		{EB9DC9C0-0573-4DA0-8700-4DBB371773F1}.ReleaseNoUnicode|x64.ActiveCfg = StaticMetaRelease|x64
		{EB9DC9C0-0573-4DA0-8700-4DBB371773F1}.ReleaseNoUnicode|x64.Build.0 = StaticMetaRelease|x64
		{01C37E3E-EA56-4AF4-BF1A-28AC282D9885}.Debug|Win32.ActiveCfg = Debug|Win32
		{01C37E3E-EA56-4AF4-BF1A-28AC282D9885}.Debug|Win32.Build.0 = Debug|Win32
		{01C37E3E-EA56-4AF4-BF1A-28AC282D9885}.Debug|x64.ActiveCfg = Debug|x64
		{01C37E3E-EA56-4AF4-BF1A-28AC282D9885}.Debug|x64.Build.0 = Debug|x64
		{01C37E3E-EA56-4AF4-BF1A-28AC282D9885}.DebugNoUnicode|Win32.ActiveCfg = ASanStaticDebug|Win32
		{01C37E3E-EA56-4AF4-BF1A-28AC282D9885}.DebugNoUnicode|Win32.Build.0 = ASanStaticDebug|Win32
		{01C37E3E-EA56-4AF4-BF1A-28AC282D9885}.DebugNoUnicode|x64.ActiveCfg = ASanStaticDebug|x64
		{01C37E3E-EA56-4AF4-BF1A-28AC282D9885}.DebugNoUnicode|x64.Build.0 = ASanStaticDebug|x64
		{01C37E3E-EA56-4AF4-BF1A-28AC282D9885}.Release|Win32.ActiveCfg = Release|Win32
		{01C37E3E-EA56-4AF4-BF1A-28AC282D9885}.Release|Win32.Build.0 = Release|Win32
		{01C37E3E-EA56-4AF4-BF1A-28AC282D9885}.Release|x64.ActiveCfg = Release|x64
		{01C37E3E-EA56-4AF4-BF1A-28AC282D9885}.Release|x64.Build.0 = Release|x64
		{01C37E3E-EA56-4AF4-BF1A-28AC282D9885}.ReleaseNoUnicode|Win32.ActiveCfg = StaticReleaseWithDbgInfo|Win32
		{01C37E3E-EA56-4AF4-BF1A-28AC282D9885}.ReleaseNoUnicode|Win32.Build.0 = StaticReleaseWithDbgInfo|Win32
		{01C37E3E-EA56-4AF4-BF1A-28AC282D9885}.ReleaseNoUnicode|x64.ActiveCfg = StaticReleaseWithDbgInfo|x64
		{01C37E3E-EA56-4AF4-BF1A-28AC282D9885}.ReleaseNoUnicode|x64.Build.0 = StaticReleaseWithDbgInfo|x64
		{9273D94E-BF81-41ED-9CB2-83D981450C9B}.Debug|Win32.ActiveCfg = Debug|Win32
		{9273D94E-BF81-41ED-9CB2-83D981450C9B}.Debug|Win32.Build.0 = Debug|Win32
		{9273D94E-BF81-41ED-9CB2-83D981450C9B}.Debug|x64.ActiveCfg = Debug|x64
		{9273D94E-BF81-41ED-9CB2-83D981450C9B}.Debug|x64.Build.0 = Debug|x64
		{9273D94E-BF81-41ED-9CB2-83D981450C9B}.DebugNoUnicode|Win32.ActiveCfg = ASanStaticDebug|Win32
		{9273D94E-BF81-41ED-9CB2-83D981450C9B}.DebugNoUnicode|Win32.Build.0 = ASanStaticDebug|Win32
		{9273D94E-BF81-41ED-9CB2-83D981450C9B}.DebugNoUnicode|x64.ActiveCfg = ASanStaticDebug|x64
		{9273D94E-BF81-41ED-9CB2-83D981450C9B}.DebugNoUnicode|x64.Build.0 = ASanStaticDebug|x64
		{9273D94E-BF81-41ED-9CB2-83D981450C9B}.Release|Win32.ActiveCfg = Release|Win32
		{9273D94E-BF81-41ED-9CB2-83D981450C9B}.Release|Win32.Build.0 = Release|Win32
		{9273D94E-BF81-41ED-9CB2-83D981450C9B}.Release|x64.ActiveCfg = Release|x64
		{9273D94E-BF81-41ED-9CB2-83D981450C9B}.Release|x64.Build.0 = Release|x64
		{9273D94E-BF81-41ED-9CB2-83D981450C9B}.ReleaseNoUnicode|Win32.ActiveCfg = StaticReleaseWithDbgInfo|Win32
		{9273D94E-BF81-41ED-9CB2-83D981450C9B}.ReleaseNoUnicode|Win32.Build.0 = StaticReleaseWithDbgInfo|Win32
		{9273D94E-BF81-41ED-9CB2-83D981450C9B}.ReleaseNoUnicode|x64.ActiveCfg = StaticReleaseWithDbgInfo|x64
		{9273D94E-BF81-41ED-9CB2-83D981450C9B}.ReleaseNoUnicode|x64.Build.0 = StaticReleaseWithDbgInfo|x64
		{A69CC125-E38A-4F77-9677-8860D43AB3B0}.Debug|Win32.ActiveCfg = Debug|Win32
		{A69CC125-E38A-4F77-9677-8860D43AB3B0}.Debug|Win32.Build.0 = Debug|Win32
		{A69CC125-E38A-4F77-9677-8860D43AB3B0}.Debug|x64.ActiveCfg = Debug|x64
		{A69CC125-E38A-4F77-9677-8860D43AB3B0}.Debug|x64.Build.0 = Debug|x64
		{A69CC125-E38A-4F77-9677-8860D43AB3B0}.DebugNoUnicode|Win32.ActiveCfg = ASanStaticDebug|Win32
		{A69CC125-E38A-4F77-9677-8860D43AB3B0}.DebugNoUnicode|Win32.Build.0 = ASanStaticDebug|Win32
		{A69CC125-E38A-4F77-9677-8860D43AB3B0}.DebugNoUnicode|x64.ActiveCfg = ASanStaticDebug|x64
		{A69CC125-E38A-4F77-9677-8860D43AB3B0}.DebugNoUnicode|x64.Build.0 = ASanStaticDebug|x64
		{A69CC125-E38A-4F77-9677-8860D43AB3B0}.Release|Win32.ActiveCfg = Release|Win32
		{A69CC125-E38A-4F77-9677-8860D43AB3B0}.Release|Win32.Build.0 = Release|Win32
		{A69CC125-E38A-4F77-9677-8860D43AB3B0}.Release|x64.ActiveCfg = Release|x64
		{A69CC125-E38A-4F77-9677-8860D43AB3B0}.Release|x64.Build.0 = Release|x64
		{A69CC125-E38A-4F77-9677-8860D43AB3B0}.ReleaseNoUnicode|Win32.ActiveCfg = StaticMetaRelease|Win32
		{A69CC125-E38A-4F77-9677-8860D43AB3B0}.ReleaseNoUnicode|Win32.Build.0 = StaticMetaRelease|Win32
		{A69CC125-E38A-4F77-9677-8860D43AB3B0}.ReleaseNoUnicode|x64.ActiveCfg = StaticMetaRelease|x64
		{A69CC125-E38A-4F77-9677-8860D43AB3B0}.ReleaseNoUnicode|x64.Build.0 = StaticMetaRelease|x64
		{97B29C1C-A911-41AB-9C88-019D9D827BFE}.Debug|Win32.ActiveCfg = Debug|Win32
		{97B29C1C-A911-41AB-9C88-019D9D827BFE}.Debug|Win32.Build.0 = Debug|Win32
		{97B29C1C-A911-41AB-9C88-019D9D827BFE}.Debug|x64.ActiveCfg = Debug|x64
		{97B29C1C-A911-41AB-9C88-019D9D827BFE}.Debug|x64.Build.0 = Debug|x64
		{97B29C1C-A911-41AB-9C88-019D9D827BFE}.DebugNoUnicode|Win32.ActiveCfg = DebugNoUnicode|Win32
		{97B29C1C-A911-41AB-9C88-019D9D827BFE}.DebugNoUnicode|Win32.Build.0 = DebugNoUnicode|Win32
		{97B29C1C-A911-41AB-9C88-019D9D827BFE}.DebugNoUnicode|x64.ActiveCfg = DebugNoUnicode|x64
		{97B29C1C-A911-41AB-9C88-019D9D827BFE}.DebugNoUnicode|x64.Build.0 = DebugNoUnicode|x64
		{97B29C1C-A911-41AB-9C88-019D9D827BFE}.Release|Win32.ActiveCfg = Release|Win32
		{97B29C1C-A911-41AB-9C88-019D9D827BFE}.Release|Win32.Build.0 = Release|Win32
		{97B29C1C-A911-41AB-9C88-019D9D827BFE}.Release|x64.ActiveCfg = Release|x64
		{97B29C1C-A911-41AB-9C88-019D9D827BFE}.Release|x64.Build.0 = Release|x64
		{97B29C1C-A911-41AB-9C88-019D9D827BFE}.ReleaseNoUnicode|Win32.ActiveCfg = ReleaseNoUnicode|Win32
		{97B29C1C-A911-41AB-9C88-019D9D827BFE}.ReleaseNoUnicode|Win32.Build.0 = ReleaseNoUnicode|Win32
		{97B29C1C-A911-41AB-9C88-019D9D827BFE}.ReleaseNoUnicode|x64.ActiveCfg = ReleaseNoUnicode|x64
		{97B29C1C-A911-41AB-9C88-019D9D827BFE}.ReleaseNoUnicode|x64.Build.0 = ReleaseNoUnicode|x64
	EndGlobalSection
	GlobalSection(SolutionProperties) = preSolution
		HideSolutionNode = FALSE
	EndGlobalSection
	GlobalSection(ExtensibilityGlobals) = postSolution
		SolutionGuid = {28CA5D11-40A1-4E8E-B32A-DEE202912F4D}
	EndGlobalSection
EndGlobal
