
Microsoft Visual Studio Solution File, Format Version 12.00
# Visual Studio Version 18
VisualStudioVersion = 18.2.11415.280
MinimumVisualStudioVersion = 10.0.40219.1
Project("{8BC9CEB8-8B4A-11D0-8D11-00A0C91BC942}") = "bzip2", "..\port\base\bzip2\bzip2.vcxproj", "{A5A649E1-D516-4F29-A627-DA6884DD421C}"
EndProject
Project("{8BC9CEB8-8B4A-11D0-8D11-00A0C91BC942}") = "pcre", "..\port\base\pcre\pcre.vcxproj", "{19AA8BB5-51FA-46E7-B346-2A89828F3000}"
EndProject
Project("{8BC9CEB8-8B4A-11D0-8D11-00A0C91BC942}") = "zlib", "..\port\base\zlib\zlib.vcxproj", "{34FCFBF1-E922-4FDC-BC83-B3C04623E8C2}"
EndProject
Project("{8BC9CEB8-8B4A-11D0-8D11-00A0C91BC942}") = "id3lib", "..\port\base\id3lib\id3lib.vcxproj", "{E2D7833B-9B59-4826-BBDF-C27019771984}"
EndProject
Project("{8BC9CEB8-8B4A-11D0-8D11-00A0C91BC942}") = "sqlite", "..\port\base\sqlite\sqlite.vcxproj", "{424F72D6-053A-41C5-BE03-3B0BD535F1EB}"
EndProject
Project("{8BC9CEB8-8B4A-11D0-8D11-00A0C91BC942}") = "freetype", "..\port\graphics\freetype\freetype.vcxproj", "{78B079BD-9FC7-4B9E-B4A6-96DA0F00248B}"
EndProject
Project("{8BC9CEB8-8B4A-11D0-8D11-00A0C91BC942}") = "pixman", "..\port\graphics\pixman\pixman.vcxproj", "{0A298E22-839B-4D11-B5A7-456EAD013C11}"
EndProject
Project("{8BC9CEB8-8B4A-11D0-8D11-00A0C91BC942}") = "mpg123", "..\port\base\mpg123\mpg123.vcxproj", "{67CAA87B-7CF1-4F93-BB67-21C513F40803}"
EndProject
Project("{8BC9CEB8-8B4A-11D0-8D11-00A0C91BC942}") = "archive", "..\port\base\archive\archive.vcxproj", "{B3660BBE-E160-4BA7-8727-78F964C84291}"
EndProject
Project("{8BC9CEB8-8B4A-11D0-8D11-00A0C91BC942}") = "pugixml", "..\port\base\pugixml\pugixml.vcxproj", "{554FE0B9-BCBE-49F9-A450-94802C470831}"
EndProject
Project("{8BC9CEB8-8B4A-11D0-8D11-00A0C91BC942}") = "minizip", "..\port\base\minizip\minizip.vcxproj", "{E77F1D75-2ADD-44F2-A4D2-2C1D26A60114}"
EndProject
Project("{8BC9CEB8-8B4A-11D0-8D11-00A0C91BC942}") = "openddlparser", "..\port\base\openddlparser\openddlparser.vcxproj", "{20904BC8-943E-4397-98E0-35F98F4789B9}"
EndProject
Project("{8BC9CEB8-8B4A-11D0-8D11-00A0C91BC942}") = "unac", "..\port\base\unac\unac.vcxproj", "{7C73E63A-78B3-40C4-87FD-EBF23EA67925}"
EndProject
Project("{8BC9CEB8-8B4A-11D0-8D11-00A0C91BC942}") = "iconv", "..\port\base\iconv\iconv.vcxproj", "{7CFB99A0-47A8-4485-BEFF-3D0104D66509}"
EndProject
Project("{8BC9CEB8-8B4A-11D0-8D11-00A0C91BC942}") = "clipper", "..\port\graphics\clipper\clipper.vcxproj", "{927FC43B-3E6F-4851-AF50-5A20ABC97F73}"
EndProject
Project("{8BC9CEB8-8B4A-11D0-8D11-00A0C91BC942}") = "port_rawlite", "..\port\imaging\port_rawlite\port_rawlite.vcxproj", "{07F662C1-1323-42AB-B6AF-FBFD34A7437A}"
EndProject
Project("{8BC9CEB8-8B4A-11D0-8D11-00A0C91BC942}") = "port_png", "..\port\imaging\port_png\port_png.vcxproj", "{7DB10B50-CE00-4D7A-B322-6824F05D2FCB}"
EndProject
Project("{8BC9CEB8-8B4A-11D0-8D11-00A0C91BC942}") = "port_openjpeg", "..\port\imaging\port_openjpeg\port_openjpeg.vcxproj", "{E3536C28-A7F1-4B53-8E52-7D2232F9E098}"
EndProject
Project("{8BC9CEB8-8B4A-11D0-8D11-00A0C91BC942}") = "port_openexr", "..\port\imaging\port_openexr\port_openexr.vcxproj", "{17A4874B-0606-4687-90B6-F91F8CB3B8AF}"
EndProject
Project("{8BC9CEB8-8B4A-11D0-8D11-00A0C91BC942}") = "port_jpeg", "..\port\imaging\port_jpeg\port_jpeg.vcxproj", "{5E1D4E5F-E10C-4BA3-B663-F33014FD21D9}"
EndProject
Project("{8BC9CEB8-8B4A-11D0-8D11-00A0C91BC942}") = "port_freeimage", "..\port\imaging\port_freeimage\port_freeimage.vcxproj", "{B39ED2B3-D53A-4077-B957-930979A3577D}"
EndProject
Project("{8BC9CEB8-8B4A-11D0-8D11-00A0C91BC942}") = "_port_jxr", "..\port\imaging\port_jxr\port_jxr.vcxproj", "{244455E0-5F25-4451-9540-F317883E52A8}"
EndProject
Project("{8BC9CEB8-8B4A-11D0-8D11-00A0C91BC942}") = "_port_webp", "..\port\imaging\port_webp\port_webp.vcxproj", "{097D9F6C-FD0E-4CBC-9676-009012AAECA8}"
EndProject
Project("{8BC9CEB8-8B4A-11D0-8D11-00A0C91BC942}") = "_port_tiff4", "..\port\imaging\port_tiff4\port_tiff4.vcxproj", "{EC085CBD-E9C3-477F-9A97-CB9D5DA30E27}"
EndProject
Global
	GlobalSection(SolutionConfigurationPlatforms) = preSolution
		ASanStaticDebug|ARM64 = ASanStaticDebug|ARM64
		ASanStaticDebug|Win32 = ASanStaticDebug|Win32
		ASanStaticDebug|x64 = ASanStaticDebug|x64
		Debug|ARM64 = Debug|ARM64
		Debug|Win32 = Debug|Win32
		Debug|x64 = Debug|x64
		Release|ARM64 = Release|ARM64
		Release|Win32 = Release|Win32
		Release|x64 = Release|x64
		StaticDebug|ARM64 = StaticDebug|ARM64
		StaticDebug|Win32 = StaticDebug|Win32
		StaticDebug|x64 = StaticDebug|x64
		StaticRelease|ARM64 = StaticRelease|ARM64
		StaticRelease|Win32 = StaticRelease|Win32
		StaticRelease|x64 = StaticRelease|x64
	EndGlobalSection
	GlobalSection(ProjectConfigurationPlatforms) = postSolution
		{A5A649E1-D516-4F29-A627-DA6884DD421C}.ASanStaticDebug|ARM64.ActiveCfg = ASanStaticDebug|ARM64
		{A5A649E1-D516-4F29-A627-DA6884DD421C}.ASanStaticDebug|ARM64.Build.0 = ASanStaticDebug|ARM64
		{A5A649E1-D516-4F29-A627-DA6884DD421C}.ASanStaticDebug|Win32.ActiveCfg = ASanStaticDebug|Win32
		{A5A649E1-D516-4F29-A627-DA6884DD421C}.ASanStaticDebug|Win32.Build.0 = ASanStaticDebug|Win32
		{A5A649E1-D516-4F29-A627-DA6884DD421C}.ASanStaticDebug|x64.ActiveCfg = ASanStaticDebug|x64
		{A5A649E1-D516-4F29-A627-DA6884DD421C}.ASanStaticDebug|x64.Build.0 = ASanStaticDebug|x64
		{A5A649E1-D516-4F29-A627-DA6884DD421C}.Debug|ARM64.ActiveCfg = Debug|ARM64
		{A5A649E1-D516-4F29-A627-DA6884DD421C}.Debug|ARM64.Build.0 = Debug|ARM64
		{A5A649E1-D516-4F29-A627-DA6884DD421C}.Debug|Win32.ActiveCfg = Debug|Win32
		{A5A649E1-D516-4F29-A627-DA6884DD421C}.Debug|Win32.Build.0 = Debug|Win32
		{A5A649E1-D516-4F29-A627-DA6884DD421C}.Debug|x64.ActiveCfg = Debug|x64
		{A5A649E1-D516-4F29-A627-DA6884DD421C}.Debug|x64.Build.0 = Debug|x64
		{A5A649E1-D516-4F29-A627-DA6884DD421C}.Release|ARM64.ActiveCfg = Release|ARM64
		{A5A649E1-D516-4F29-A627-DA6884DD421C}.Release|ARM64.Build.0 = Release|ARM64
		{A5A649E1-D516-4F29-A627-DA6884DD421C}.Release|Win32.ActiveCfg = Release|Win32
		{A5A649E1-D516-4F29-A627-DA6884DD421C}.Release|Win32.Build.0 = Release|Win32
		{A5A649E1-D516-4F29-A627-DA6884DD421C}.Release|x64.ActiveCfg = Release|x64
		{A5A649E1-D516-4F29-A627-DA6884DD421C}.Release|x64.Build.0 = Release|x64
		{A5A649E1-D516-4F29-A627-DA6884DD421C}.StaticDebug|ARM64.ActiveCfg = StaticDebug|ARM64
		{A5A649E1-D516-4F29-A627-DA6884DD421C}.StaticDebug|ARM64.Build.0 = StaticDebug|ARM64
		{A5A649E1-D516-4F29-A627-DA6884DD421C}.StaticDebug|Win32.ActiveCfg = StaticDebug|Win32
		{A5A649E1-D516-4F29-A627-DA6884DD421C}.StaticDebug|Win32.Build.0 = StaticDebug|Win32
		{A5A649E1-D516-4F29-A627-DA6884DD421C}.StaticDebug|x64.ActiveCfg = StaticDebug|x64
		{A5A649E1-D516-4F29-A627-DA6884DD421C}.StaticDebug|x64.Build.0 = StaticDebug|x64
		{A5A649E1-D516-4F29-A627-DA6884DD421C}.StaticRelease|ARM64.ActiveCfg = StaticRelease|ARM64
		{A5A649E1-D516-4F29-A627-DA6884DD421C}.StaticRelease|ARM64.Build.0 = StaticRelease|ARM64
		{A5A649E1-D516-4F29-A627-DA6884DD421C}.StaticRelease|Win32.ActiveCfg = StaticRelease|Win32
		{A5A649E1-D516-4F29-A627-DA6884DD421C}.StaticRelease|Win32.Build.0 = StaticRelease|Win32
		{A5A649E1-D516-4F29-A627-DA6884DD421C}.StaticRelease|x64.ActiveCfg = StaticRelease|x64
		{A5A649E1-D516-4F29-A627-DA6884DD421C}.StaticRelease|x64.Build.0 = StaticRelease|x64
		{19AA8BB5-51FA-46E7-B346-2A89828F3000}.ASanStaticDebug|ARM64.ActiveCfg = ASanStaticDebug|ARM64
		{19AA8BB5-51FA-46E7-B346-2A89828F3000}.ASanStaticDebug|ARM64.Build.0 = ASanStaticDebug|ARM64
		{19AA8BB5-51FA-46E7-B346-2A89828F3000}.ASanStaticDebug|Win32.ActiveCfg = ASanStaticDebug|Win32
		{19AA8BB5-51FA-46E7-B346-2A89828F3000}.ASanStaticDebug|Win32.Build.0 = ASanStaticDebug|Win32
		{19AA8BB5-51FA-46E7-B346-2A89828F3000}.ASanStaticDebug|x64.ActiveCfg = ASanStaticDebug|x64
		{19AA8BB5-51FA-46E7-B346-2A89828F3000}.ASanStaticDebug|x64.Build.0 = ASanStaticDebug|x64
		{19AA8BB5-51FA-46E7-B346-2A89828F3000}.Debug|ARM64.ActiveCfg = Debug|ARM64
		{19AA8BB5-51FA-46E7-B346-2A89828F3000}.Debug|ARM64.Build.0 = Debug|ARM64
		{19AA8BB5-51FA-46E7-B346-2A89828F3000}.Debug|Win32.ActiveCfg = Debug|Win32
		{19AA8BB5-51FA-46E7-B346-2A89828F3000}.Debug|Win32.Build.0 = Debug|Win32
		{19AA8BB5-51FA-46E7-B346-2A89828F3000}.Debug|x64.ActiveCfg = Debug|x64
		{19AA8BB5-51FA-46E7-B346-2A89828F3000}.Debug|x64.Build.0 = Debug|x64
		{19AA8BB5-51FA-46E7-B346-2A89828F3000}.Release|ARM64.ActiveCfg = Release|ARM64
		{19AA8BB5-51FA-46E7-B346-2A89828F3000}.Release|ARM64.Build.0 = Release|ARM64
		{19AA8BB5-51FA-46E7-B346-2A89828F3000}.Release|Win32.ActiveCfg = Release|Win32
		{19AA8BB5-51FA-46E7-B346-2A89828F3000}.Release|Win32.Build.0 = Release|Win32
		{19AA8BB5-51FA-46E7-B346-2A89828F3000}.Release|x64.ActiveCfg = Release|x64
		{19AA8BB5-51FA-46E7-B346-2A89828F3000}.Release|x64.Build.0 = Release|x64
		{19AA8BB5-51FA-46E7-B346-2A89828F3000}.StaticDebug|ARM64.ActiveCfg = StaticDebug|ARM64
		{19AA8BB5-51FA-46E7-B346-2A89828F3000}.StaticDebug|ARM64.Build.0 = StaticDebug|ARM64
		{19AA8BB5-51FA-46E7-B346-2A89828F3000}.StaticDebug|Win32.ActiveCfg = StaticDebug|Win32
		{19AA8BB5-51FA-46E7-B346-2A89828F3000}.StaticDebug|Win32.Build.0 = StaticDebug|Win32
		{19AA8BB5-51FA-46E7-B346-2A89828F3000}.StaticDebug|x64.ActiveCfg = StaticDebug|x64
		{19AA8BB5-51FA-46E7-B346-2A89828F3000}.StaticDebug|x64.Build.0 = StaticDebug|x64
		{19AA8BB5-51FA-46E7-B346-2A89828F3000}.StaticRelease|ARM64.ActiveCfg = StaticRelease|ARM64
		{19AA8BB5-51FA-46E7-B346-2A89828F3000}.StaticRelease|ARM64.Build.0 = StaticRelease|ARM64
		{19AA8BB5-51FA-46E7-B346-2A89828F3000}.StaticRelease|Win32.ActiveCfg = StaticRelease|Win32
		{19AA8BB5-51FA-46E7-B346-2A89828F3000}.StaticRelease|Win32.Build.0 = StaticRelease|Win32
		{19AA8BB5-51FA-46E7-B346-2A89828F3000}.StaticRelease|x64.ActiveCfg = StaticRelease|x64
		{19AA8BB5-51FA-46E7-B346-2A89828F3000}.StaticRelease|x64.Build.0 = StaticRelease|x64
		{34FCFBF1-E922-4FDC-BC83-B3C04623E8C2}.ASanStaticDebug|ARM64.ActiveCfg = ASanStaticDebug|ARM64
		{34FCFBF1-E922-4FDC-BC83-B3C04623E8C2}.ASanStaticDebug|ARM64.Build.0 = ASanStaticDebug|ARM64
		{34FCFBF1-E922-4FDC-BC83-B3C04623E8C2}.ASanStaticDebug|Win32.ActiveCfg = ASanStaticDebug|Win32
		{34FCFBF1-E922-4FDC-BC83-B3C04623E8C2}.ASanStaticDebug|Win32.Build.0 = ASanStaticDebug|Win32
		{34FCFBF1-E922-4FDC-BC83-B3C04623E8C2}.ASanStaticDebug|x64.ActiveCfg = ASanStaticDebug|x64
		{34FCFBF1-E922-4FDC-BC83-B3C04623E8C2}.ASanStaticDebug|x64.Build.0 = ASanStaticDebug|x64
		{34FCFBF1-E922-4FDC-BC83-B3C04623E8C2}.Debug|ARM64.ActiveCfg = Debug|ARM64
		{34FCFBF1-E922-4FDC-BC83-B3C04623E8C2}.Debug|ARM64.Build.0 = Debug|ARM64
		{34FCFBF1-E922-4FDC-BC83-B3C04623E8C2}.Debug|Win32.ActiveCfg = Debug|Win32
		{34FCFBF1-E922-4FDC-BC83-B3C04623E8C2}.Debug|Win32.Build.0 = Debug|Win32
		{34FCFBF1-E922-4FDC-BC83-B3C04623E8C2}.Debug|x64.ActiveCfg = Debug|x64
		{34FCFBF1-E922-4FDC-BC83-B3C04623E8C2}.Debug|x64.Build.0 = Debug|x64
		{34FCFBF1-E922-4FDC-BC83-B3C04623E8C2}.Release|ARM64.ActiveCfg = Release|ARM64
		{34FCFBF1-E922-4FDC-BC83-B3C04623E8C2}.Release|ARM64.Build.0 = Release|ARM64
		{34FCFBF1-E922-4FDC-BC83-B3C04623E8C2}.Release|Win32.ActiveCfg = Release|Win32
		{34FCFBF1-E922-4FDC-BC83-B3C04623E8C2}.Release|Win32.Build.0 = Release|Win32
		{34FCFBF1-E922-4FDC-BC83-B3C04623E8C2}.Release|x64.ActiveCfg = Release|x64
		{34FCFBF1-E922-4FDC-BC83-B3C04623E8C2}.Release|x64.Build.0 = Release|x64
		{34FCFBF1-E922-4FDC-BC83-B3C04623E8C2}.StaticDebug|ARM64.ActiveCfg = StaticDebug|ARM64
		{34FCFBF1-E922-4FDC-BC83-B3C04623E8C2}.StaticDebug|ARM64.Build.0 = StaticDebug|ARM64
		{34FCFBF1-E922-4FDC-BC83-B3C04623E8C2}.StaticDebug|Win32.ActiveCfg = StaticDebug|Win32
		{34FCFBF1-E922-4FDC-BC83-B3C04623E8C2}.StaticDebug|Win32.Build.0 = StaticDebug|Win32
		{34FCFBF1-E922-4FDC-BC83-B3C04623E8C2}.StaticDebug|x64.ActiveCfg = StaticDebug|x64
		{34FCFBF1-E922-4FDC-BC83-B3C04623E8C2}.StaticDebug|x64.Build.0 = StaticDebug|x64
		{34FCFBF1-E922-4FDC-BC83-B3C04623E8C2}.StaticRelease|ARM64.ActiveCfg = StaticRelease|ARM64
		{34FCFBF1-E922-4FDC-BC83-B3C04623E8C2}.StaticRelease|ARM64.Build.0 = StaticRelease|ARM64
		{34FCFBF1-E922-4FDC-BC83-B3C04623E8C2}.StaticRelease|Win32.ActiveCfg = StaticRelease|Win32
		{34FCFBF1-E922-4FDC-BC83-B3C04623E8C2}.StaticRelease|Win32.Build.0 = StaticRelease|Win32
		{34FCFBF1-E922-4FDC-BC83-B3C04623E8C2}.StaticRelease|x64.ActiveCfg = StaticRelease|x64
		{34FCFBF1-E922-4FDC-BC83-B3C04623E8C2}.StaticRelease|x64.Build.0 = StaticRelease|x64
		{E2D7833B-9B59-4826-BBDF-C27019771984}.ASanStaticDebug|ARM64.ActiveCfg = ASanStaticDebug|ARM64
		{E2D7833B-9B59-4826-BBDF-C27019771984}.ASanStaticDebug|ARM64.Build.0 = ASanStaticDebug|ARM64
		{E2D7833B-9B59-4826-BBDF-C27019771984}.ASanStaticDebug|Win32.ActiveCfg = ASanStaticDebug|Win32
		{E2D7833B-9B59-4826-BBDF-C27019771984}.ASanStaticDebug|Win32.Build.0 = ASanStaticDebug|Win32
		{E2D7833B-9B59-4826-BBDF-C27019771984}.ASanStaticDebug|x64.ActiveCfg = ASanStaticDebug|x64
		{E2D7833B-9B59-4826-BBDF-C27019771984}.ASanStaticDebug|x64.Build.0 = ASanStaticDebug|x64
		{E2D7833B-9B59-4826-BBDF-C27019771984}.Debug|ARM64.ActiveCfg = Debug|ARM64
		{E2D7833B-9B59-4826-BBDF-C27019771984}.Debug|ARM64.Build.0 = Debug|ARM64
		{E2D7833B-9B59-4826-BBDF-C27019771984}.Debug|Win32.ActiveCfg = Debug|Win32
		{E2D7833B-9B59-4826-BBDF-C27019771984}.Debug|Win32.Build.0 = Debug|Win32
		{E2D7833B-9B59-4826-BBDF-C27019771984}.Debug|x64.ActiveCfg = Debug|x64
		{E2D7833B-9B59-4826-BBDF-C27019771984}.Debug|x64.Build.0 = Debug|x64
		{E2D7833B-9B59-4826-BBDF-C27019771984}.Release|ARM64.ActiveCfg = Release|ARM64
		{E2D7833B-9B59-4826-BBDF-C27019771984}.Release|ARM64.Build.0 = Release|ARM64
		{E2D7833B-9B59-4826-BBDF-C27019771984}.Release|Win32.ActiveCfg = Release|Win32
		{E2D7833B-9B59-4826-BBDF-C27019771984}.Release|Win32.Build.0 = Release|Win32
		{E2D7833B-9B59-4826-BBDF-C27019771984}.Release|x64.ActiveCfg = Release|x64
		{E2D7833B-9B59-4826-BBDF-C27019771984}.Release|x64.Build.0 = Release|x64
		{E2D7833B-9B59-4826-BBDF-C27019771984}.StaticDebug|ARM64.ActiveCfg = StaticDebug|ARM64
		{E2D7833B-9B59-4826-BBDF-C27019771984}.StaticDebug|ARM64.Build.0 = StaticDebug|ARM64
		{E2D7833B-9B59-4826-BBDF-C27019771984}.StaticDebug|Win32.ActiveCfg = StaticDebug|Win32
		{E2D7833B-9B59-4826-BBDF-C27019771984}.StaticDebug|Win32.Build.0 = StaticDebug|Win32
		{E2D7833B-9B59-4826-BBDF-C27019771984}.StaticDebug|x64.ActiveCfg = StaticDebug|x64
		{E2D7833B-9B59-4826-BBDF-C27019771984}.StaticDebug|x64.Build.0 = StaticDebug|x64
		{E2D7833B-9B59-4826-BBDF-C27019771984}.StaticRelease|ARM64.ActiveCfg = StaticRelease|ARM64
		{E2D7833B-9B59-4826-BBDF-C27019771984}.StaticRelease|ARM64.Build.0 = StaticRelease|ARM64
		{E2D7833B-9B59-4826-BBDF-C27019771984}.StaticRelease|Win32.ActiveCfg = StaticRelease|Win32
		{E2D7833B-9B59-4826-BBDF-C27019771984}.StaticRelease|Win32.Build.0 = StaticRelease|Win32
		{E2D7833B-9B59-4826-BBDF-C27019771984}.StaticRelease|x64.ActiveCfg = StaticRelease|x64
		{E2D7833B-9B59-4826-BBDF-C27019771984}.StaticRelease|x64.Build.0 = StaticRelease|x64
		{424F72D6-053A-41C5-BE03-3B0BD535F1EB}.ASanStaticDebug|ARM64.ActiveCfg = ASanStaticDebug|ARM64
		{424F72D6-053A-41C5-BE03-3B0BD535F1EB}.ASanStaticDebug|ARM64.Build.0 = ASanStaticDebug|ARM64
		{424F72D6-053A-41C5-BE03-3B0BD535F1EB}.ASanStaticDebug|Win32.ActiveCfg = ASanStaticDebug|Win32
		{424F72D6-053A-41C5-BE03-3B0BD535F1EB}.ASanStaticDebug|Win32.Build.0 = ASanStaticDebug|Win32
		{424F72D6-053A-41C5-BE03-3B0BD535F1EB}.ASanStaticDebug|x64.ActiveCfg = ASanStaticDebug|x64
		{424F72D6-053A-41C5-BE03-3B0BD535F1EB}.ASanStaticDebug|x64.Build.0 = ASanStaticDebug|x64
		{424F72D6-053A-41C5-BE03-3B0BD535F1EB}.Debug|ARM64.ActiveCfg = Debug|ARM64
		{424F72D6-053A-41C5-BE03-3B0BD535F1EB}.Debug|ARM64.Build.0 = Debug|ARM64
		{424F72D6-053A-41C5-BE03-3B0BD535F1EB}.Debug|Win32.ActiveCfg = Debug|Win32
		{424F72D6-053A-41C5-BE03-3B0BD535F1EB}.Debug|Win32.Build.0 = Debug|Win32
		{424F72D6-053A-41C5-BE03-3B0BD535F1EB}.Debug|x64.ActiveCfg = Debug|x64
		{424F72D6-053A-41C5-BE03-3B0BD535F1EB}.Debug|x64.Build.0 = Debug|x64
		{424F72D6-053A-41C5-BE03-3B0BD535F1EB}.Release|ARM64.ActiveCfg = Release|ARM64
		{424F72D6-053A-41C5-BE03-3B0BD535F1EB}.Release|ARM64.Build.0 = Release|ARM64
		{424F72D6-053A-41C5-BE03-3B0BD535F1EB}.Release|Win32.ActiveCfg = Release|Win32
		{424F72D6-053A-41C5-BE03-3B0BD535F1EB}.Release|Win32.Build.0 = Release|Win32
		{424F72D6-053A-41C5-BE03-3B0BD535F1EB}.Release|x64.ActiveCfg = Release|x64
		{424F72D6-053A-41C5-BE03-3B0BD535F1EB}.Release|x64.Build.0 = Release|x64
		{424F72D6-053A-41C5-BE03-3B0BD535F1EB}.StaticDebug|ARM64.ActiveCfg = StaticDebug|ARM64
		{424F72D6-053A-41C5-BE03-3B0BD535F1EB}.StaticDebug|ARM64.Build.0 = StaticDebug|ARM64
		{424F72D6-053A-41C5-BE03-3B0BD535F1EB}.StaticDebug|Win32.ActiveCfg = StaticDebug|Win32
		{424F72D6-053A-41C5-BE03-3B0BD535F1EB}.StaticDebug|Win32.Build.0 = StaticDebug|Win32
		{424F72D6-053A-41C5-BE03-3B0BD535F1EB}.StaticDebug|x64.ActiveCfg = StaticDebug|x64
		{424F72D6-053A-41C5-BE03-3B0BD535F1EB}.StaticDebug|x64.Build.0 = StaticDebug|x64
		{424F72D6-053A-41C5-BE03-3B0BD535F1EB}.StaticRelease|ARM64.ActiveCfg = StaticRelease|ARM64
		{424F72D6-053A-41C5-BE03-3B0BD535F1EB}.StaticRelease|ARM64.Build.0 = StaticRelease|ARM64
		{424F72D6-053A-41C5-BE03-3B0BD535F1EB}.StaticRelease|Win32.ActiveCfg = StaticRelease|Win32
		{424F72D6-053A-41C5-BE03-3B0BD535F1EB}.StaticRelease|Win32.Build.0 = StaticRelease|Win32
		{424F72D6-053A-41C5-BE03-3B0BD535F1EB}.StaticRelease|x64.ActiveCfg = StaticRelease|x64
		{424F72D6-053A-41C5-BE03-3B0BD535F1EB}.StaticRelease|x64.Build.0 = StaticRelease|x64
		{78B079BD-9FC7-4B9E-B4A6-96DA0F00248B}.ASanStaticDebug|ARM64.ActiveCfg = ASanStaticDebug|ARM64
		{78B079BD-9FC7-4B9E-B4A6-96DA0F00248B}.ASanStaticDebug|ARM64.Build.0 = ASanStaticDebug|ARM64
		{78B079BD-9FC7-4B9E-B4A6-96DA0F00248B}.ASanStaticDebug|Win32.ActiveCfg = ASanStaticDebug|Win32
		{78B079BD-9FC7-4B9E-B4A6-96DA0F00248B}.ASanStaticDebug|Win32.Build.0 = ASanStaticDebug|Win32
		{78B079BD-9FC7-4B9E-B4A6-96DA0F00248B}.ASanStaticDebug|x64.ActiveCfg = ASanStaticDebug|x64
		{78B079BD-9FC7-4B9E-B4A6-96DA0F00248B}.ASanStaticDebug|x64.Build.0 = ASanStaticDebug|x64
		{78B079BD-9FC7-4B9E-B4A6-96DA0F00248B}.Debug|ARM64.ActiveCfg = Debug|ARM64
		{78B079BD-9FC7-4B9E-B4A6-96DA0F00248B}.Debug|ARM64.Build.0 = Debug|ARM64
		{78B079BD-9FC7-4B9E-B4A6-96DA0F00248B}.Debug|Win32.ActiveCfg = Debug|Win32
		{78B079BD-9FC7-4B9E-B4A6-96DA0F00248B}.Debug|Win32.Build.0 = Debug|Win32
		{78B079BD-9FC7-4B9E-B4A6-96DA0F00248B}.Debug|x64.ActiveCfg = Debug|x64
		{78B079BD-9FC7-4B9E-B4A6-96DA0F00248B}.Debug|x64.Build.0 = Debug|x64
		{78B079BD-9FC7-4B9E-B4A6-96DA0F00248B}.Release|ARM64.ActiveCfg = Release|ARM64
		{78B079BD-9FC7-4B9E-B4A6-96DA0F00248B}.Release|ARM64.Build.0 = Release|ARM64
		{78B079BD-9FC7-4B9E-B4A6-96DA0F00248B}.Release|Win32.ActiveCfg = Release|Win32
		{78B079BD-9FC7-4B9E-B4A6-96DA0F00248B}.Release|Win32.Build.0 = Release|Win32
		{78B079BD-9FC7-4B9E-B4A6-96DA0F00248B}.Release|x64.ActiveCfg = Release|x64
		{78B079BD-9FC7-4B9E-B4A6-96DA0F00248B}.Release|x64.Build.0 = Release|x64
		{78B079BD-9FC7-4B9E-B4A6-96DA0F00248B}.StaticDebug|ARM64.ActiveCfg = StaticDebug|ARM64
		{78B079BD-9FC7-4B9E-B4A6-96DA0F00248B}.StaticDebug|ARM64.Build.0 = StaticDebug|ARM64
		{78B079BD-9FC7-4B9E-B4A6-96DA0F00248B}.StaticDebug|Win32.ActiveCfg = StaticDebug|Win32
		{78B079BD-9FC7-4B9E-B4A6-96DA0F00248B}.StaticDebug|Win32.Build.0 = StaticDebug|Win32
		{78B079BD-9FC7-4B9E-B4A6-96DA0F00248B}.StaticDebug|x64.ActiveCfg = StaticDebug|x64
		{78B079BD-9FC7-4B9E-B4A6-96DA0F00248B}.StaticDebug|x64.Build.0 = StaticDebug|x64
		{78B079BD-9FC7-4B9E-B4A6-96DA0F00248B}.StaticRelease|ARM64.ActiveCfg = StaticRelease|ARM64
		{78B079BD-9FC7-4B9E-B4A6-96DA0F00248B}.StaticRelease|ARM64.Build.0 = StaticRelease|ARM64
		{78B079BD-9FC7-4B9E-B4A6-96DA0F00248B}.StaticRelease|Win32.ActiveCfg = StaticRelease|Win32
		{78B079BD-9FC7-4B9E-B4A6-96DA0F00248B}.StaticRelease|Win32.Build.0 = StaticRelease|Win32
		{78B079BD-9FC7-4B9E-B4A6-96DA0F00248B}.StaticRelease|x64.ActiveCfg = StaticRelease|x64
		{78B079BD-9FC7-4B9E-B4A6-96DA0F00248B}.StaticRelease|x64.Build.0 = StaticRelease|x64
		{0A298E22-839B-4D11-B5A7-456EAD013C11}.ASanStaticDebug|ARM64.ActiveCfg = ASanStaticDebug|ARM64
		{0A298E22-839B-4D11-B5A7-456EAD013C11}.ASanStaticDebug|ARM64.Build.0 = ASanStaticDebug|ARM64
		{0A298E22-839B-4D11-B5A7-456EAD013C11}.ASanStaticDebug|Win32.ActiveCfg = ASanStaticDebug|Win32
		{0A298E22-839B-4D11-B5A7-456EAD013C11}.ASanStaticDebug|Win32.Build.0 = ASanStaticDebug|Win32
		{0A298E22-839B-4D11-B5A7-456EAD013C11}.ASanStaticDebug|x64.ActiveCfg = ASanStaticDebug|x64
		{0A298E22-839B-4D11-B5A7-456EAD013C11}.ASanStaticDebug|x64.Build.0 = ASanStaticDebug|x64
		{0A298E22-839B-4D11-B5A7-456EAD013C11}.Debug|ARM64.ActiveCfg = Debug|ARM64
		{0A298E22-839B-4D11-B5A7-456EAD013C11}.Debug|ARM64.Build.0 = Debug|ARM64
		{0A298E22-839B-4D11-B5A7-456EAD013C11}.Debug|Win32.ActiveCfg = Debug|Win32
		{0A298E22-839B-4D11-B5A7-456EAD013C11}.Debug|Win32.Build.0 = Debug|Win32
		{0A298E22-839B-4D11-B5A7-456EAD013C11}.Debug|x64.ActiveCfg = Debug|x64
		{0A298E22-839B-4D11-B5A7-456EAD013C11}.Debug|x64.Build.0 = Debug|x64
		{0A298E22-839B-4D11-B5A7-456EAD013C11}.Release|ARM64.ActiveCfg = Release|ARM64
		{0A298E22-839B-4D11-B5A7-456EAD013C11}.Release|ARM64.Build.0 = Release|ARM64
		{0A298E22-839B-4D11-B5A7-456EAD013C11}.Release|Win32.ActiveCfg = Release|Win32
		{0A298E22-839B-4D11-B5A7-456EAD013C11}.Release|Win32.Build.0 = Release|Win32
		{0A298E22-839B-4D11-B5A7-456EAD013C11}.Release|x64.ActiveCfg = Release|x64
		{0A298E22-839B-4D11-B5A7-456EAD013C11}.Release|x64.Build.0 = Release|x64
		{0A298E22-839B-4D11-B5A7-456EAD013C11}.StaticDebug|ARM64.ActiveCfg = StaticDebug|ARM64
		{0A298E22-839B-4D11-B5A7-456EAD013C11}.StaticDebug|ARM64.Build.0 = StaticDebug|ARM64
		{0A298E22-839B-4D11-B5A7-456EAD013C11}.StaticDebug|Win32.ActiveCfg = StaticDebug|Win32
		{0A298E22-839B-4D11-B5A7-456EAD013C11}.StaticDebug|Win32.Build.0 = StaticDebug|Win32
		{0A298E22-839B-4D11-B5A7-456EAD013C11}.StaticDebug|x64.ActiveCfg = StaticDebug|x64
		{0A298E22-839B-4D11-B5A7-456EAD013C11}.StaticDebug|x64.Build.0 = StaticDebug|x64
		{0A298E22-839B-4D11-B5A7-456EAD013C11}.StaticRelease|ARM64.ActiveCfg = StaticRelease|ARM64
		{0A298E22-839B-4D11-B5A7-456EAD013C11}.StaticRelease|ARM64.Build.0 = StaticRelease|ARM64
		{0A298E22-839B-4D11-B5A7-456EAD013C11}.StaticRelease|Win32.ActiveCfg = StaticRelease|Win32
		{0A298E22-839B-4D11-B5A7-456EAD013C11}.StaticRelease|Win32.Build.0 = StaticRelease|Win32
		{0A298E22-839B-4D11-B5A7-456EAD013C11}.StaticRelease|x64.ActiveCfg = StaticRelease|x64
		{0A298E22-839B-4D11-B5A7-456EAD013C11}.StaticRelease|x64.Build.0 = StaticRelease|x64
		{67CAA87B-7CF1-4F93-BB67-21C513F40803}.ASanStaticDebug|ARM64.ActiveCfg = ASanStaticDebug|ARM64
		{67CAA87B-7CF1-4F93-BB67-21C513F40803}.ASanStaticDebug|ARM64.Build.0 = ASanStaticDebug|ARM64
		{67CAA87B-7CF1-4F93-BB67-21C513F40803}.ASanStaticDebug|Win32.ActiveCfg = ASanStaticDebug|Win32
		{67CAA87B-7CF1-4F93-BB67-21C513F40803}.ASanStaticDebug|Win32.Build.0 = ASanStaticDebug|Win32
		{67CAA87B-7CF1-4F93-BB67-21C513F40803}.ASanStaticDebug|x64.ActiveCfg = ASanStaticDebug|x64
		{67CAA87B-7CF1-4F93-BB67-21C513F40803}.ASanStaticDebug|x64.Build.0 = ASanStaticDebug|x64
		{67CAA87B-7CF1-4F93-BB67-21C513F40803}.Debug|ARM64.ActiveCfg = Debug|ARM64
		{67CAA87B-7CF1-4F93-BB67-21C513F40803}.Debug|ARM64.Build.0 = Debug|ARM64
		{67CAA87B-7CF1-4F93-BB67-21C513F40803}.Debug|Win32.ActiveCfg = Debug|Win32
		{67CAA87B-7CF1-4F93-BB67-21C513F40803}.Debug|Win32.Build.0 = Debug|Win32
		{67CAA87B-7CF1-4F93-BB67-21C513F40803}.Debug|x64.ActiveCfg = Debug|x64
		{67CAA87B-7CF1-4F93-BB67-21C513F40803}.Debug|x64.Build.0 = Debug|x64
		{67CAA87B-7CF1-4F93-BB67-21C513F40803}.Release|ARM64.ActiveCfg = Release|ARM64
		{67CAA87B-7CF1-4F93-BB67-21C513F40803}.Release|ARM64.Build.0 = Release|ARM64
		{67CAA87B-7CF1-4F93-BB67-21C513F40803}.Release|Win32.ActiveCfg = Release|Win32
		{67CAA87B-7CF1-4F93-BB67-21C513F40803}.Release|Win32.Build.0 = Release|Win32
		{67CAA87B-7CF1-4F93-BB67-21C513F40803}.Release|x64.ActiveCfg = Release|x64
		{67CAA87B-7CF1-4F93-BB67-21C513F40803}.Release|x64.Build.0 = Release|x64
		{67CAA87B-7CF1-4F93-BB67-21C513F40803}.StaticDebug|ARM64.ActiveCfg = StaticDebug|ARM64
		{67CAA87B-7CF1-4F93-BB67-21C513F40803}.StaticDebug|ARM64.Build.0 = StaticDebug|ARM64
		{67CAA87B-7CF1-4F93-BB67-21C513F40803}.StaticDebug|Win32.ActiveCfg = StaticDebug|Win32
		{67CAA87B-7CF1-4F93-BB67-21C513F40803}.StaticDebug|Win32.Build.0 = StaticDebug|Win32
		{67CAA87B-7CF1-4F93-BB67-21C513F40803}.StaticDebug|x64.ActiveCfg = StaticDebug|x64
		{67CAA87B-7CF1-4F93-BB67-21C513F40803}.StaticDebug|x64.Build.0 = StaticDebug|x64
		{67CAA87B-7CF1-4F93-BB67-21C513F40803}.StaticRelease|ARM64.ActiveCfg = StaticRelease|ARM64
		{67CAA87B-7CF1-4F93-BB67-21C513F40803}.StaticRelease|ARM64.Build.0 = StaticRelease|ARM64
		{67CAA87B-7CF1-4F93-BB67-21C513F40803}.StaticRelease|Win32.ActiveCfg = StaticRelease|Win32
		{67CAA87B-7CF1-4F93-BB67-21C513F40803}.StaticRelease|Win32.Build.0 = StaticRelease|Win32
		{67CAA87B-7CF1-4F93-BB67-21C513F40803}.StaticRelease|x64.ActiveCfg = StaticRelease|x64
		{67CAA87B-7CF1-4F93-BB67-21C513F40803}.StaticRelease|x64.Build.0 = StaticRelease|x64
		{B3660BBE-E160-4BA7-8727-78F964C84291}.ASanStaticDebug|ARM64.ActiveCfg = ASanStaticDebug|ARM64
		{B3660BBE-E160-4BA7-8727-78F964C84291}.ASanStaticDebug|ARM64.Build.0 = ASanStaticDebug|ARM64
		{B3660BBE-E160-4BA7-8727-78F964C84291}.ASanStaticDebug|Win32.ActiveCfg = ASanStaticDebug|Win32
		{B3660BBE-E160-4BA7-8727-78F964C84291}.ASanStaticDebug|Win32.Build.0 = ASanStaticDebug|Win32
		{B3660BBE-E160-4BA7-8727-78F964C84291}.ASanStaticDebug|x64.ActiveCfg = ASanStaticDebug|x64
		{B3660BBE-E160-4BA7-8727-78F964C84291}.ASanStaticDebug|x64.Build.0 = ASanStaticDebug|x64
		{B3660BBE-E160-4BA7-8727-78F964C84291}.Debug|ARM64.ActiveCfg = Debug|ARM64
		{B3660BBE-E160-4BA7-8727-78F964C84291}.Debug|ARM64.Build.0 = Debug|ARM64
		{B3660BBE-E160-4BA7-8727-78F964C84291}.Debug|Win32.ActiveCfg = Debug|Win32
		{B3660BBE-E160-4BA7-8727-78F964C84291}.Debug|Win32.Build.0 = Debug|Win32
		{B3660BBE-E160-4BA7-8727-78F964C84291}.Debug|x64.ActiveCfg = Debug|x64
		{B3660BBE-E160-4BA7-8727-78F964C84291}.Debug|x64.Build.0 = Debug|x64
		{B3660BBE-E160-4BA7-8727-78F964C84291}.Release|ARM64.ActiveCfg = Release|ARM64
		{B3660BBE-E160-4BA7-8727-78F964C84291}.Release|ARM64.Build.0 = Release|ARM64
		{B3660BBE-E160-4BA7-8727-78F964C84291}.Release|Win32.ActiveCfg = Release|Win32
		{B3660BBE-E160-4BA7-8727-78F964C84291}.Release|Win32.Build.0 = Release|Win32
		{B3660BBE-E160-4BA7-8727-78F964C84291}.Release|x64.ActiveCfg = Release|x64
		{B3660BBE-E160-4BA7-8727-78F964C84291}.Release|x64.Build.0 = Release|x64
		{B3660BBE-E160-4BA7-8727-78F964C84291}.StaticDebug|ARM64.ActiveCfg = StaticDebug|ARM64
		{B3660BBE-E160-4BA7-8727-78F964C84291}.StaticDebug|ARM64.Build.0 = StaticDebug|ARM64
		{B3660BBE-E160-4BA7-8727-78F964C84291}.StaticDebug|Win32.ActiveCfg = StaticDebug|Win32
		{B3660BBE-E160-4BA7-8727-78F964C84291}.StaticDebug|Win32.Build.0 = StaticDebug|Win32
		{B3660BBE-E160-4BA7-8727-78F964C84291}.StaticDebug|x64.ActiveCfg = StaticDebug|x64
		{B3660BBE-E160-4BA7-8727-78F964C84291}.StaticDebug|x64.Build.0 = StaticDebug|x64
		{B3660BBE-E160-4BA7-8727-78F964C84291}.StaticRelease|ARM64.ActiveCfg = StaticRelease|ARM64
		{B3660BBE-E160-4BA7-8727-78F964C84291}.StaticRelease|ARM64.Build.0 = StaticRelease|ARM64
		{B3660BBE-E160-4BA7-8727-78F964C84291}.StaticRelease|Win32.ActiveCfg = StaticRelease|Win32
		{B3660BBE-E160-4BA7-8727-78F964C84291}.StaticRelease|Win32.Build.0 = StaticRelease|Win32
		{B3660BBE-E160-4BA7-8727-78F964C84291}.StaticRelease|x64.ActiveCfg = StaticRelease|x64
		{B3660BBE-E160-4BA7-8727-78F964C84291}.StaticRelease|x64.Build.0 = StaticRelease|x64
		{554FE0B9-BCBE-49F9-A450-94802C470831}.ASanStaticDebug|ARM64.ActiveCfg = ASanStaticDebug|ARM64
		{554FE0B9-BCBE-49F9-A450-94802C470831}.ASanStaticDebug|ARM64.Build.0 = ASanStaticDebug|ARM64
		{554FE0B9-BCBE-49F9-A450-94802C470831}.ASanStaticDebug|Win32.ActiveCfg = ASanStaticDebug|Win32
		{554FE0B9-BCBE-49F9-A450-94802C470831}.ASanStaticDebug|Win32.Build.0 = ASanStaticDebug|Win32
		{554FE0B9-BCBE-49F9-A450-94802C470831}.ASanStaticDebug|x64.ActiveCfg = ASanStaticDebug|x64
		{554FE0B9-BCBE-49F9-A450-94802C470831}.ASanStaticDebug|x64.Build.0 = ASanStaticDebug|x64
		{554FE0B9-BCBE-49F9-A450-94802C470831}.Debug|ARM64.ActiveCfg = Debug|ARM64
		{554FE0B9-BCBE-49F9-A450-94802C470831}.Debug|ARM64.Build.0 = Debug|ARM64
		{554FE0B9-BCBE-49F9-A450-94802C470831}.Debug|Win32.ActiveCfg = Debug|Win32
		{554FE0B9-BCBE-49F9-A450-94802C470831}.Debug|Win32.Build.0 = Debug|Win32
		{554FE0B9-BCBE-49F9-A450-94802C470831}.Debug|x64.ActiveCfg = Debug|x64
		{554FE0B9-BCBE-49F9-A450-94802C470831}.Debug|x64.Build.0 = Debug|x64
		{554FE0B9-BCBE-49F9-A450-94802C470831}.Release|ARM64.ActiveCfg = Release|ARM64
		{554FE0B9-BCBE-49F9-A450-94802C470831}.Release|ARM64.Build.0 = Release|ARM64
		{554FE0B9-BCBE-49F9-A450-94802C470831}.Release|Win32.ActiveCfg = Release|Win32
		{554FE0B9-BCBE-49F9-A450-94802C470831}.Release|Win32.Build.0 = Release|Win32
		{554FE0B9-BCBE-49F9-A450-94802C470831}.Release|x64.ActiveCfg = Release|x64
		{554FE0B9-BCBE-49F9-A450-94802C470831}.Release|x64.Build.0 = Release|x64
		{554FE0B9-BCBE-49F9-A450-94802C470831}.StaticDebug|ARM64.ActiveCfg = StaticDebug|ARM64
		{554FE0B9-BCBE-49F9-A450-94802C470831}.StaticDebug|ARM64.Build.0 = StaticDebug|ARM64
		{554FE0B9-BCBE-49F9-A450-94802C470831}.StaticDebug|Win32.ActiveCfg = StaticDebug|Win32
		{554FE0B9-BCBE-49F9-A450-94802C470831}.StaticDebug|Win32.Build.0 = StaticDebug|Win32
		{554FE0B9-BCBE-49F9-A450-94802C470831}.StaticDebug|x64.ActiveCfg = StaticDebug|x64
		{554FE0B9-BCBE-49F9-A450-94802C470831}.StaticDebug|x64.Build.0 = StaticDebug|x64
		{554FE0B9-BCBE-49F9-A450-94802C470831}.StaticRelease|ARM64.ActiveCfg = StaticRelease|ARM64
		{554FE0B9-BCBE-49F9-A450-94802C470831}.StaticRelease|ARM64.Build.0 = StaticRelease|ARM64
		{554FE0B9-BCBE-49F9-A450-94802C470831}.StaticRelease|Win32.ActiveCfg = StaticRelease|Win32
		{554FE0B9-BCBE-49F9-A450-94802C470831}.StaticRelease|Win32.Build.0 = StaticRelease|Win32
		{554FE0B9-BCBE-49F9-A450-94802C470831}.StaticRelease|x64.ActiveCfg = StaticRelease|x64
		{554FE0B9-BCBE-49F9-A450-94802C470831}.StaticRelease|x64.Build.0 = StaticRelease|x64
		{E77F1D75-2ADD-44F2-A4D2-2C1D26A60114}.ASanStaticDebug|ARM64.ActiveCfg = ASanStaticDebug|ARM64
		{E77F1D75-2ADD-44F2-A4D2-2C1D26A60114}.ASanStaticDebug|ARM64.Build.0 = ASanStaticDebug|ARM64
		{E77F1D75-2ADD-44F2-A4D2-2C1D26A60114}.ASanStaticDebug|Win32.ActiveCfg = ASanStaticDebug|Win32
		{E77F1D75-2ADD-44F2-A4D2-2C1D26A60114}.ASanStaticDebug|Win32.Build.0 = ASanStaticDebug|Win32
		{E77F1D75-2ADD-44F2-A4D2-2C1D26A60114}.ASanStaticDebug|x64.ActiveCfg = ASanStaticDebug|x64
		{E77F1D75-2ADD-44F2-A4D2-2C1D26A60114}.ASanStaticDebug|x64.Build.0 = ASanStaticDebug|x64
		{E77F1D75-2ADD-44F2-A4D2-2C1D26A60114}.Debug|ARM64.ActiveCfg = Debug|ARM64
		{E77F1D75-2ADD-44F2-A4D2-2C1D26A60114}.Debug|ARM64.Build.0 = Debug|ARM64
		{E77F1D75-2ADD-44F2-A4D2-2C1D26A60114}.Debug|Win32.ActiveCfg = Debug|Win32
		{E77F1D75-2ADD-44F2-A4D2-2C1D26A60114}.Debug|Win32.Build.0 = Debug|Win32
		{E77F1D75-2ADD-44F2-A4D2-2C1D26A60114}.Debug|x64.ActiveCfg = Debug|x64
		{E77F1D75-2ADD-44F2-A4D2-2C1D26A60114}.Debug|x64.Build.0 = Debug|x64
		{E77F1D75-2ADD-44F2-A4D2-2C1D26A60114}.Release|ARM64.ActiveCfg = Release|ARM64
		{E77F1D75-2ADD-44F2-A4D2-2C1D26A60114}.Release|ARM64.Build.0 = Release|ARM64
		{E77F1D75-2ADD-44F2-A4D2-2C1D26A60114}.Release|Win32.ActiveCfg = Release|Win32
		{E77F1D75-2ADD-44F2-A4D2-2C1D26A60114}.Release|Win32.Build.0 = Release|Win32
		{E77F1D75-2ADD-44F2-A4D2-2C1D26A60114}.Release|x64.ActiveCfg = Release|x64
		{E77F1D75-2ADD-44F2-A4D2-2C1D26A60114}.Release|x64.Build.0 = Release|x64
		{E77F1D75-2ADD-44F2-A4D2-2C1D26A60114}.StaticDebug|ARM64.ActiveCfg = StaticDebug|ARM64
		{E77F1D75-2ADD-44F2-A4D2-2C1D26A60114}.StaticDebug|ARM64.Build.0 = StaticDebug|ARM64
		{E77F1D75-2ADD-44F2-A4D2-2C1D26A60114}.StaticDebug|Win32.ActiveCfg = StaticDebug|Win32
		{E77F1D75-2ADD-44F2-A4D2-2C1D26A60114}.StaticDebug|Win32.Build.0 = StaticDebug|Win32
		{E77F1D75-2ADD-44F2-A4D2-2C1D26A60114}.StaticDebug|x64.ActiveCfg = StaticDebug|x64
		{E77F1D75-2ADD-44F2-A4D2-2C1D26A60114}.StaticDebug|x64.Build.0 = StaticDebug|x64
		{E77F1D75-2ADD-44F2-A4D2-2C1D26A60114}.StaticRelease|ARM64.ActiveCfg = StaticRelease|ARM64
		{E77F1D75-2ADD-44F2-A4D2-2C1D26A60114}.StaticRelease|ARM64.Build.0 = StaticRelease|ARM64
		{E77F1D75-2ADD-44F2-A4D2-2C1D26A60114}.StaticRelease|Win32.ActiveCfg = StaticRelease|Win32
		{E77F1D75-2ADD-44F2-A4D2-2C1D26A60114}.StaticRelease|Win32.Build.0 = StaticRelease|Win32
		{E77F1D75-2ADD-44F2-A4D2-2C1D26A60114}.StaticRelease|x64.ActiveCfg = StaticRelease|x64
		{E77F1D75-2ADD-44F2-A4D2-2C1D26A60114}.StaticRelease|x64.Build.0 = StaticRelease|x64
		{20904BC8-943E-4397-98E0-35F98F4789B9}.ASanStaticDebug|ARM64.ActiveCfg = ASanStaticDebug|ARM64
		{20904BC8-943E-4397-98E0-35F98F4789B9}.ASanStaticDebug|ARM64.Build.0 = ASanStaticDebug|ARM64
		{20904BC8-943E-4397-98E0-35F98F4789B9}.ASanStaticDebug|Win32.ActiveCfg = ASanStaticDebug|Win32
		{20904BC8-943E-4397-98E0-35F98F4789B9}.ASanStaticDebug|Win32.Build.0 = ASanStaticDebug|Win32
		{20904BC8-943E-4397-98E0-35F98F4789B9}.ASanStaticDebug|x64.ActiveCfg = ASanStaticDebug|x64
		{20904BC8-943E-4397-98E0-35F98F4789B9}.ASanStaticDebug|x64.Build.0 = ASanStaticDebug|x64
		{20904BC8-943E-4397-98E0-35F98F4789B9}.Debug|ARM64.ActiveCfg = Debug|ARM64
		{20904BC8-943E-4397-98E0-35F98F4789B9}.Debug|ARM64.Build.0 = Debug|ARM64
		{20904BC8-943E-4397-98E0-35F98F4789B9}.Debug|Win32.ActiveCfg = Debug|Win32
		{20904BC8-943E-4397-98E0-35F98F4789B9}.Debug|Win32.Build.0 = Debug|Win32
		{20904BC8-943E-4397-98E0-35F98F4789B9}.Debug|x64.ActiveCfg = Debug|x64
		{20904BC8-943E-4397-98E0-35F98F4789B9}.Debug|x64.Build.0 = Debug|x64
		{20904BC8-943E-4397-98E0-35F98F4789B9}.Release|ARM64.ActiveCfg = Release|ARM64
		{20904BC8-943E-4397-98E0-35F98F4789B9}.Release|ARM64.Build.0 = Release|ARM64
		{20904BC8-943E-4397-98E0-35F98F4789B9}.Release|Win32.ActiveCfg = Release|Win32
		{20904BC8-943E-4397-98E0-35F98F4789B9}.Release|Win32.Build.0 = Release|Win32
		{20904BC8-943E-4397-98E0-35F98F4789B9}.Release|x64.ActiveCfg = Release|x64
		{20904BC8-943E-4397-98E0-35F98F4789B9}.Release|x64.Build.0 = Release|x64
		{20904BC8-943E-4397-98E0-35F98F4789B9}.StaticDebug|ARM64.ActiveCfg = StaticDebug|ARM64
		{20904BC8-943E-4397-98E0-35F98F4789B9}.StaticDebug|ARM64.Build.0 = StaticDebug|ARM64
		{20904BC8-943E-4397-98E0-35F98F4789B9}.StaticDebug|Win32.ActiveCfg = StaticDebug|Win32
		{20904BC8-943E-4397-98E0-35F98F4789B9}.StaticDebug|Win32.Build.0 = StaticDebug|Win32
		{20904BC8-943E-4397-98E0-35F98F4789B9}.StaticDebug|x64.ActiveCfg = StaticDebug|x64
		{20904BC8-943E-4397-98E0-35F98F4789B9}.StaticDebug|x64.Build.0 = StaticDebug|x64
		{20904BC8-943E-4397-98E0-35F98F4789B9}.StaticRelease|ARM64.ActiveCfg = StaticRelease|ARM64
		{20904BC8-943E-4397-98E0-35F98F4789B9}.StaticRelease|ARM64.Build.0 = StaticRelease|ARM64
		{20904BC8-943E-4397-98E0-35F98F4789B9}.StaticRelease|Win32.ActiveCfg = StaticRelease|Win32
		{20904BC8-943E-4397-98E0-35F98F4789B9}.StaticRelease|Win32.Build.0 = StaticRelease|Win32
		{20904BC8-943E-4397-98E0-35F98F4789B9}.StaticRelease|x64.ActiveCfg = StaticRelease|x64
		{20904BC8-943E-4397-98E0-35F98F4789B9}.StaticRelease|x64.Build.0 = StaticRelease|x64
		{7C73E63A-78B3-40C4-87FD-EBF23EA67925}.ASanStaticDebug|ARM64.ActiveCfg = ASanStaticDebug|ARM64
		{7C73E63A-78B3-40C4-87FD-EBF23EA67925}.ASanStaticDebug|ARM64.Build.0 = ASanStaticDebug|ARM64
		{7C73E63A-78B3-40C4-87FD-EBF23EA67925}.ASanStaticDebug|Win32.ActiveCfg = ASanStaticDebug|Win32
		{7C73E63A-78B3-40C4-87FD-EBF23EA67925}.ASanStaticDebug|Win32.Build.0 = ASanStaticDebug|Win32
		{7C73E63A-78B3-40C4-87FD-EBF23EA67925}.ASanStaticDebug|x64.ActiveCfg = ASanStaticDebug|x64
		{7C73E63A-78B3-40C4-87FD-EBF23EA67925}.ASanStaticDebug|x64.Build.0 = ASanStaticDebug|x64
		{7C73E63A-78B3-40C4-87FD-EBF23EA67925}.Debug|ARM64.ActiveCfg = Debug|ARM64
		{7C73E63A-78B3-40C4-87FD-EBF23EA67925}.Debug|ARM64.Build.0 = Debug|ARM64
		{7C73E63A-78B3-40C4-87FD-EBF23EA67925}.Debug|Win32.ActiveCfg = Debug|Win32
		{7C73E63A-78B3-40C4-87FD-EBF23EA67925}.Debug|Win32.Build.0 = Debug|Win32
		{7C73E63A-78B3-40C4-87FD-EBF23EA67925}.Debug|x64.ActiveCfg = Debug|x64
		{7C73E63A-78B3-40C4-87FD-EBF23EA67925}.Debug|x64.Build.0 = Debug|x64
		{7C73E63A-78B3-40C4-87FD-EBF23EA67925}.Release|ARM64.ActiveCfg = Release|ARM64
		{7C73E63A-78B3-40C4-87FD-EBF23EA67925}.Release|ARM64.Build.0 = Release|ARM64
		{7C73E63A-78B3-40C4-87FD-EBF23EA67925}.Release|Win32.ActiveCfg = Release|Win32
		{7C73E63A-78B3-40C4-87FD-EBF23EA67925}.Release|Win32.Build.0 = Release|Win32
		{7C73E63A-78B3-40C4-87FD-EBF23EA67925}.Release|x64.ActiveCfg = Release|x64
		{7C73E63A-78B3-40C4-87FD-EBF23EA67925}.Release|x64.Build.0 = Release|x64
		{7C73E63A-78B3-40C4-87FD-EBF23EA67925}.StaticDebug|ARM64.ActiveCfg = StaticDebug|ARM64
		{7C73E63A-78B3-40C4-87FD-EBF23EA67925}.StaticDebug|ARM64.Build.0 = StaticDebug|ARM64
		{7C73E63A-78B3-40C4-87FD-EBF23EA67925}.StaticDebug|Win32.ActiveCfg = StaticDebug|Win32
		{7C73E63A-78B3-40C4-87FD-EBF23EA67925}.StaticDebug|Win32.Build.0 = StaticDebug|Win32
		{7C73E63A-78B3-40C4-87FD-EBF23EA67925}.StaticDebug|x64.ActiveCfg = StaticDebug|x64
		{7C73E63A-78B3-40C4-87FD-EBF23EA67925}.StaticDebug|x64.Build.0 = StaticDebug|x64
		{7C73E63A-78B3-40C4-87FD-EBF23EA67925}.StaticRelease|ARM64.ActiveCfg = StaticRelease|ARM64
		{7C73E63A-78B3-40C4-87FD-EBF23EA67925}.StaticRelease|ARM64.Build.0 = StaticRelease|ARM64
		{7C73E63A-78B3-40C4-87FD-EBF23EA67925}.StaticRelease|Win32.ActiveCfg = StaticRelease|Win32
		{7C73E63A-78B3-40C4-87FD-EBF23EA67925}.StaticRelease|Win32.Build.0 = StaticRelease|Win32
		{7C73E63A-78B3-40C4-87FD-EBF23EA67925}.StaticRelease|x64.ActiveCfg = StaticRelease|x64
		{7C73E63A-78B3-40C4-87FD-EBF23EA67925}.StaticRelease|x64.Build.0 = StaticRelease|x64
		{7CFB99A0-47A8-4485-BEFF-3D0104D66509}.ASanStaticDebug|ARM64.ActiveCfg = ASanStaticDebug|ARM64
		{7CFB99A0-47A8-4485-BEFF-3D0104D66509}.ASanStaticDebug|ARM64.Build.0 = ASanStaticDebug|ARM64
		{7CFB99A0-47A8-4485-BEFF-3D0104D66509}.ASanStaticDebug|Win32.ActiveCfg = ASanStaticDebug|Win32
		{7CFB99A0-47A8-4485-BEFF-3D0104D66509}.ASanStaticDebug|Win32.Build.0 = ASanStaticDebug|Win32
		{7CFB99A0-47A8-4485-BEFF-3D0104D66509}.ASanStaticDebug|x64.ActiveCfg = ASanStaticDebug|x64
		{7CFB99A0-47A8-4485-BEFF-3D0104D66509}.ASanStaticDebug|x64.Build.0 = ASanStaticDebug|x64
		{7CFB99A0-47A8-4485-BEFF-3D0104D66509}.Debug|ARM64.ActiveCfg = Debug|ARM64
		{7CFB99A0-47A8-4485-BEFF-3D0104D66509}.Debug|ARM64.Build.0 = Debug|ARM64
		{7CFB99A0-47A8-4485-BEFF-3D0104D66509}.Debug|Win32.ActiveCfg = Debug|Win32
		{7CFB99A0-47A8-4485-BEFF-3D0104D66509}.Debug|Win32.Build.0 = Debug|Win32
		{7CFB99A0-47A8-4485-BEFF-3D0104D66509}.Debug|x64.ActiveCfg = Debug|x64
		{7CFB99A0-47A8-4485-BEFF-3D0104D66509}.Debug|x64.Build.0 = Debug|x64
		{7CFB99A0-47A8-4485-BEFF-3D0104D66509}.Release|ARM64.ActiveCfg = Release|ARM64
		{7CFB99A0-47A8-4485-BEFF-3D0104D66509}.Release|ARM64.Build.0 = Release|ARM64
		{7CFB99A0-47A8-4485-BEFF-3D0104D66509}.Release|Win32.ActiveCfg = Release|Win32
		{7CFB99A0-47A8-4485-BEFF-3D0104D66509}.Release|Win32.Build.0 = Release|Win32
		{7CFB99A0-47A8-4485-BEFF-3D0104D66509}.Release|x64.ActiveCfg = Release|x64
		{7CFB99A0-47A8-4485-BEFF-3D0104D66509}.Release|x64.Build.0 = Release|x64
		{7CFB99A0-47A8-4485-BEFF-3D0104D66509}.StaticDebug|ARM64.ActiveCfg = StaticDebug|ARM64
		{7CFB99A0-47A8-4485-BEFF-3D0104D66509}.StaticDebug|ARM64.Build.0 = StaticDebug|ARM64
		{7CFB99A0-47A8-4485-BEFF-3D0104D66509}.StaticDebug|Win32.ActiveCfg = StaticDebug|Win32
		{7CFB99A0-47A8-4485-BEFF-3D0104D66509}.StaticDebug|Win32.Build.0 = StaticDebug|Win32
		{7CFB99A0-47A8-4485-BEFF-3D0104D66509}.StaticDebug|x64.ActiveCfg = StaticDebug|x64
		{7CFB99A0-47A8-4485-BEFF-3D0104D66509}.StaticDebug|x64.Build.0 = StaticDebug|x64
		{7CFB99A0-47A8-4485-BEFF-3D0104D66509}.StaticRelease|ARM64.ActiveCfg = StaticRelease|ARM64
		{7CFB99A0-47A8-4485-BEFF-3D0104D66509}.StaticRelease|ARM64.Build.0 = StaticRelease|ARM64
		{7CFB99A0-47A8-4485-BEFF-3D0104D66509}.StaticRelease|Win32.ActiveCfg = StaticRelease|Win32
		{7CFB99A0-47A8-4485-BEFF-3D0104D66509}.StaticRelease|Win32.Build.0 = StaticRelease|Win32
		{7CFB99A0-47A8-4485-BEFF-3D0104D66509}.StaticRelease|x64.ActiveCfg = StaticRelease|x64
		{7CFB99A0-47A8-4485-BEFF-3D0104D66509}.StaticRelease|x64.Build.0 = StaticRelease|x64
		{927FC43B-3E6F-4851-AF50-5A20ABC97F73}.ASanStaticDebug|ARM64.ActiveCfg = ASanStaticDebug|ARM64
		{927FC43B-3E6F-4851-AF50-5A20ABC97F73}.ASanStaticDebug|ARM64.Build.0 = ASanStaticDebug|ARM64
		{927FC43B-3E6F-4851-AF50-5A20ABC97F73}.ASanStaticDebug|Win32.ActiveCfg = ASanStaticDebug|Win32
		{927FC43B-3E6F-4851-AF50-5A20ABC97F73}.ASanStaticDebug|Win32.Build.0 = ASanStaticDebug|Win32
		{927FC43B-3E6F-4851-AF50-5A20ABC97F73}.ASanStaticDebug|x64.ActiveCfg = ASanStaticDebug|x64
		{927FC43B-3E6F-4851-AF50-5A20ABC97F73}.ASanStaticDebug|x64.Build.0 = ASanStaticDebug|x64
		{927FC43B-3E6F-4851-AF50-5A20ABC97F73}.Debug|ARM64.ActiveCfg = Debug|ARM64
		{927FC43B-3E6F-4851-AF50-5A20ABC97F73}.Debug|ARM64.Build.0 = Debug|ARM64
		{927FC43B-3E6F-4851-AF50-5A20ABC97F73}.Debug|Win32.ActiveCfg = Debug|Win32
		{927FC43B-3E6F-4851-AF50-5A20ABC97F73}.Debug|Win32.Build.0 = Debug|Win32
		{927FC43B-3E6F-4851-AF50-5A20ABC97F73}.Debug|x64.ActiveCfg = Debug|x64
		{927FC43B-3E6F-4851-AF50-5A20ABC97F73}.Debug|x64.Build.0 = Debug|x64
		{927FC43B-3E6F-4851-AF50-5A20ABC97F73}.Release|ARM64.ActiveCfg = Release|ARM64
		{927FC43B-3E6F-4851-AF50-5A20ABC97F73}.Release|ARM64.Build.0 = Release|ARM64
		{927FC43B-3E6F-4851-AF50-5A20ABC97F73}.Release|Win32.ActiveCfg = Release|Win32
		{927FC43B-3E6F-4851-AF50-5A20ABC97F73}.Release|Win32.Build.0 = Release|Win32
		{927FC43B-3E6F-4851-AF50-5A20ABC97F73}.Release|x64.ActiveCfg = Release|x64
		{927FC43B-3E6F-4851-AF50-5A20ABC97F73}.Release|x64.Build.0 = Release|x64
		{927FC43B-3E6F-4851-AF50-5A20ABC97F73}.StaticDebug|ARM64.ActiveCfg = StaticDebug|ARM64
		{927FC43B-3E6F-4851-AF50-5A20ABC97F73}.StaticDebug|ARM64.Build.0 = StaticDebug|ARM64
		{927FC43B-3E6F-4851-AF50-5A20ABC97F73}.StaticDebug|Win32.ActiveCfg = StaticDebug|Win32
		{927FC43B-3E6F-4851-AF50-5A20ABC97F73}.StaticDebug|Win32.Build.0 = StaticDebug|Win32
		{927FC43B-3E6F-4851-AF50-5A20ABC97F73}.StaticDebug|x64.ActiveCfg = StaticDebug|x64
		{927FC43B-3E6F-4851-AF50-5A20ABC97F73}.StaticDebug|x64.Build.0 = StaticDebug|x64
		{927FC43B-3E6F-4851-AF50-5A20ABC97F73}.StaticRelease|ARM64.ActiveCfg = StaticRelease|ARM64
		{927FC43B-3E6F-4851-AF50-5A20ABC97F73}.StaticRelease|ARM64.Build.0 = StaticRelease|ARM64
		{927FC43B-3E6F-4851-AF50-5A20ABC97F73}.StaticRelease|Win32.ActiveCfg = StaticRelease|Win32
		{927FC43B-3E6F-4851-AF50-5A20ABC97F73}.StaticRelease|Win32.Build.0 = StaticRelease|Win32
		{927FC43B-3E6F-4851-AF50-5A20ABC97F73}.StaticRelease|x64.ActiveCfg = StaticRelease|x64
		{927FC43B-3E6F-4851-AF50-5A20ABC97F73}.StaticRelease|x64.Build.0 = StaticRelease|x64
		{07F662C1-1323-42AB-B6AF-FBFD34A7437A}.ASanStaticDebug|ARM64.ActiveCfg = ASanStaticDebug|ARM64
		{07F662C1-1323-42AB-B6AF-FBFD34A7437A}.ASanStaticDebug|ARM64.Build.0 = ASanStaticDebug|ARM64
		{07F662C1-1323-42AB-B6AF-FBFD34A7437A}.ASanStaticDebug|Win32.ActiveCfg = ASanStaticDebug|Win32
		{07F662C1-1323-42AB-B6AF-FBFD34A7437A}.ASanStaticDebug|Win32.Build.0 = ASanStaticDebug|Win32
		{07F662C1-1323-42AB-B6AF-FBFD34A7437A}.ASanStaticDebug|x64.ActiveCfg = ASanStaticDebug|x64
		{07F662C1-1323-42AB-B6AF-FBFD34A7437A}.ASanStaticDebug|x64.Build.0 = ASanStaticDebug|x64
		{07F662C1-1323-42AB-B6AF-FBFD34A7437A}.Debug|ARM64.ActiveCfg = Debug|ARM64
		{07F662C1-1323-42AB-B6AF-FBFD34A7437A}.Debug|ARM64.Build.0 = Debug|ARM64
		{07F662C1-1323-42AB-B6AF-FBFD34A7437A}.Debug|Win32.ActiveCfg = Debug|Win32
		{07F662C1-1323-42AB-B6AF-FBFD34A7437A}.Debug|Win32.Build.0 = Debug|Win32
		{07F662C1-1323-42AB-B6AF-FBFD34A7437A}.Debug|x64.ActiveCfg = Debug|x64
		{07F662C1-1323-42AB-B6AF-FBFD34A7437A}.Debug|x64.Build.0 = Debug|x64
		{07F662C1-1323-42AB-B6AF-FBFD34A7437A}.Release|ARM64.ActiveCfg = Release|ARM64
		{07F662C1-1323-42AB-B6AF-FBFD34A7437A}.Release|ARM64.Build.0 = Release|ARM64
		{07F662C1-1323-42AB-B6AF-FBFD34A7437A}.Release|Win32.ActiveCfg = Release|Win32
		{07F662C1-1323-42AB-B6AF-FBFD34A7437A}.Release|Win32.Build.0 = Release|Win32
		{07F662C1-1323-42AB-B6AF-FBFD34A7437A}.Release|x64.ActiveCfg = Release|x64
		{07F662C1-1323-42AB-B6AF-FBFD34A7437A}.Release|x64.Build.0 = Release|x64
		{07F662C1-1323-42AB-B6AF-FBFD34A7437A}.StaticDebug|ARM64.ActiveCfg = StaticDebug|ARM64
		{07F662C1-1323-42AB-B6AF-FBFD34A7437A}.StaticDebug|ARM64.Build.0 = StaticDebug|ARM64
		{07F662C1-1323-42AB-B6AF-FBFD34A7437A}.StaticDebug|Win32.ActiveCfg = StaticDebug|Win32
		{07F662C1-1323-42AB-B6AF-FBFD34A7437A}.StaticDebug|Win32.Build.0 = StaticDebug|Win32
		{07F662C1-1323-42AB-B6AF-FBFD34A7437A}.StaticDebug|x64.ActiveCfg = StaticDebug|x64
		{07F662C1-1323-42AB-B6AF-FBFD34A7437A}.StaticDebug|x64.Build.0 = StaticDebug|x64
		{07F662C1-1323-42AB-B6AF-FBFD34A7437A}.StaticRelease|ARM64.ActiveCfg = StaticRelease|ARM64
		{07F662C1-1323-42AB-B6AF-FBFD34A7437A}.StaticRelease|ARM64.Build.0 = StaticRelease|ARM64
		{07F662C1-1323-42AB-B6AF-FBFD34A7437A}.StaticRelease|Win32.ActiveCfg = StaticRelease|Win32
		{07F662C1-1323-42AB-B6AF-FBFD34A7437A}.StaticRelease|Win32.Build.0 = StaticRelease|Win32
		{07F662C1-1323-42AB-B6AF-FBFD34A7437A}.StaticRelease|x64.ActiveCfg = StaticRelease|x64
		{07F662C1-1323-42AB-B6AF-FBFD34A7437A}.StaticRelease|x64.Build.0 = StaticRelease|x64
		{7DB10B50-CE00-4D7A-B322-6824F05D2FCB}.ASanStaticDebug|ARM64.ActiveCfg = ASanStaticDebug|ARM64
		{7DB10B50-CE00-4D7A-B322-6824F05D2FCB}.ASanStaticDebug|ARM64.Build.0 = ASanStaticDebug|ARM64
		{7DB10B50-CE00-4D7A-B322-6824F05D2FCB}.ASanStaticDebug|Win32.ActiveCfg = ASanStaticDebug|Win32
		{7DB10B50-CE00-4D7A-B322-6824F05D2FCB}.ASanStaticDebug|Win32.Build.0 = ASanStaticDebug|Win32
		{7DB10B50-CE00-4D7A-B322-6824F05D2FCB}.ASanStaticDebug|x64.ActiveCfg = ASanStaticDebug|x64
		{7DB10B50-CE00-4D7A-B322-6824F05D2FCB}.ASanStaticDebug|x64.Build.0 = ASanStaticDebug|x64
		{7DB10B50-CE00-4D7A-B322-6824F05D2FCB}.Debug|ARM64.ActiveCfg = Debug|ARM64
		{7DB10B50-CE00-4D7A-B322-6824F05D2FCB}.Debug|ARM64.Build.0 = Debug|ARM64
		{7DB10B50-CE00-4D7A-B322-6824F05D2FCB}.Debug|Win32.ActiveCfg = Debug|Win32
		{7DB10B50-CE00-4D7A-B322-6824F05D2FCB}.Debug|Win32.Build.0 = Debug|Win32
		{7DB10B50-CE00-4D7A-B322-6824F05D2FCB}.Debug|x64.ActiveCfg = Debug|x64
		{7DB10B50-CE00-4D7A-B322-6824F05D2FCB}.Debug|x64.Build.0 = Debug|x64
		{7DB10B50-CE00-4D7A-B322-6824F05D2FCB}.Release|ARM64.ActiveCfg = Release|ARM64
		{7DB10B50-CE00-4D7A-B322-6824F05D2FCB}.Release|ARM64.Build.0 = Release|ARM64
		{7DB10B50-CE00-4D7A-B322-6824F05D2FCB}.Release|Win32.ActiveCfg = Release|Win32
		{7DB10B50-CE00-4D7A-B322-6824F05D2FCB}.Release|Win32.Build.0 = Release|Win32
		{7DB10B50-CE00-4D7A-B322-6824F05D2FCB}.Release|x64.ActiveCfg = Release|x64
		{7DB10B50-CE00-4D7A-B322-6824F05D2FCB}.Release|x64.Build.0 = Release|x64
		{7DB10B50-CE00-4D7A-B322-6824F05D2FCB}.StaticDebug|ARM64.ActiveCfg = StaticDebug|ARM64
		{7DB10B50-CE00-4D7A-B322-6824F05D2FCB}.StaticDebug|ARM64.Build.0 = StaticDebug|ARM64
		{7DB10B50-CE00-4D7A-B322-6824F05D2FCB}.StaticDebug|Win32.ActiveCfg = StaticDebug|Win32
		{7DB10B50-CE00-4D7A-B322-6824F05D2FCB}.StaticDebug|Win32.Build.0 = StaticDebug|Win32
		{7DB10B50-CE00-4D7A-B322-6824F05D2FCB}.StaticDebug|x64.ActiveCfg = StaticDebug|x64
		{7DB10B50-CE00-4D7A-B322-6824F05D2FCB}.StaticDebug|x64.Build.0 = StaticDebug|x64
		{7DB10B50-CE00-4D7A-B322-6824F05D2FCB}.StaticRelease|ARM64.ActiveCfg = StaticRelease|ARM64
		{7DB10B50-CE00-4D7A-B322-6824F05D2FCB}.StaticRelease|ARM64.Build.0 = StaticRelease|ARM64
		{7DB10B50-CE00-4D7A-B322-6824F05D2FCB}.StaticRelease|Win32.ActiveCfg = StaticRelease|Win32
		{7DB10B50-CE00-4D7A-B322-6824F05D2FCB}.StaticRelease|Win32.Build.0 = StaticRelease|Win32
		{7DB10B50-CE00-4D7A-B322-6824F05D2FCB}.StaticRelease|x64.ActiveCfg = StaticRelease|x64
		{7DB10B50-CE00-4D7A-B322-6824F05D2FCB}.StaticRelease|x64.Build.0 = StaticRelease|x64
		{E3536C28-A7F1-4B53-8E52-7D2232F9E098}.ASanStaticDebug|ARM64.ActiveCfg = ASanStaticDebug|ARM64
		{E3536C28-A7F1-4B53-8E52-7D2232F9E098}.ASanStaticDebug|ARM64.Build.0 = ASanStaticDebug|ARM64
		{E3536C28-A7F1-4B53-8E52-7D2232F9E098}.ASanStaticDebug|Win32.ActiveCfg = ASanStaticDebug|Win32
		{E3536C28-A7F1-4B53-8E52-7D2232F9E098}.ASanStaticDebug|Win32.Build.0 = ASanStaticDebug|Win32
		{E3536C28-A7F1-4B53-8E52-7D2232F9E098}.ASanStaticDebug|x64.ActiveCfg = ASanStaticDebug|x64
		{E3536C28-A7F1-4B53-8E52-7D2232F9E098}.ASanStaticDebug|x64.Build.0 = ASanStaticDebug|x64
		{E3536C28-A7F1-4B53-8E52-7D2232F9E098}.Debug|ARM64.ActiveCfg = Debug|ARM64
		{E3536C28-A7F1-4B53-8E52-7D2232F9E098}.Debug|ARM64.Build.0 = Debug|ARM64
		{E3536C28-A7F1-4B53-8E52-7D2232F9E098}.Debug|Win32.ActiveCfg = Debug|Win32
		{E3536C28-A7F1-4B53-8E52-7D2232F9E098}.Debug|Win32.Build.0 = Debug|Win32
		{E3536C28-A7F1-4B53-8E52-7D2232F9E098}.Debug|x64.ActiveCfg = Debug|x64
		{E3536C28-A7F1-4B53-8E52-7D2232F9E098}.Debug|x64.Build.0 = Debug|x64
		{E3536C28-A7F1-4B53-8E52-7D2232F9E098}.Release|ARM64.ActiveCfg = Release|ARM64
		{E3536C28-A7F1-4B53-8E52-7D2232F9E098}.Release|ARM64.Build.0 = Release|ARM64
		{E3536C28-A7F1-4B53-8E52-7D2232F9E098}.Release|Win32.ActiveCfg = Release|Win32
		{E3536C28-A7F1-4B53-8E52-7D2232F9E098}.Release|Win32.Build.0 = Release|Win32
		{E3536C28-A7F1-4B53-8E52-7D2232F9E098}.Release|x64.ActiveCfg = Release|x64
		{E3536C28-A7F1-4B53-8E52-7D2232F9E098}.Release|x64.Build.0 = Release|x64
		{E3536C28-A7F1-4B53-8E52-7D2232F9E098}.StaticDebug|ARM64.ActiveCfg = StaticDebug|ARM64
		{E3536C28-A7F1-4B53-8E52-7D2232F9E098}.StaticDebug|ARM64.Build.0 = StaticDebug|ARM64
		{E3536C28-A7F1-4B53-8E52-7D2232F9E098}.StaticDebug|Win32.ActiveCfg = StaticDebug|Win32
		{E3536C28-A7F1-4B53-8E52-7D2232F9E098}.StaticDebug|Win32.Build.0 = StaticDebug|Win32
		{E3536C28-A7F1-4B53-8E52-7D2232F9E098}.StaticDebug|x64.ActiveCfg = StaticDebug|x64
		{E3536C28-A7F1-4B53-8E52-7D2232F9E098}.StaticDebug|x64.Build.0 = StaticDebug|x64
		{E3536C28-A7F1-4B53-8E52-7D2232F9E098}.StaticRelease|ARM64.ActiveCfg = StaticRelease|ARM64
		{E3536C28-A7F1-4B53-8E52-7D2232F9E098}.StaticRelease|ARM64.Build.0 = StaticRelease|ARM64
		{E3536C28-A7F1-4B53-8E52-7D2232F9E098}.StaticRelease|Win32.ActiveCfg = StaticRelease|Win32
		{E3536C28-A7F1-4B53-8E52-7D2232F9E098}.StaticRelease|Win32.Build.0 = StaticRelease|Win32
		{E3536C28-A7F1-4B53-8E52-7D2232F9E098}.StaticRelease|x64.ActiveCfg = StaticRelease|x64
		{E3536C28-A7F1-4B53-8E52-7D2232F9E098}.StaticRelease|x64.Build.0 = StaticRelease|x64
		{17A4874B-0606-4687-90B6-F91F8CB3B8AF}.ASanStaticDebug|ARM64.ActiveCfg = ASanStaticDebug|ARM64
		{17A4874B-0606-4687-90B6-F91F8CB3B8AF}.ASanStaticDebug|ARM64.Build.0 = ASanStaticDebug|ARM64
		{17A4874B-0606-4687-90B6-F91F8CB3B8AF}.ASanStaticDebug|Win32.ActiveCfg = ASanStaticDebug|Win32
		{17A4874B-0606-4687-90B6-F91F8CB3B8AF}.ASanStaticDebug|Win32.Build.0 = ASanStaticDebug|Win32
		{17A4874B-0606-4687-90B6-F91F8CB3B8AF}.ASanStaticDebug|x64.ActiveCfg = ASanStaticDebug|x64
		{17A4874B-0606-4687-90B6-F91F8CB3B8AF}.ASanStaticDebug|x64.Build.0 = ASanStaticDebug|x64
		{17A4874B-0606-4687-90B6-F91F8CB3B8AF}.Debug|ARM64.ActiveCfg = Debug|ARM64
		{17A4874B-0606-4687-90B6-F91F8CB3B8AF}.Debug|ARM64.Build.0 = Debug|ARM64
		{17A4874B-0606-4687-90B6-F91F8CB3B8AF}.Debug|Win32.ActiveCfg = Debug|Win32
		{17A4874B-0606-4687-90B6-F91F8CB3B8AF}.Debug|Win32.Build.0 = Debug|Win32
		{17A4874B-0606-4687-90B6-F91F8CB3B8AF}.Debug|x64.ActiveCfg = Debug|x64
		{17A4874B-0606-4687-90B6-F91F8CB3B8AF}.Debug|x64.Build.0 = Debug|x64
		{17A4874B-0606-4687-90B6-F91F8CB3B8AF}.Release|ARM64.ActiveCfg = Release|ARM64
		{17A4874B-0606-4687-90B6-F91F8CB3B8AF}.Release|ARM64.Build.0 = Release|ARM64
		{17A4874B-0606-4687-90B6-F91F8CB3B8AF}.Release|Win32.ActiveCfg = Release|Win32
		{17A4874B-0606-4687-90B6-F91F8CB3B8AF}.Release|Win32.Build.0 = Release|Win32
		{17A4874B-0606-4687-90B6-F91F8CB3B8AF}.Release|x64.ActiveCfg = Release|x64
		{17A4874B-0606-4687-90B6-F91F8CB3B8AF}.Release|x64.Build.0 = Release|x64
		{17A4874B-0606-4687-90B6-F91F8CB3B8AF}.StaticDebug|ARM64.ActiveCfg = StaticDebug|ARM64
		{17A4874B-0606-4687-90B6-F91F8CB3B8AF}.StaticDebug|ARM64.Build.0 = StaticDebug|ARM64
		{17A4874B-0606-4687-90B6-F91F8CB3B8AF}.StaticDebug|Win32.ActiveCfg = StaticDebug|Win32
		{17A4874B-0606-4687-90B6-F91F8CB3B8AF}.StaticDebug|Win32.Build.0 = StaticDebug|Win32
		{17A4874B-0606-4687-90B6-F91F8CB3B8AF}.StaticDebug|x64.ActiveCfg = StaticDebug|x64
		{17A4874B-0606-4687-90B6-F91F8CB3B8AF}.StaticDebug|x64.Build.0 = StaticDebug|x64
		{17A4874B-0606-4687-90B6-F91F8CB3B8AF}.StaticRelease|ARM64.ActiveCfg = StaticRelease|ARM64
		{17A4874B-0606-4687-90B6-F91F8CB3B8AF}.StaticRelease|ARM64.Build.0 = StaticRelease|ARM64
		{17A4874B-0606-4687-90B6-F91F8CB3B8AF}.StaticRelease|Win32.ActiveCfg = StaticRelease|Win32
		{17A4874B-0606-4687-90B6-F91F8CB3B8AF}.StaticRelease|Win32.Build.0 = StaticRelease|Win32
		{17A4874B-0606-4687-90B6-F91F8CB3B8AF}.StaticRelease|x64.ActiveCfg = StaticRelease|x64
		{17A4874B-0606-4687-90B6-F91F8CB3B8AF}.StaticRelease|x64.Build.0 = StaticRelease|x64
		{5E1D4E5F-E10C-4BA3-B663-F33014FD21D9}.ASanStaticDebug|ARM64.ActiveCfg = ASanStaticDebug|ARM64
		{5E1D4E5F-E10C-4BA3-B663-F33014FD21D9}.ASanStaticDebug|ARM64.Build.0 = ASanStaticDebug|ARM64
		{5E1D4E5F-E10C-4BA3-B663-F33014FD21D9}.ASanStaticDebug|Win32.ActiveCfg = ASanStaticDebug|Win32
		{5E1D4E5F-E10C-4BA3-B663-F33014FD21D9}.ASanStaticDebug|Win32.Build.0 = ASanStaticDebug|Win32
		{5E1D4E5F-E10C-4BA3-B663-F33014FD21D9}.ASanStaticDebug|x64.ActiveCfg = ASanStaticDebug|x64
		{5E1D4E5F-E10C-4BA3-B663-F33014FD21D9}.ASanStaticDebug|x64.Build.0 = ASanStaticDebug|x64
		{5E1D4E5F-E10C-4BA3-B663-F33014FD21D9}.Debug|ARM64.ActiveCfg = Debug|ARM64
		{5E1D4E5F-E10C-4BA3-B663-F33014FD21D9}.Debug|ARM64.Build.0 = Debug|ARM64
		{5E1D4E5F-E10C-4BA3-B663-F33014FD21D9}.Debug|Win32.ActiveCfg = Debug|Win32
		{5E1D4E5F-E10C-4BA3-B663-F33014FD21D9}.Debug|Win32.Build.0 = Debug|Win32
		{5E1D4E5F-E10C-4BA3-B663-F33014FD21D9}.Debug|x64.ActiveCfg = Debug|x64
		{5E1D4E5F-E10C-4BA3-B663-F33014FD21D9}.Debug|x64.Build.0 = Debug|x64
		{5E1D4E5F-E10C-4BA3-B663-F33014FD21D9}.Release|ARM64.ActiveCfg = Release|ARM64
		{5E1D4E5F-E10C-4BA3-B663-F33014FD21D9}.Release|ARM64.Build.0 = Release|ARM64
		{5E1D4E5F-E10C-4BA3-B663-F33014FD21D9}.Release|Win32.ActiveCfg = Release|Win32
		{5E1D4E5F-E10C-4BA3-B663-F33014FD21D9}.Release|Win32.Build.0 = Release|Win32
		{5E1D4E5F-E10C-4BA3-B663-F33014FD21D9}.Release|x64.ActiveCfg = Release|x64
		{5E1D4E5F-E10C-4BA3-B663-F33014FD21D9}.Release|x64.Build.0 = Release|x64
		{5E1D4E5F-E10C-4BA3-B663-F33014FD21D9}.StaticDebug|ARM64.ActiveCfg = StaticDebug|ARM64
		{5E1D4E5F-E10C-4BA3-B663-F33014FD21D9}.StaticDebug|ARM64.Build.0 = StaticDebug|ARM64
		{5E1D4E5F-E10C-4BA3-B663-F33014FD21D9}.StaticDebug|Win32.ActiveCfg = StaticDebug|Win32
		{5E1D4E5F-E10C-4BA3-B663-F33014FD21D9}.StaticDebug|Win32.Build.0 = StaticDebug|Win32
		{5E1D4E5F-E10C-4BA3-B663-F33014FD21D9}.StaticDebug|x64.ActiveCfg = StaticDebug|x64
		{5E1D4E5F-E10C-4BA3-B663-F33014FD21D9}.StaticDebug|x64.Build.0 = StaticDebug|x64
		{5E1D4E5F-E10C-4BA3-B663-F33014FD21D9}.StaticRelease|ARM64.ActiveCfg = StaticRelease|ARM64
		{5E1D4E5F-E10C-4BA3-B663-F33014FD21D9}.StaticRelease|ARM64.Build.0 = StaticRelease|ARM64
		{5E1D4E5F-E10C-4BA3-B663-F33014FD21D9}.StaticRelease|Win32.ActiveCfg = StaticRelease|Win32
		{5E1D4E5F-E10C-4BA3-B663-F33014FD21D9}.StaticRelease|Win32.Build.0 = StaticRelease|Win32
		{5E1D4E5F-E10C-4BA3-B663-F33014FD21D9}.StaticRelease|x64.ActiveCfg = StaticRelease|x64
		{5E1D4E5F-E10C-4BA3-B663-F33014FD21D9}.StaticRelease|x64.Build.0 = StaticRelease|x64
		{B39ED2B3-D53A-4077-B957-930979A3577D}.ASanStaticDebug|ARM64.ActiveCfg = ASanStaticDebug|ARM64
		{B39ED2B3-D53A-4077-B957-930979A3577D}.ASanStaticDebug|ARM64.Build.0 = ASanStaticDebug|ARM64
		{B39ED2B3-D53A-4077-B957-930979A3577D}.ASanStaticDebug|Win32.ActiveCfg = ASanStaticDebug|Win32
		{B39ED2B3-D53A-4077-B957-930979A3577D}.ASanStaticDebug|Win32.Build.0 = ASanStaticDebug|Win32
		{B39ED2B3-D53A-4077-B957-930979A3577D}.ASanStaticDebug|x64.ActiveCfg = ASanStaticDebug|x64
		{B39ED2B3-D53A-4077-B957-930979A3577D}.ASanStaticDebug|x64.Build.0 = ASanStaticDebug|x64
		{B39ED2B3-D53A-4077-B957-930979A3577D}.Debug|ARM64.ActiveCfg = Debug|ARM64
		{B39ED2B3-D53A-4077-B957-930979A3577D}.Debug|ARM64.Build.0 = Debug|ARM64
		{B39ED2B3-D53A-4077-B957-930979A3577D}.Debug|Win32.ActiveCfg = Debug|Win32
		{B39ED2B3-D53A-4077-B957-930979A3577D}.Debug|Win32.Build.0 = Debug|Win32
		{B39ED2B3-D53A-4077-B957-930979A3577D}.Debug|x64.ActiveCfg = Debug|x64
		{B39ED2B3-D53A-4077-B957-930979A3577D}.Debug|x64.Build.0 = Debug|x64
		{B39ED2B3-D53A-4077-B957-930979A3577D}.Release|ARM64.ActiveCfg = Release|ARM64
		{B39ED2B3-D53A-4077-B957-930979A3577D}.Release|ARM64.Build.0 = Release|ARM64
		{B39ED2B3-D53A-4077-B957-930979A3577D}.Release|Win32.ActiveCfg = Release|Win32
		{B39ED2B3-D53A-4077-B957-930979A3577D}.Release|Win32.Build.0 = Release|Win32
		{B39ED2B3-D53A-4077-B957-930979A3577D}.Release|x64.ActiveCfg = Release|x64
		{B39ED2B3-D53A-4077-B957-930979A3577D}.Release|x64.Build.0 = Release|x64
		{B39ED2B3-D53A-4077-B957-930979A3577D}.StaticDebug|ARM64.ActiveCfg = StaticDebug|ARM64
		{B39ED2B3-D53A-4077-B957-930979A3577D}.StaticDebug|ARM64.Build.0 = StaticDebug|ARM64
		{B39ED2B3-D53A-4077-B957-930979A3577D}.StaticDebug|Win32.ActiveCfg = StaticDebug|Win32
		{B39ED2B3-D53A-4077-B957-930979A3577D}.StaticDebug|Win32.Build.0 = StaticDebug|Win32
		{B39ED2B3-D53A-4077-B957-930979A3577D}.StaticDebug|x64.ActiveCfg = StaticDebug|x64
		{B39ED2B3-D53A-4077-B957-930979A3577D}.StaticDebug|x64.Build.0 = StaticDebug|x64
		{B39ED2B3-D53A-4077-B957-930979A3577D}.StaticRelease|ARM64.ActiveCfg = StaticRelease|ARM64
		{B39ED2B3-D53A-4077-B957-930979A3577D}.StaticRelease|ARM64.Build.0 = StaticRelease|ARM64
		{B39ED2B3-D53A-4077-B957-930979A3577D}.StaticRelease|Win32.ActiveCfg = StaticRelease|Win32
		{B39ED2B3-D53A-4077-B957-930979A3577D}.StaticRelease|Win32.Build.0 = StaticRelease|Win32
		{B39ED2B3-D53A-4077-B957-930979A3577D}.StaticRelease|x64.ActiveCfg = StaticRelease|x64
		{B39ED2B3-D53A-4077-B957-930979A3577D}.StaticRelease|x64.Build.0 = StaticRelease|x64
		{244455E0-5F25-4451-9540-F317883E52A8}.ASanStaticDebug|ARM64.ActiveCfg = ASanStaticDebug|ARM64
		{244455E0-5F25-4451-9540-F317883E52A8}.ASanStaticDebug|ARM64.Build.0 = ASanStaticDebug|ARM64
		{244455E0-5F25-4451-9540-F317883E52A8}.ASanStaticDebug|Win32.ActiveCfg = ASanStaticDebug|Win32
		{244455E0-5F25-4451-9540-F317883E52A8}.ASanStaticDebug|Win32.Build.0 = ASanStaticDebug|Win32
		{244455E0-5F25-4451-9540-F317883E52A8}.ASanStaticDebug|x64.ActiveCfg = ASanStaticDebug|x64
		{244455E0-5F25-4451-9540-F317883E52A8}.ASanStaticDebug|x64.Build.0 = ASanStaticDebug|x64
		{244455E0-5F25-4451-9540-F317883E52A8}.Debug|ARM64.ActiveCfg = Debug|ARM64
		{244455E0-5F25-4451-9540-F317883E52A8}.Debug|ARM64.Build.0 = Debug|ARM64
		{244455E0-5F25-4451-9540-F317883E52A8}.Debug|Win32.ActiveCfg = Debug|Win32
		{244455E0-5F25-4451-9540-F317883E52A8}.Debug|Win32.Build.0 = Debug|Win32
		{244455E0-5F25-4451-9540-F317883E52A8}.Debug|x64.ActiveCfg = Debug|x64
		{244455E0-5F25-4451-9540-F317883E52A8}.Debug|x64.Build.0 = Debug|x64
		{244455E0-5F25-4451-9540-F317883E52A8}.Release|ARM64.ActiveCfg = Release|ARM64
		{244455E0-5F25-4451-9540-F317883E52A8}.Release|ARM64.Build.0 = Release|ARM64
		{244455E0-5F25-4451-9540-F317883E52A8}.Release|Win32.ActiveCfg = Release|Win32
		{244455E0-5F25-4451-9540-F317883E52A8}.Release|Win32.Build.0 = Release|Win32
		{244455E0-5F25-4451-9540-F317883E52A8}.Release|x64.ActiveCfg = Release|x64
		{244455E0-5F25-4451-9540-F317883E52A8}.Release|x64.Build.0 = Release|x64
		{244455E0-5F25-4451-9540-F317883E52A8}.StaticDebug|ARM64.ActiveCfg = StaticDebug|ARM64
		{244455E0-5F25-4451-9540-F317883E52A8}.StaticDebug|ARM64.Build.0 = StaticDebug|ARM64
		{244455E0-5F25-4451-9540-F317883E52A8}.StaticDebug|Win32.ActiveCfg = StaticDebug|Win32
		{244455E0-5F25-4451-9540-F317883E52A8}.StaticDebug|Win32.Build.0 = StaticDebug|Win32
		{244455E0-5F25-4451-9540-F317883E52A8}.StaticDebug|x64.ActiveCfg = StaticDebug|x64
		{244455E0-5F25-4451-9540-F317883E52A8}.StaticDebug|x64.Build.0 = StaticDebug|x64
		{244455E0-5F25-4451-9540-F317883E52A8}.StaticRelease|ARM64.ActiveCfg = StaticRelease|ARM64
		{244455E0-5F25-4451-9540-F317883E52A8}.StaticRelease|ARM64.Build.0 = StaticRelease|ARM64
		{244455E0-5F25-4451-9540-F317883E52A8}.StaticRelease|Win32.ActiveCfg = StaticRelease|Win32
		{244455E0-5F25-4451-9540-F317883E52A8}.StaticRelease|Win32.Build.0 = StaticRelease|Win32
		{244455E0-5F25-4451-9540-F317883E52A8}.StaticRelease|x64.ActiveCfg = StaticRelease|x64
		{244455E0-5F25-4451-9540-F317883E52A8}.StaticRelease|x64.Build.0 = StaticRelease|x64
		{097D9F6C-FD0E-4CBC-9676-009012AAECA8}.ASanStaticDebug|ARM64.ActiveCfg = ASanStaticDebug|ARM64
		{097D9F6C-FD0E-4CBC-9676-009012AAECA8}.ASanStaticDebug|ARM64.Build.0 = ASanStaticDebug|ARM64
		{097D9F6C-FD0E-4CBC-9676-009012AAECA8}.ASanStaticDebug|Win32.ActiveCfg = ASanStaticDebug|Win32
		{097D9F6C-FD0E-4CBC-9676-009012AAECA8}.ASanStaticDebug|Win32.Build.0 = ASanStaticDebug|Win32
		{097D9F6C-FD0E-4CBC-9676-009012AAECA8}.ASanStaticDebug|x64.ActiveCfg = ASanStaticDebug|x64
		{097D9F6C-FD0E-4CBC-9676-009012AAECA8}.ASanStaticDebug|x64.Build.0 = ASanStaticDebug|x64
		{097D9F6C-FD0E-4CBC-9676-009012AAECA8}.Debug|ARM64.ActiveCfg = Debug|ARM64
		{097D9F6C-FD0E-4CBC-9676-009012AAECA8}.Debug|ARM64.Build.0 = Debug|ARM64
		{097D9F6C-FD0E-4CBC-9676-009012AAECA8}.Debug|Win32.ActiveCfg = Debug|Win32
		{097D9F6C-FD0E-4CBC-9676-009012AAECA8}.Debug|Win32.Build.0 = Debug|Win32
		{097D9F6C-FD0E-4CBC-9676-009012AAECA8}.Debug|x64.ActiveCfg = Debug|x64
		{097D9F6C-FD0E-4CBC-9676-009012AAECA8}.Debug|x64.Build.0 = Debug|x64
		{097D9F6C-FD0E-4CBC-9676-009012AAECA8}.Release|ARM64.ActiveCfg = Release|ARM64
		{097D9F6C-FD0E-4CBC-9676-009012AAECA8}.Release|ARM64.Build.0 = Release|ARM64
		{097D9F6C-FD0E-4CBC-9676-009012AAECA8}.Release|Win32.ActiveCfg = Release|Win32
		{097D9F6C-FD0E-4CBC-9676-009012AAECA8}.Release|Win32.Build.0 = Release|Win32
		{097D9F6C-FD0E-4CBC-9676-009012AAECA8}.Release|x64.ActiveCfg = Release|x64
		{097D9F6C-FD0E-4CBC-9676-009012AAECA8}.Release|x64.Build.0 = Release|x64
		{097D9F6C-FD0E-4CBC-9676-009012AAECA8}.StaticDebug|ARM64.ActiveCfg = StaticDebug|ARM64
		{097D9F6C-FD0E-4CBC-9676-009012AAECA8}.StaticDebug|ARM64.Build.0 = StaticDebug|ARM64
		{097D9F6C-FD0E-4CBC-9676-009012AAECA8}.StaticDebug|Win32.ActiveCfg = StaticDebug|Win32
		{097D9F6C-FD0E-4CBC-9676-009012AAECA8}.StaticDebug|Win32.Build.0 = StaticDebug|Win32
		{097D9F6C-FD0E-4CBC-9676-009012AAECA8}.StaticDebug|x64.ActiveCfg = StaticDebug|x64
		{097D9F6C-FD0E-4CBC-9676-009012AAECA8}.StaticDebug|x64.Build.0 = StaticDebug|x64
		{097D9F6C-FD0E-4CBC-9676-009012AAECA8}.StaticRelease|ARM64.ActiveCfg = StaticRelease|ARM64
		{097D9F6C-FD0E-4CBC-9676-009012AAECA8}.StaticRelease|ARM64.Build.0 = StaticRelease|ARM64
		{097D9F6C-FD0E-4CBC-9676-009012AAECA8}.StaticRelease|Win32.ActiveCfg = StaticRelease|Win32
		{097D9F6C-FD0E-4CBC-9676-009012AAECA8}.StaticRelease|Win32.Build.0 = StaticRelease|Win32
		{097D9F6C-FD0E-4CBC-9676-009012AAECA8}.StaticRelease|x64.ActiveCfg = StaticRelease|x64
		{097D9F6C-FD0E-4CBC-9676-009012AAECA8}.StaticRelease|x64.Build.0 = StaticRelease|x64
		{EC085CBD-E9C3-477F-9A97-CB9D5DA30E27}.ASanStaticDebug|ARM64.ActiveCfg = ASanStaticDebug|ARM64
		{EC085CBD-E9C3-477F-9A97-CB9D5DA30E27}.ASanStaticDebug|ARM64.Build.0 = ASanStaticDebug|ARM64
		{EC085CBD-E9C3-477F-9A97-CB9D5DA30E27}.ASanStaticDebug|Win32.ActiveCfg = ASanStaticDebug|Win32
		{EC085CBD-E9C3-477F-9A97-CB9D5DA30E27}.ASanStaticDebug|Win32.Build.0 = ASanStaticDebug|Win32
		{EC085CBD-E9C3-477F-9A97-CB9D5DA30E27}.ASanStaticDebug|x64.ActiveCfg = ASanStaticDebug|x64
		{EC085CBD-E9C3-477F-9A97-CB9D5DA30E27}.ASanStaticDebug|x64.Build.0 = ASanStaticDebug|x64
		{EC085CBD-E9C3-477F-9A97-CB9D5DA30E27}.Debug|ARM64.ActiveCfg = Debug|ARM64
		{EC085CBD-E9C3-477F-9A97-CB9D5DA30E27}.Debug|ARM64.Build.0 = Debug|ARM64
		{EC085CBD-E9C3-477F-9A97-CB9D5DA30E27}.Debug|Win32.ActiveCfg = Debug|Win32
		{EC085CBD-E9C3-477F-9A97-CB9D5DA30E27}.Debug|Win32.Build.0 = Debug|Win32
		{EC085CBD-E9C3-477F-9A97-CB9D5DA30E27}.Debug|x64.ActiveCfg = Debug|x64
		{EC085CBD-E9C3-477F-9A97-CB9D5DA30E27}.Debug|x64.Build.0 = Debug|x64
		{EC085CBD-E9C3-477F-9A97-CB9D5DA30E27}.Release|ARM64.ActiveCfg = Release|ARM64
		{EC085CBD-E9C3-477F-9A97-CB9D5DA30E27}.Release|ARM64.Build.0 = Release|ARM64
		{EC085CBD-E9C3-477F-9A97-CB9D5DA30E27}.Release|Win32.ActiveCfg = Release|Win32
		{EC085CBD-E9C3-477F-9A97-CB9D5DA30E27}.Release|Win32.Build.0 = Release|Win32
		{EC085CBD-E9C3-477F-9A97-CB9D5DA30E27}.Release|x64.ActiveCfg = Release|x64
		{EC085CBD-E9C3-477F-9A97-CB9D5DA30E27}.Release|x64.Build.0 = Release|x64
		{EC085CBD-E9C3-477F-9A97-CB9D5DA30E27}.StaticDebug|ARM64.ActiveCfg = StaticDebug|ARM64
		{EC085CBD-E9C3-477F-9A97-CB9D5DA30E27}.StaticDebug|ARM64.Build.0 = StaticDebug|ARM64
		{EC085CBD-E9C3-477F-9A97-CB9D5DA30E27}.StaticDebug|Win32.ActiveCfg = StaticDebug|Win32
		{EC085CBD-E9C3-477F-9A97-CB9D5DA30E27}.StaticDebug|Win32.Build.0 = StaticDebug|Win32
		{EC085CBD-E9C3-477F-9A97-CB9D5DA30E27}.StaticDebug|x64.ActiveCfg = StaticDebug|x64
		{EC085CBD-E9C3-477F-9A97-CB9D5DA30E27}.StaticDebug|x64.Build.0 = StaticDebug|x64
		{EC085CBD-E9C3-477F-9A97-CB9D5DA30E27}.StaticRelease|ARM64.ActiveCfg = StaticRelease|ARM64
		{EC085CBD-E9C3-477F-9A97-CB9D5DA30E27}.StaticRelease|ARM64.Build.0 = StaticRelease|ARM64
		{EC085CBD-E9C3-477F-9A97-CB9D5DA30E27}.StaticRelease|Win32.ActiveCfg = StaticRelease|Win32
		{EC085CBD-E9C3-477F-9A97-CB9D5DA30E27}.StaticRelease|Win32.Build.0 = StaticRelease|Win32
		{EC085CBD-E9C3-477F-9A97-CB9D5DA30E27}.StaticRelease|x64.ActiveCfg = StaticRelease|x64
		{EC085CBD-E9C3-477F-9A97-CB9D5DA30E27}.StaticRelease|x64.Build.0 = StaticRelease|x64
	EndGlobalSection
	GlobalSection(SolutionProperties) = preSolution
		HideSolutionNode = FALSE
	EndGlobalSection
	GlobalSection(ExtensibilityGlobals) = postSolution
		SolutionGuid = {880350D9-26E4-4AB6-9C9F-5DC554704BA0}
	EndGlobalSection
EndGlobal
