
Microsoft Visual Studio Solution File, Format Version 12.00
# Visual Studio Version 18
VisualStudioVersion = 18.2.11415.280
MinimumVisualStudioVersion = 10.0.40219.1
Project("{8BC9CEB8-8B4A-11D0-8D11-00A0C91BC942}") = "remoting_thread", "..\source\remoting\thread\remoting_thread.vcxproj", "{5F629934-ED68-4D38-9BA5-CF3A139A44A1}"
EndProject
Project("{8BC9CEB8-8B4A-11D0-8D11-00A0C91BC942}") = "remoting_region", "..\source\remoting\region\remoting_region.vcxproj", "{14A47432-7AB8-4CA1-A36E-81117AABFD2C}"
EndProject
Project("{8BC9CEB8-8B4A-11D0-8D11-00A0C91BC942}") = "remoting_win_system", "..\source\remoting\win_system\remoting_win_system.vcxproj", "{56EADC5B-9C2C-431C-9275-98FE9088518B}"
EndProject
Project("{8BC9CEB8-8B4A-11D0-8D11-00A0C91BC942}") = "remoting_network", "..\source\remoting\network\remoting_network.vcxproj", "{9D22D911-02A4-4497-8C15-0BA34C6CA1FB}"
EndProject
Project("{8BC9CEB8-8B4A-11D0-8D11-00A0C91BC942}") = "remoting_config_lib", "..\source\remoting\config_lib\remoting_config_lib.vcxproj", "{879BD0D5-A4C5-40A3-8DC5-0A1BB6E616C7}"
EndProject
Project("{8BC9CEB8-8B4A-11D0-8D11-00A0C91BC942}") = "remoting_wsconfig_lib", "..\source\remoting\wsconfig_lib\remoting_wsconfig_lib.vcxproj", "{C5041D03-4C03-4386-AE20-D6ED78215C00}"
EndProject
Project("{8BC9CEB8-8B4A-11D0-8D11-00A0C91BC942}") = "remoting_util", "..\source\remoting\util\remoting_util.vcxproj", "{E45BF60D-C8FD-4F07-A307-25596BE1D256}"
EndProject
Project("{8BC9CEB8-8B4A-11D0-8D11-00A0C91BC942}") = "remoting_gui", "..\source\remoting\gui\remoting_gui.vcxproj", "{97D4F12A-916C-4CB2-B4D9-F0D35128065A}"
EndProject
Project("{8BC9CEB8-8B4A-11D0-8D11-00A0C91BC942}") = "remoting_server_config_lib", "..\source\remoting\server_config_lib\remoting_server_config_lib.vcxproj", "{8EAFB5BE-620C-4AB1-88C2-E4AE9FD59BE5}"
EndProject
Project("{8BC9CEB8-8B4A-11D0-8D11-00A0C91BC942}") = "remoting_client_config_lib", "..\source\remoting\client_config_lib\remoting_client_config_lib.vcxproj", "{97B29C1C-A911-41AB-9C88-019D9D827BFE}"
EndProject
Project("{8BC9CEB8-8B4A-11D0-8D11-00A0C91BC942}") = "remoting_io_lib", "..\source\remoting\io_lib\remoting_io_lib.vcxproj", "{BBBC0986-6499-483D-A608-905D6930C55A}"
EndProject
Project("{8BC9CEB8-8B4A-11D0-8D11-00A0C91BC942}") = "remoting_desktop_ipc", "..\source\remoting\desktop_ipc\remoting_desktop_ipc.vcxproj", "{9639AD53-190A-4F1C-BC73-07CBF8CB99F4}"
EndProject
Project("{8BC9CEB8-8B4A-11D0-8D11-00A0C91BC942}") = "remoting_desktop", "..\source\remoting\desktop\remoting_desktop.vcxproj", "{5E03D1B4-243D-4200-8714-0FFD67C69E02}"
EndProject
Project("{8BC9CEB8-8B4A-11D0-8D11-00A0C91BC942}") = "remoting_http_server_lib", "..\source\remoting\http_server_lib\remoting_http_server_lib.vcxproj", "{0050120D-9C47-496C-860D-C16B10D09C88}"
EndProject
Project("{8BC9CEB8-8B4A-11D0-8D11-00A0C91BC942}") = "remoting_rfb", "..\source\remoting\rfb\remoting_rfb.vcxproj", "{CEA92B3A-5467-4CC7-80A6-227891F96C05}"
EndProject
Project("{8BC9CEB8-8B4A-11D0-8D11-00A0C91BC942}") = "remoting_screenhooks", "..\source\remoting\screen_hooks\remoting_screenhooks.vcxproj", "{E8D778F5-2397-479F-AA43-67F5C067CDC8}"
EndProject
Project("{8BC9CEB8-8B4A-11D0-8D11-00A0C91BC942}") = "remoting_zlib", "..\source\remoting\zlib\remoting_zlib.vcxproj", "{F9597C92-5D25-4A3C-BAD6-8A2566FDDD6F}"
EndProject
Project("{8BC9CEB8-8B4A-11D0-8D11-00A0C91BC942}") = "remoting_fb_update_sender", "..\source\remoting\fb_update_sender\remoting_fb_update_sender.vcxproj", "{A65753BB-4671-4A1D-A4ED-09CF308DE352}"
EndProject
Project("{8BC9CEB8-8B4A-11D0-8D11-00A0C91BC942}") = "remoting_rfb_sconn", "..\source\remoting\rfb_sconn\remoting_rfb_sconn.vcxproj", "{5EA5D675-A827-4CC5-8B2A-5639119E3185}"
EndProject
Project("{8BC9CEB8-8B4A-11D0-8D11-00A0C91BC942}") = "remoting_viewer_keysym_test", "..\source\remoting\viewer_keysym_test\remoting_viewer_keysym_test.vcxproj", "{10B3F744-B1B4-41FA-90D5-BC630CB19B6B}"
	ProjectSection(ProjectDependencies) = postProject
		{CEA92B3A-5467-4CC7-80A6-227891F96C05} = {CEA92B3A-5467-4CC7-80A6-227891F96C05}
		{56EADC5B-9C2C-431C-9275-98FE9088518B} = {56EADC5B-9C2C-431C-9275-98FE9088518B}
		{3EA91983-D9EB-4369-8167-130122BFDF07} = {3EA91983-D9EB-4369-8167-130122BFDF07}
	EndProjectSection
EndProject
Project("{8BC9CEB8-8B4A-11D0-8D11-00A0C91BC942}") = "remoting_hookldr", "..\source\remoting\hookldr\remoting_hookldr.vcxproj", "{56582A52-348B-401B-A0FE-EC799AE6D0AC}"
EndProject
Project("{8BC9CEB8-8B4A-11D0-8D11-00A0C91BC942}") = "remoting_viewer_core", "..\source\remoting\viewer_core\remoting_viewer_core.vcxproj", "{3EA91983-D9EB-4369-8167-130122BFDF07}"
	ProjectSection(ProjectDependencies) = postProject
		{4793826B-B077-4D75-A36C-66C9724C08F4} = {4793826B-B077-4D75-A36C-66C9724C08F4}
	EndProjectSection
EndProject
Project("{8BC9CEB8-8B4A-11D0-8D11-00A0C91BC942}") = "remoting_setup_helper", "..\source\remoting\setup_helper\remoting_setup_helper.vcxproj", "{A4EEC45B-21D0-4FBE-82F7-DF30ED746487}"
EndProject
Project("{8BC9CEB8-8B4A-11D0-8D11-00A0C91BC942}") = "remoting_libjpeg", "..\source\remoting\libjpeg\remoting_libjpeg.vcxproj", "{4793826B-B077-4D75-A36C-66C9724C08F4}"
EndProject
Project("{8BC9CEB8-8B4A-11D0-8D11-00A0C91BC942}") = "remoting_win_event_log", "..\source\remoting\win_event_log\remoting_win_event_log.vcxproj", "{1E316AB4-E681-4F2B-97A7-CD7DE904AF62}"
EndProject
Project("{8BC9CEB8-8B4A-11D0-8D11-00A0C91BC942}") = "remoting_control_desktop", "..\source\remoting\remoting_control_desktop\remoting_remoting_control_desktop.vcxproj", "{FC19FFE8-6294-4F1A-8D7A-281C93C5C040}"
EndProject
Project("{8BC9CEB8-8B4A-11D0-8D11-00A0C91BC942}") = "remoting_remoting", "..\source\remoting\remoting\remoting_remoting_remoting.vcxproj", "{082F71AD-CDF6-44DE-84F7-9D2D16784B23}"
EndProject
Project("{8BC9CEB8-8B4A-11D0-8D11-00A0C91BC942}") = "acme", "..\source\app\acme\acme.vcxproj", "{638B242F-0F21-41C3-9F66-724660046133}"
EndProject
Project("{8BC9CEB8-8B4A-11D0-8D11-00A0C91BC942}") = "shared_remoting_remoting", "..\source\remoting\remoting\__implement\shared_remoting_remoting.vcxproj", "{BE0222AE-71CA-41DB-8F40-265DEE5F7020}"
EndProject
Project("{8BC9CEB8-8B4A-11D0-8D11-00A0C91BC942}") = "remoting_ft_common", "..\source\remoting\ftp_common\remoting_ftp_common.vcxproj", "{A6BD434B-4BF2-4F22-98C8-40830D44117E}"
EndProject
Global
	GlobalSection(SolutionConfigurationPlatforms) = preSolution
		Debug|Win32 = Debug|Win32
		Debug|x64 = Debug|x64
		DebugNoUnicode|Win32 = DebugNoUnicode|Win32
		DebugNoUnicode|x64 = DebugNoUnicode|x64
		Release|Win32 = Release|Win32
		Release|x64 = Release|x64
		ReleaseNoUnicode|Win32 = ReleaseNoUnicode|Win32
		ReleaseNoUnicode|x64 = ReleaseNoUnicode|x64
	EndGlobalSection
	GlobalSection(ProjectConfigurationPlatforms) = postSolution
		{5F629934-ED68-4D38-9BA5-CF3A139A44A1}.Debug|Win32.ActiveCfg = Debug|Win32
		{5F629934-ED68-4D38-9BA5-CF3A139A44A1}.Debug|Win32.Build.0 = Debug|Win32
		{5F629934-ED68-4D38-9BA5-CF3A139A44A1}.Debug|x64.ActiveCfg = Debug|x64
		{5F629934-ED68-4D38-9BA5-CF3A139A44A1}.Debug|x64.Build.0 = Debug|x64
		{5F629934-ED68-4D38-9BA5-CF3A139A44A1}.DebugNoUnicode|Win32.ActiveCfg = DebugNoUnicode|Win32
		{5F629934-ED68-4D38-9BA5-CF3A139A44A1}.DebugNoUnicode|Win32.Build.0 = DebugNoUnicode|Win32
		{5F629934-ED68-4D38-9BA5-CF3A139A44A1}.DebugNoUnicode|x64.ActiveCfg = DebugNoUnicode|x64
		{5F629934-ED68-4D38-9BA5-CF3A139A44A1}.DebugNoUnicode|x64.Build.0 = DebugNoUnicode|x64
		{5F629934-ED68-4D38-9BA5-CF3A139A44A1}.Release|Win32.ActiveCfg = Release|Win32
		{5F629934-ED68-4D38-9BA5-CF3A139A44A1}.Release|Win32.Build.0 = Release|Win32
		{5F629934-ED68-4D38-9BA5-CF3A139A44A1}.Release|x64.ActiveCfg = Release|x64
		{5F629934-ED68-4D38-9BA5-CF3A139A44A1}.Release|x64.Build.0 = Release|x64
		{5F629934-ED68-4D38-9BA5-CF3A139A44A1}.ReleaseNoUnicode|Win32.ActiveCfg = ReleaseNoUnicode|Win32
		{5F629934-ED68-4D38-9BA5-CF3A139A44A1}.ReleaseNoUnicode|Win32.Build.0 = ReleaseNoUnicode|Win32
		{5F629934-ED68-4D38-9BA5-CF3A139A44A1}.ReleaseNoUnicode|x64.ActiveCfg = ReleaseNoUnicode|x64
		{5F629934-ED68-4D38-9BA5-CF3A139A44A1}.ReleaseNoUnicode|x64.Build.0 = ReleaseNoUnicode|x64
		{14A47432-7AB8-4CA1-A36E-81117AABFD2C}.Debug|Win32.ActiveCfg = Debug|Win32
		{14A47432-7AB8-4CA1-A36E-81117AABFD2C}.Debug|Win32.Build.0 = Debug|Win32
		{14A47432-7AB8-4CA1-A36E-81117AABFD2C}.Debug|x64.ActiveCfg = Debug|x64
		{14A47432-7AB8-4CA1-A36E-81117AABFD2C}.Debug|x64.Build.0 = Debug|x64
		{14A47432-7AB8-4CA1-A36E-81117AABFD2C}.DebugNoUnicode|Win32.ActiveCfg = DebugNoUnicode|Win32
		{14A47432-7AB8-4CA1-A36E-81117AABFD2C}.DebugNoUnicode|Win32.Build.0 = DebugNoUnicode|Win32
		{14A47432-7AB8-4CA1-A36E-81117AABFD2C}.DebugNoUnicode|x64.ActiveCfg = DebugNoUnicode|x64
		{14A47432-7AB8-4CA1-A36E-81117AABFD2C}.DebugNoUnicode|x64.Build.0 = DebugNoUnicode|x64
		{14A47432-7AB8-4CA1-A36E-81117AABFD2C}.Release|Win32.ActiveCfg = Release|Win32
		{14A47432-7AB8-4CA1-A36E-81117AABFD2C}.Release|Win32.Build.0 = Release|Win32
		{14A47432-7AB8-4CA1-A36E-81117AABFD2C}.Release|x64.ActiveCfg = Release|x64
		{14A47432-7AB8-4CA1-A36E-81117AABFD2C}.Release|x64.Build.0 = Release|x64
		{14A47432-7AB8-4CA1-A36E-81117AABFD2C}.ReleaseNoUnicode|Win32.ActiveCfg = ReleaseNoUnicode|Win32
		{14A47432-7AB8-4CA1-A36E-81117AABFD2C}.ReleaseNoUnicode|Win32.Build.0 = ReleaseNoUnicode|Win32
		{14A47432-7AB8-4CA1-A36E-81117AABFD2C}.ReleaseNoUnicode|x64.ActiveCfg = ReleaseNoUnicode|x64
		{14A47432-7AB8-4CA1-A36E-81117AABFD2C}.ReleaseNoUnicode|x64.Build.0 = ReleaseNoUnicode|x64
		{56EADC5B-9C2C-431C-9275-98FE9088518B}.Debug|Win32.ActiveCfg = Debug|Win32
		{56EADC5B-9C2C-431C-9275-98FE9088518B}.Debug|Win32.Build.0 = Debug|Win32
		{56EADC5B-9C2C-431C-9275-98FE9088518B}.Debug|x64.ActiveCfg = Debug|x64
		{56EADC5B-9C2C-431C-9275-98FE9088518B}.Debug|x64.Build.0 = Debug|x64
		{56EADC5B-9C2C-431C-9275-98FE9088518B}.DebugNoUnicode|Win32.ActiveCfg = DebugNoUnicode|Win32
		{56EADC5B-9C2C-431C-9275-98FE9088518B}.DebugNoUnicode|Win32.Build.0 = DebugNoUnicode|Win32
		{56EADC5B-9C2C-431C-9275-98FE9088518B}.DebugNoUnicode|x64.ActiveCfg = DebugNoUnicode|x64
		{56EADC5B-9C2C-431C-9275-98FE9088518B}.DebugNoUnicode|x64.Build.0 = DebugNoUnicode|x64
		{56EADC5B-9C2C-431C-9275-98FE9088518B}.Release|Win32.ActiveCfg = Release|Win32
		{56EADC5B-9C2C-431C-9275-98FE9088518B}.Release|Win32.Build.0 = Release|Win32
		{56EADC5B-9C2C-431C-9275-98FE9088518B}.Release|x64.ActiveCfg = Release|x64
		{56EADC5B-9C2C-431C-9275-98FE9088518B}.Release|x64.Build.0 = Release|x64
		{56EADC5B-9C2C-431C-9275-98FE9088518B}.ReleaseNoUnicode|Win32.ActiveCfg = ReleaseNoUnicode|Win32
		{56EADC5B-9C2C-431C-9275-98FE9088518B}.ReleaseNoUnicode|Win32.Build.0 = ReleaseNoUnicode|Win32
		{56EADC5B-9C2C-431C-9275-98FE9088518B}.ReleaseNoUnicode|x64.ActiveCfg = ReleaseNoUnicode|x64
		{56EADC5B-9C2C-431C-9275-98FE9088518B}.ReleaseNoUnicode|x64.Build.0 = ReleaseNoUnicode|x64
		{9D22D911-02A4-4497-8C15-0BA34C6CA1FB}.Debug|Win32.ActiveCfg = Debug|Win32
		{9D22D911-02A4-4497-8C15-0BA34C6CA1FB}.Debug|Win32.Build.0 = Debug|Win32
		{9D22D911-02A4-4497-8C15-0BA34C6CA1FB}.Debug|x64.ActiveCfg = Debug|x64
		{9D22D911-02A4-4497-8C15-0BA34C6CA1FB}.Debug|x64.Build.0 = Debug|x64
		{9D22D911-02A4-4497-8C15-0BA34C6CA1FB}.DebugNoUnicode|Win32.ActiveCfg = DebugNoUnicode|Win32
		{9D22D911-02A4-4497-8C15-0BA34C6CA1FB}.DebugNoUnicode|Win32.Build.0 = DebugNoUnicode|Win32
		{9D22D911-02A4-4497-8C15-0BA34C6CA1FB}.DebugNoUnicode|x64.ActiveCfg = DebugNoUnicode|x64
		{9D22D911-02A4-4497-8C15-0BA34C6CA1FB}.DebugNoUnicode|x64.Build.0 = DebugNoUnicode|x64
		{9D22D911-02A4-4497-8C15-0BA34C6CA1FB}.Release|Win32.ActiveCfg = Release|Win32
		{9D22D911-02A4-4497-8C15-0BA34C6CA1FB}.Release|Win32.Build.0 = Release|Win32
		{9D22D911-02A4-4497-8C15-0BA34C6CA1FB}.Release|x64.ActiveCfg = Release|x64
		{9D22D911-02A4-4497-8C15-0BA34C6CA1FB}.Release|x64.Build.0 = Release|x64
		{9D22D911-02A4-4497-8C15-0BA34C6CA1FB}.ReleaseNoUnicode|Win32.ActiveCfg = ReleaseNoUnicode|Win32
		{9D22D911-02A4-4497-8C15-0BA34C6CA1FB}.ReleaseNoUnicode|Win32.Build.0 = ReleaseNoUnicode|Win32
		{9D22D911-02A4-4497-8C15-0BA34C6CA1FB}.ReleaseNoUnicode|x64.ActiveCfg = ReleaseNoUnicode|x64
		{9D22D911-02A4-4497-8C15-0BA34C6CA1FB}.ReleaseNoUnicode|x64.Build.0 = ReleaseNoUnicode|x64
		{879BD0D5-A4C5-40A3-8DC5-0A1BB6E616C7}.Debug|Win32.ActiveCfg = Debug|Win32
		{879BD0D5-A4C5-40A3-8DC5-0A1BB6E616C7}.Debug|Win32.Build.0 = Debug|Win32
		{879BD0D5-A4C5-40A3-8DC5-0A1BB6E616C7}.Debug|x64.ActiveCfg = Debug|x64
		{879BD0D5-A4C5-40A3-8DC5-0A1BB6E616C7}.Debug|x64.Build.0 = Debug|x64
		{879BD0D5-A4C5-40A3-8DC5-0A1BB6E616C7}.DebugNoUnicode|Win32.ActiveCfg = DebugNoUnicode|Win32
		{879BD0D5-A4C5-40A3-8DC5-0A1BB6E616C7}.DebugNoUnicode|Win32.Build.0 = DebugNoUnicode|Win32
		{879BD0D5-A4C5-40A3-8DC5-0A1BB6E616C7}.DebugNoUnicode|x64.ActiveCfg = DebugNoUnicode|x64
		{879BD0D5-A4C5-40A3-8DC5-0A1BB6E616C7}.DebugNoUnicode|x64.Build.0 = DebugNoUnicode|x64
		{879BD0D5-A4C5-40A3-8DC5-0A1BB6E616C7}.Release|Win32.ActiveCfg = Release|Win32
		{879BD0D5-A4C5-40A3-8DC5-0A1BB6E616C7}.Release|Win32.Build.0 = Release|Win32
		{879BD0D5-A4C5-40A3-8DC5-0A1BB6E616C7}.Release|x64.ActiveCfg = Release|x64
		{879BD0D5-A4C5-40A3-8DC5-0A1BB6E616C7}.Release|x64.Build.0 = Release|x64
		{879BD0D5-A4C5-40A3-8DC5-0A1BB6E616C7}.ReleaseNoUnicode|Win32.ActiveCfg = ReleaseNoUnicode|Win32
		{879BD0D5-A4C5-40A3-8DC5-0A1BB6E616C7}.ReleaseNoUnicode|Win32.Build.0 = ReleaseNoUnicode|Win32
		{879BD0D5-A4C5-40A3-8DC5-0A1BB6E616C7}.ReleaseNoUnicode|x64.ActiveCfg = ReleaseNoUnicode|x64
		{879BD0D5-A4C5-40A3-8DC5-0A1BB6E616C7}.ReleaseNoUnicode|x64.Build.0 = ReleaseNoUnicode|x64
		{C5041D03-4C03-4386-AE20-D6ED78215C00}.Debug|Win32.ActiveCfg = Debug|Win32
		{C5041D03-4C03-4386-AE20-D6ED78215C00}.Debug|Win32.Build.0 = Debug|Win32
		{C5041D03-4C03-4386-AE20-D6ED78215C00}.Debug|x64.ActiveCfg = Debug|x64
		{C5041D03-4C03-4386-AE20-D6ED78215C00}.Debug|x64.Build.0 = Debug|x64
		{C5041D03-4C03-4386-AE20-D6ED78215C00}.DebugNoUnicode|Win32.ActiveCfg = DebugNoUnicode|Win32
		{C5041D03-4C03-4386-AE20-D6ED78215C00}.DebugNoUnicode|Win32.Build.0 = DebugNoUnicode|Win32
		{C5041D03-4C03-4386-AE20-D6ED78215C00}.DebugNoUnicode|x64.ActiveCfg = DebugNoUnicode|x64
		{C5041D03-4C03-4386-AE20-D6ED78215C00}.DebugNoUnicode|x64.Build.0 = DebugNoUnicode|x64
		{C5041D03-4C03-4386-AE20-D6ED78215C00}.Release|Win32.ActiveCfg = Release|Win32
		{C5041D03-4C03-4386-AE20-D6ED78215C00}.Release|Win32.Build.0 = Release|Win32
		{C5041D03-4C03-4386-AE20-D6ED78215C00}.Release|x64.ActiveCfg = Release|x64
		{C5041D03-4C03-4386-AE20-D6ED78215C00}.Release|x64.Build.0 = Release|x64
		{C5041D03-4C03-4386-AE20-D6ED78215C00}.ReleaseNoUnicode|Win32.ActiveCfg = ReleaseNoUnicode|Win32
		{C5041D03-4C03-4386-AE20-D6ED78215C00}.ReleaseNoUnicode|Win32.Build.0 = ReleaseNoUnicode|Win32
		{C5041D03-4C03-4386-AE20-D6ED78215C00}.ReleaseNoUnicode|x64.ActiveCfg = ReleaseNoUnicode|x64
		{C5041D03-4C03-4386-AE20-D6ED78215C00}.ReleaseNoUnicode|x64.Build.0 = ReleaseNoUnicode|x64
		{E45BF60D-C8FD-4F07-A307-25596BE1D256}.Debug|Win32.ActiveCfg = Debug|Win32
		{E45BF60D-C8FD-4F07-A307-25596BE1D256}.Debug|Win32.Build.0 = Debug|Win32
		{E45BF60D-C8FD-4F07-A307-25596BE1D256}.Debug|x64.ActiveCfg = Debug|x64
		{E45BF60D-C8FD-4F07-A307-25596BE1D256}.Debug|x64.Build.0 = Debug|x64
		{E45BF60D-C8FD-4F07-A307-25596BE1D256}.DebugNoUnicode|Win32.ActiveCfg = DebugNoUnicode|Win32
		{E45BF60D-C8FD-4F07-A307-25596BE1D256}.DebugNoUnicode|Win32.Build.0 = DebugNoUnicode|Win32
		{E45BF60D-C8FD-4F07-A307-25596BE1D256}.DebugNoUnicode|x64.ActiveCfg = DebugNoUnicode|x64
		{E45BF60D-C8FD-4F07-A307-25596BE1D256}.DebugNoUnicode|x64.Build.0 = DebugNoUnicode|x64
		{E45BF60D-C8FD-4F07-A307-25596BE1D256}.Release|Win32.ActiveCfg = Release|Win32
		{E45BF60D-C8FD-4F07-A307-25596BE1D256}.Release|Win32.Build.0 = Release|Win32
		{E45BF60D-C8FD-4F07-A307-25596BE1D256}.Release|x64.ActiveCfg = Release|x64
		{E45BF60D-C8FD-4F07-A307-25596BE1D256}.Release|x64.Build.0 = Release|x64
		{E45BF60D-C8FD-4F07-A307-25596BE1D256}.ReleaseNoUnicode|Win32.ActiveCfg = ReleaseNoUnicode|Win32
		{E45BF60D-C8FD-4F07-A307-25596BE1D256}.ReleaseNoUnicode|Win32.Build.0 = ReleaseNoUnicode|Win32
		{E45BF60D-C8FD-4F07-A307-25596BE1D256}.ReleaseNoUnicode|x64.ActiveCfg = ReleaseNoUnicode|x64
		{E45BF60D-C8FD-4F07-A307-25596BE1D256}.ReleaseNoUnicode|x64.Build.0 = ReleaseNoUnicode|x64
		{97D4F12A-916C-4CB2-B4D9-F0D35128065A}.Debug|Win32.ActiveCfg = Debug|Win32
		{97D4F12A-916C-4CB2-B4D9-F0D35128065A}.Debug|Win32.Build.0 = Debug|Win32
		{97D4F12A-916C-4CB2-B4D9-F0D35128065A}.Debug|x64.ActiveCfg = Debug|x64
		{97D4F12A-916C-4CB2-B4D9-F0D35128065A}.Debug|x64.Build.0 = Debug|x64
		{97D4F12A-916C-4CB2-B4D9-F0D35128065A}.DebugNoUnicode|Win32.ActiveCfg = DebugNoUnicode|Win32
		{97D4F12A-916C-4CB2-B4D9-F0D35128065A}.DebugNoUnicode|Win32.Build.0 = DebugNoUnicode|Win32
		{97D4F12A-916C-4CB2-B4D9-F0D35128065A}.DebugNoUnicode|x64.ActiveCfg = DebugNoUnicode|x64
		{97D4F12A-916C-4CB2-B4D9-F0D35128065A}.DebugNoUnicode|x64.Build.0 = DebugNoUnicode|x64
		{97D4F12A-916C-4CB2-B4D9-F0D35128065A}.Release|Win32.ActiveCfg = Release|Win32
		{97D4F12A-916C-4CB2-B4D9-F0D35128065A}.Release|Win32.Build.0 = Release|Win32
		{97D4F12A-916C-4CB2-B4D9-F0D35128065A}.Release|x64.ActiveCfg = Release|x64
		{97D4F12A-916C-4CB2-B4D9-F0D35128065A}.Release|x64.Build.0 = Release|x64
		{97D4F12A-916C-4CB2-B4D9-F0D35128065A}.ReleaseNoUnicode|Win32.ActiveCfg = ReleaseNoUnicode|Win32
		{97D4F12A-916C-4CB2-B4D9-F0D35128065A}.ReleaseNoUnicode|Win32.Build.0 = ReleaseNoUnicode|Win32
		{97D4F12A-916C-4CB2-B4D9-F0D35128065A}.ReleaseNoUnicode|x64.ActiveCfg = ReleaseNoUnicode|x64
		{97D4F12A-916C-4CB2-B4D9-F0D35128065A}.ReleaseNoUnicode|x64.Build.0 = ReleaseNoUnicode|x64
		{8EAFB5BE-620C-4AB1-88C2-E4AE9FD59BE5}.Debug|Win32.ActiveCfg = Debug|Win32
		{8EAFB5BE-620C-4AB1-88C2-E4AE9FD59BE5}.Debug|Win32.Build.0 = Debug|Win32
		{8EAFB5BE-620C-4AB1-88C2-E4AE9FD59BE5}.Debug|x64.ActiveCfg = Debug|x64
		{8EAFB5BE-620C-4AB1-88C2-E4AE9FD59BE5}.Debug|x64.Build.0 = Debug|x64
		{8EAFB5BE-620C-4AB1-88C2-E4AE9FD59BE5}.DebugNoUnicode|Win32.ActiveCfg = DebugNoUnicode|Win32
		{8EAFB5BE-620C-4AB1-88C2-E4AE9FD59BE5}.DebugNoUnicode|Win32.Build.0 = DebugNoUnicode|Win32
		{8EAFB5BE-620C-4AB1-88C2-E4AE9FD59BE5}.DebugNoUnicode|x64.ActiveCfg = DebugNoUnicode|x64
		{8EAFB5BE-620C-4AB1-88C2-E4AE9FD59BE5}.DebugNoUnicode|x64.Build.0 = DebugNoUnicode|x64
		{8EAFB5BE-620C-4AB1-88C2-E4AE9FD59BE5}.Release|Win32.ActiveCfg = Release|Win32
		{8EAFB5BE-620C-4AB1-88C2-E4AE9FD59BE5}.Release|Win32.Build.0 = Release|Win32
		{8EAFB5BE-620C-4AB1-88C2-E4AE9FD59BE5}.Release|x64.ActiveCfg = Release|x64
		{8EAFB5BE-620C-4AB1-88C2-E4AE9FD59BE5}.Release|x64.Build.0 = Release|x64
		{8EAFB5BE-620C-4AB1-88C2-E4AE9FD59BE5}.ReleaseNoUnicode|Win32.ActiveCfg = ReleaseNoUnicode|Win32
		{8EAFB5BE-620C-4AB1-88C2-E4AE9FD59BE5}.ReleaseNoUnicode|Win32.Build.0 = ReleaseNoUnicode|Win32
		{8EAFB5BE-620C-4AB1-88C2-E4AE9FD59BE5}.ReleaseNoUnicode|x64.ActiveCfg = ReleaseNoUnicode|x64
		{8EAFB5BE-620C-4AB1-88C2-E4AE9FD59BE5}.ReleaseNoUnicode|x64.Build.0 = ReleaseNoUnicode|x64
		{97B29C1C-A911-41AB-9C88-019D9D827BFE}.Debug|Win32.ActiveCfg = Debug|Win32
		{97B29C1C-A911-41AB-9C88-019D9D827BFE}.Debug|Win32.Build.0 = Debug|Win32
		{97B29C1C-A911-41AB-9C88-019D9D827BFE}.Debug|x64.ActiveCfg = Debug|x64
		{97B29C1C-A911-41AB-9C88-019D9D827BFE}.Debug|x64.Build.0 = Debug|x64
		{97B29C1C-A911-41AB-9C88-019D9D827BFE}.DebugNoUnicode|Win32.ActiveCfg = DebugNoUnicode|Win32
		{97B29C1C-A911-41AB-9C88-019D9D827BFE}.DebugNoUnicode|Win32.Build.0 = DebugNoUnicode|Win32
		{97B29C1C-A911-41AB-9C88-019D9D827BFE}.DebugNoUnicode|x64.ActiveCfg = DebugNoUnicode|x64
		{97B29C1C-A911-41AB-9C88-019D9D827BFE}.DebugNoUnicode|x64.Build.0 = DebugNoUnicode|x64
		{97B29C1C-A911-41AB-9C88-019D9D827BFE}.Release|Win32.ActiveCfg = Release|Win32
		{97B29C1C-A911-41AB-9C88-019D9D827BFE}.Release|Win32.Build.0 = Release|Win32
		{97B29C1C-A911-41AB-9C88-019D9D827BFE}.Release|x64.ActiveCfg = Release|x64
		{97B29C1C-A911-41AB-9C88-019D9D827BFE}.Release|x64.Build.0 = Release|x64
		{97B29C1C-A911-41AB-9C88-019D9D827BFE}.ReleaseNoUnicode|Win32.ActiveCfg = ReleaseNoUnicode|Win32
		{97B29C1C-A911-41AB-9C88-019D9D827BFE}.ReleaseNoUnicode|Win32.Build.0 = ReleaseNoUnicode|Win32
		{97B29C1C-A911-41AB-9C88-019D9D827BFE}.ReleaseNoUnicode|x64.ActiveCfg = ReleaseNoUnicode|x64
		{97B29C1C-A911-41AB-9C88-019D9D827BFE}.ReleaseNoUnicode|x64.Build.0 = ReleaseNoUnicode|x64
		{BBBC0986-6499-483D-A608-905D6930C55A}.Debug|Win32.ActiveCfg = Debug|Win32
		{BBBC0986-6499-483D-A608-905D6930C55A}.Debug|Win32.Build.0 = Debug|Win32
		{BBBC0986-6499-483D-A608-905D6930C55A}.Debug|x64.ActiveCfg = Debug|x64
		{BBBC0986-6499-483D-A608-905D6930C55A}.Debug|x64.Build.0 = Debug|x64
		{BBBC0986-6499-483D-A608-905D6930C55A}.DebugNoUnicode|Win32.ActiveCfg = DebugNoUnicode|Win32
		{BBBC0986-6499-483D-A608-905D6930C55A}.DebugNoUnicode|Win32.Build.0 = DebugNoUnicode|Win32
		{BBBC0986-6499-483D-A608-905D6930C55A}.DebugNoUnicode|x64.ActiveCfg = DebugNoUnicode|x64
		{BBBC0986-6499-483D-A608-905D6930C55A}.DebugNoUnicode|x64.Build.0 = DebugNoUnicode|x64
		{BBBC0986-6499-483D-A608-905D6930C55A}.Release|Win32.ActiveCfg = Release|Win32
		{BBBC0986-6499-483D-A608-905D6930C55A}.Release|Win32.Build.0 = Release|Win32
		{BBBC0986-6499-483D-A608-905D6930C55A}.Release|x64.ActiveCfg = Release|x64
		{BBBC0986-6499-483D-A608-905D6930C55A}.Release|x64.Build.0 = Release|x64
		{BBBC0986-6499-483D-A608-905D6930C55A}.ReleaseNoUnicode|Win32.ActiveCfg = ReleaseNoUnicode|Win32
		{BBBC0986-6499-483D-A608-905D6930C55A}.ReleaseNoUnicode|Win32.Build.0 = ReleaseNoUnicode|Win32
		{BBBC0986-6499-483D-A608-905D6930C55A}.ReleaseNoUnicode|x64.ActiveCfg = ReleaseNoUnicode|x64
		{BBBC0986-6499-483D-A608-905D6930C55A}.ReleaseNoUnicode|x64.Build.0 = ReleaseNoUnicode|x64
		{9639AD53-190A-4F1C-BC73-07CBF8CB99F4}.Debug|Win32.ActiveCfg = Debug|Win32
		{9639AD53-190A-4F1C-BC73-07CBF8CB99F4}.Debug|Win32.Build.0 = Debug|Win32
		{9639AD53-190A-4F1C-BC73-07CBF8CB99F4}.Debug|x64.ActiveCfg = Debug|x64
		{9639AD53-190A-4F1C-BC73-07CBF8CB99F4}.Debug|x64.Build.0 = Debug|x64
		{9639AD53-190A-4F1C-BC73-07CBF8CB99F4}.DebugNoUnicode|Win32.ActiveCfg = DebugNoUnicode|Win32
		{9639AD53-190A-4F1C-BC73-07CBF8CB99F4}.DebugNoUnicode|Win32.Build.0 = DebugNoUnicode|Win32
		{9639AD53-190A-4F1C-BC73-07CBF8CB99F4}.DebugNoUnicode|x64.ActiveCfg = DebugNoUnicode|x64
		{9639AD53-190A-4F1C-BC73-07CBF8CB99F4}.DebugNoUnicode|x64.Build.0 = DebugNoUnicode|x64
		{9639AD53-190A-4F1C-BC73-07CBF8CB99F4}.Release|Win32.ActiveCfg = Release|Win32
		{9639AD53-190A-4F1C-BC73-07CBF8CB99F4}.Release|Win32.Build.0 = Release|Win32
		{9639AD53-190A-4F1C-BC73-07CBF8CB99F4}.Release|x64.ActiveCfg = Release|x64
		{9639AD53-190A-4F1C-BC73-07CBF8CB99F4}.Release|x64.Build.0 = Release|x64
		{9639AD53-190A-4F1C-BC73-07CBF8CB99F4}.ReleaseNoUnicode|Win32.ActiveCfg = ReleaseNoUnicode|Win32
		{9639AD53-190A-4F1C-BC73-07CBF8CB99F4}.ReleaseNoUnicode|Win32.Build.0 = ReleaseNoUnicode|Win32
		{9639AD53-190A-4F1C-BC73-07CBF8CB99F4}.ReleaseNoUnicode|x64.ActiveCfg = ReleaseNoUnicode|x64
		{9639AD53-190A-4F1C-BC73-07CBF8CB99F4}.ReleaseNoUnicode|x64.Build.0 = ReleaseNoUnicode|x64
		{5E03D1B4-243D-4200-8714-0FFD67C69E02}.Debug|Win32.ActiveCfg = Debug|Win32
		{5E03D1B4-243D-4200-8714-0FFD67C69E02}.Debug|Win32.Build.0 = Debug|Win32
		{5E03D1B4-243D-4200-8714-0FFD67C69E02}.Debug|x64.ActiveCfg = Debug|x64
		{5E03D1B4-243D-4200-8714-0FFD67C69E02}.Debug|x64.Build.0 = Debug|x64
		{5E03D1B4-243D-4200-8714-0FFD67C69E02}.DebugNoUnicode|Win32.ActiveCfg = DebugNoUnicode|Win32
		{5E03D1B4-243D-4200-8714-0FFD67C69E02}.DebugNoUnicode|Win32.Build.0 = DebugNoUnicode|Win32
		{5E03D1B4-243D-4200-8714-0FFD67C69E02}.DebugNoUnicode|x64.ActiveCfg = DebugNoUnicode|x64
		{5E03D1B4-243D-4200-8714-0FFD67C69E02}.DebugNoUnicode|x64.Build.0 = DebugNoUnicode|x64
		{5E03D1B4-243D-4200-8714-0FFD67C69E02}.Release|Win32.ActiveCfg = Release|Win32
		{5E03D1B4-243D-4200-8714-0FFD67C69E02}.Release|Win32.Build.0 = Release|Win32
		{5E03D1B4-243D-4200-8714-0FFD67C69E02}.Release|x64.ActiveCfg = Release|x64
		{5E03D1B4-243D-4200-8714-0FFD67C69E02}.Release|x64.Build.0 = Release|x64
		{5E03D1B4-243D-4200-8714-0FFD67C69E02}.ReleaseNoUnicode|Win32.ActiveCfg = ReleaseNoUnicode|Win32
		{5E03D1B4-243D-4200-8714-0FFD67C69E02}.ReleaseNoUnicode|Win32.Build.0 = ReleaseNoUnicode|Win32
		{5E03D1B4-243D-4200-8714-0FFD67C69E02}.ReleaseNoUnicode|x64.ActiveCfg = ReleaseNoUnicode|x64
		{5E03D1B4-243D-4200-8714-0FFD67C69E02}.ReleaseNoUnicode|x64.Build.0 = ReleaseNoUnicode|x64
		{0050120D-9C47-496C-860D-C16B10D09C88}.Debug|Win32.ActiveCfg = Debug|Win32
		{0050120D-9C47-496C-860D-C16B10D09C88}.Debug|Win32.Build.0 = Debug|Win32
		{0050120D-9C47-496C-860D-C16B10D09C88}.Debug|x64.ActiveCfg = Debug|x64
		{0050120D-9C47-496C-860D-C16B10D09C88}.Debug|x64.Build.0 = Debug|x64
		{0050120D-9C47-496C-860D-C16B10D09C88}.DebugNoUnicode|Win32.ActiveCfg = DebugNoUnicode|Win32
		{0050120D-9C47-496C-860D-C16B10D09C88}.DebugNoUnicode|Win32.Build.0 = DebugNoUnicode|Win32
		{0050120D-9C47-496C-860D-C16B10D09C88}.DebugNoUnicode|x64.ActiveCfg = DebugNoUnicode|x64
		{0050120D-9C47-496C-860D-C16B10D09C88}.DebugNoUnicode|x64.Build.0 = DebugNoUnicode|x64
		{0050120D-9C47-496C-860D-C16B10D09C88}.Release|Win32.ActiveCfg = Release|Win32
		{0050120D-9C47-496C-860D-C16B10D09C88}.Release|Win32.Build.0 = Release|Win32
		{0050120D-9C47-496C-860D-C16B10D09C88}.Release|x64.ActiveCfg = Release|x64
		{0050120D-9C47-496C-860D-C16B10D09C88}.Release|x64.Build.0 = Release|x64
		{0050120D-9C47-496C-860D-C16B10D09C88}.ReleaseNoUnicode|Win32.ActiveCfg = ReleaseNoUnicode|Win32
		{0050120D-9C47-496C-860D-C16B10D09C88}.ReleaseNoUnicode|Win32.Build.0 = ReleaseNoUnicode|Win32
		{0050120D-9C47-496C-860D-C16B10D09C88}.ReleaseNoUnicode|x64.ActiveCfg = ReleaseNoUnicode|x64
		{0050120D-9C47-496C-860D-C16B10D09C88}.ReleaseNoUnicode|x64.Build.0 = ReleaseNoUnicode|x64
		{CEA92B3A-5467-4CC7-80A6-227891F96C05}.Debug|Win32.ActiveCfg = Debug|Win32
		{CEA92B3A-5467-4CC7-80A6-227891F96C05}.Debug|Win32.Build.0 = Debug|Win32
		{CEA92B3A-5467-4CC7-80A6-227891F96C05}.Debug|x64.ActiveCfg = Debug|x64
		{CEA92B3A-5467-4CC7-80A6-227891F96C05}.Debug|x64.Build.0 = Debug|x64
		{CEA92B3A-5467-4CC7-80A6-227891F96C05}.DebugNoUnicode|Win32.ActiveCfg = DebugNoUnicode|Win32
		{CEA92B3A-5467-4CC7-80A6-227891F96C05}.DebugNoUnicode|Win32.Build.0 = DebugNoUnicode|Win32
		{CEA92B3A-5467-4CC7-80A6-227891F96C05}.DebugNoUnicode|x64.ActiveCfg = DebugNoUnicode|x64
		{CEA92B3A-5467-4CC7-80A6-227891F96C05}.DebugNoUnicode|x64.Build.0 = DebugNoUnicode|x64
		{CEA92B3A-5467-4CC7-80A6-227891F96C05}.Release|Win32.ActiveCfg = Release|Win32
		{CEA92B3A-5467-4CC7-80A6-227891F96C05}.Release|Win32.Build.0 = Release|Win32
		{CEA92B3A-5467-4CC7-80A6-227891F96C05}.Release|x64.ActiveCfg = Release|x64
		{CEA92B3A-5467-4CC7-80A6-227891F96C05}.Release|x64.Build.0 = Release|x64
		{CEA92B3A-5467-4CC7-80A6-227891F96C05}.ReleaseNoUnicode|Win32.ActiveCfg = ReleaseNoUnicode|Win32
		{CEA92B3A-5467-4CC7-80A6-227891F96C05}.ReleaseNoUnicode|Win32.Build.0 = ReleaseNoUnicode|Win32
		{CEA92B3A-5467-4CC7-80A6-227891F96C05}.ReleaseNoUnicode|x64.ActiveCfg = ReleaseNoUnicode|x64
		{CEA92B3A-5467-4CC7-80A6-227891F96C05}.ReleaseNoUnicode|x64.Build.0 = ReleaseNoUnicode|x64
		{E8D778F5-2397-479F-AA43-67F5C067CDC8}.Debug|Win32.ActiveCfg = Debug|Win32
		{E8D778F5-2397-479F-AA43-67F5C067CDC8}.Debug|Win32.Build.0 = Debug|Win32
		{E8D778F5-2397-479F-AA43-67F5C067CDC8}.Debug|x64.ActiveCfg = Debug|x64
		{E8D778F5-2397-479F-AA43-67F5C067CDC8}.Debug|x64.Build.0 = Debug|x64
		{E8D778F5-2397-479F-AA43-67F5C067CDC8}.DebugNoUnicode|Win32.ActiveCfg = DebugNoUnicode|Win32
		{E8D778F5-2397-479F-AA43-67F5C067CDC8}.DebugNoUnicode|Win32.Build.0 = DebugNoUnicode|Win32
		{E8D778F5-2397-479F-AA43-67F5C067CDC8}.DebugNoUnicode|x64.ActiveCfg = DebugNoUnicode|x64
		{E8D778F5-2397-479F-AA43-67F5C067CDC8}.DebugNoUnicode|x64.Build.0 = DebugNoUnicode|x64
		{E8D778F5-2397-479F-AA43-67F5C067CDC8}.Release|Win32.ActiveCfg = Release|Win32
		{E8D778F5-2397-479F-AA43-67F5C067CDC8}.Release|Win32.Build.0 = Release|Win32
		{E8D778F5-2397-479F-AA43-67F5C067CDC8}.Release|x64.ActiveCfg = Release|x64
		{E8D778F5-2397-479F-AA43-67F5C067CDC8}.Release|x64.Build.0 = Release|x64
		{E8D778F5-2397-479F-AA43-67F5C067CDC8}.ReleaseNoUnicode|Win32.ActiveCfg = ReleaseNoUnicode|Win32
		{E8D778F5-2397-479F-AA43-67F5C067CDC8}.ReleaseNoUnicode|Win32.Build.0 = ReleaseNoUnicode|Win32
		{E8D778F5-2397-479F-AA43-67F5C067CDC8}.ReleaseNoUnicode|x64.ActiveCfg = ReleaseNoUnicode|x64
		{E8D778F5-2397-479F-AA43-67F5C067CDC8}.ReleaseNoUnicode|x64.Build.0 = ReleaseNoUnicode|x64
		{F9597C92-5D25-4A3C-BAD6-8A2566FDDD6F}.Debug|Win32.ActiveCfg = Debug|Win32
		{F9597C92-5D25-4A3C-BAD6-8A2566FDDD6F}.Debug|Win32.Build.0 = Debug|Win32
		{F9597C92-5D25-4A3C-BAD6-8A2566FDDD6F}.Debug|x64.ActiveCfg = Debug|x64
		{F9597C92-5D25-4A3C-BAD6-8A2566FDDD6F}.Debug|x64.Build.0 = Debug|x64
		{F9597C92-5D25-4A3C-BAD6-8A2566FDDD6F}.DebugNoUnicode|Win32.ActiveCfg = Debug|Win32
		{F9597C92-5D25-4A3C-BAD6-8A2566FDDD6F}.DebugNoUnicode|Win32.Build.0 = Debug|Win32
		{F9597C92-5D25-4A3C-BAD6-8A2566FDDD6F}.DebugNoUnicode|x64.ActiveCfg = Debug|x64
		{F9597C92-5D25-4A3C-BAD6-8A2566FDDD6F}.DebugNoUnicode|x64.Build.0 = Debug|x64
		{F9597C92-5D25-4A3C-BAD6-8A2566FDDD6F}.Release|Win32.ActiveCfg = Release|Win32
		{F9597C92-5D25-4A3C-BAD6-8A2566FDDD6F}.Release|Win32.Build.0 = Release|Win32
		{F9597C92-5D25-4A3C-BAD6-8A2566FDDD6F}.Release|x64.ActiveCfg = Release|x64
		{F9597C92-5D25-4A3C-BAD6-8A2566FDDD6F}.Release|x64.Build.0 = Release|x64
		{F9597C92-5D25-4A3C-BAD6-8A2566FDDD6F}.ReleaseNoUnicode|Win32.ActiveCfg = Release|Win32
		{F9597C92-5D25-4A3C-BAD6-8A2566FDDD6F}.ReleaseNoUnicode|Win32.Build.0 = Release|Win32
		{F9597C92-5D25-4A3C-BAD6-8A2566FDDD6F}.ReleaseNoUnicode|x64.ActiveCfg = Release|x64
		{F9597C92-5D25-4A3C-BAD6-8A2566FDDD6F}.ReleaseNoUnicode|x64.Build.0 = Release|x64
		{A65753BB-4671-4A1D-A4ED-09CF308DE352}.Debug|Win32.ActiveCfg = Debug|Win32
		{A65753BB-4671-4A1D-A4ED-09CF308DE352}.Debug|Win32.Build.0 = Debug|Win32
		{A65753BB-4671-4A1D-A4ED-09CF308DE352}.Debug|x64.ActiveCfg = Debug|x64
		{A65753BB-4671-4A1D-A4ED-09CF308DE352}.Debug|x64.Build.0 = Debug|x64
		{A65753BB-4671-4A1D-A4ED-09CF308DE352}.DebugNoUnicode|Win32.ActiveCfg = DebugNoUnicode|Win32
		{A65753BB-4671-4A1D-A4ED-09CF308DE352}.DebugNoUnicode|Win32.Build.0 = DebugNoUnicode|Win32
		{A65753BB-4671-4A1D-A4ED-09CF308DE352}.DebugNoUnicode|x64.ActiveCfg = DebugNoUnicode|x64
		{A65753BB-4671-4A1D-A4ED-09CF308DE352}.DebugNoUnicode|x64.Build.0 = DebugNoUnicode|x64
		{A65753BB-4671-4A1D-A4ED-09CF308DE352}.Release|Win32.ActiveCfg = Release|Win32
		{A65753BB-4671-4A1D-A4ED-09CF308DE352}.Release|Win32.Build.0 = Release|Win32
		{A65753BB-4671-4A1D-A4ED-09CF308DE352}.Release|x64.ActiveCfg = Release|x64
		{A65753BB-4671-4A1D-A4ED-09CF308DE352}.Release|x64.Build.0 = Release|x64
		{A65753BB-4671-4A1D-A4ED-09CF308DE352}.ReleaseNoUnicode|Win32.ActiveCfg = ReleaseNoUnicode|Win32
		{A65753BB-4671-4A1D-A4ED-09CF308DE352}.ReleaseNoUnicode|Win32.Build.0 = ReleaseNoUnicode|Win32
		{A65753BB-4671-4A1D-A4ED-09CF308DE352}.ReleaseNoUnicode|x64.ActiveCfg = ReleaseNoUnicode|x64
		{A65753BB-4671-4A1D-A4ED-09CF308DE352}.ReleaseNoUnicode|x64.Build.0 = ReleaseNoUnicode|x64
		{5EA5D675-A827-4CC5-8B2A-5639119E3185}.Debug|Win32.ActiveCfg = Debug|Win32
		{5EA5D675-A827-4CC5-8B2A-5639119E3185}.Debug|Win32.Build.0 = Debug|Win32
		{5EA5D675-A827-4CC5-8B2A-5639119E3185}.Debug|x64.ActiveCfg = Debug|x64
		{5EA5D675-A827-4CC5-8B2A-5639119E3185}.Debug|x64.Build.0 = Debug|x64
		{5EA5D675-A827-4CC5-8B2A-5639119E3185}.DebugNoUnicode|Win32.ActiveCfg = DebugNoUnicode|Win32
		{5EA5D675-A827-4CC5-8B2A-5639119E3185}.DebugNoUnicode|Win32.Build.0 = DebugNoUnicode|Win32
		{5EA5D675-A827-4CC5-8B2A-5639119E3185}.DebugNoUnicode|x64.ActiveCfg = DebugNoUnicode|x64
		{5EA5D675-A827-4CC5-8B2A-5639119E3185}.DebugNoUnicode|x64.Build.0 = DebugNoUnicode|x64
		{5EA5D675-A827-4CC5-8B2A-5639119E3185}.Release|Win32.ActiveCfg = Release|Win32
		{5EA5D675-A827-4CC5-8B2A-5639119E3185}.Release|Win32.Build.0 = Release|Win32
		{5EA5D675-A827-4CC5-8B2A-5639119E3185}.Release|x64.ActiveCfg = Release|x64
		{5EA5D675-A827-4CC5-8B2A-5639119E3185}.Release|x64.Build.0 = Release|x64
		{5EA5D675-A827-4CC5-8B2A-5639119E3185}.ReleaseNoUnicode|Win32.ActiveCfg = ReleaseNoUnicode|Win32
		{5EA5D675-A827-4CC5-8B2A-5639119E3185}.ReleaseNoUnicode|Win32.Build.0 = ReleaseNoUnicode|Win32
		{5EA5D675-A827-4CC5-8B2A-5639119E3185}.ReleaseNoUnicode|x64.ActiveCfg = ReleaseNoUnicode|x64
		{5EA5D675-A827-4CC5-8B2A-5639119E3185}.ReleaseNoUnicode|x64.Build.0 = ReleaseNoUnicode|x64
		{10B3F744-B1B4-41FA-90D5-BC630CB19B6B}.Debug|Win32.ActiveCfg = Debug|Win32
		{10B3F744-B1B4-41FA-90D5-BC630CB19B6B}.Debug|Win32.Build.0 = Debug|Win32
		{10B3F744-B1B4-41FA-90D5-BC630CB19B6B}.Debug|x64.ActiveCfg = Debug|x64
		{10B3F744-B1B4-41FA-90D5-BC630CB19B6B}.Debug|x64.Build.0 = Debug|x64
		{10B3F744-B1B4-41FA-90D5-BC630CB19B6B}.DebugNoUnicode|Win32.ActiveCfg = DebugNoUnicode|Win32
		{10B3F744-B1B4-41FA-90D5-BC630CB19B6B}.DebugNoUnicode|Win32.Build.0 = DebugNoUnicode|Win32
		{10B3F744-B1B4-41FA-90D5-BC630CB19B6B}.DebugNoUnicode|x64.ActiveCfg = DebugNoUnicode|x64
		{10B3F744-B1B4-41FA-90D5-BC630CB19B6B}.DebugNoUnicode|x64.Build.0 = DebugNoUnicode|x64
		{10B3F744-B1B4-41FA-90D5-BC630CB19B6B}.Release|Win32.ActiveCfg = Release|Win32
		{10B3F744-B1B4-41FA-90D5-BC630CB19B6B}.Release|Win32.Build.0 = Release|Win32
		{10B3F744-B1B4-41FA-90D5-BC630CB19B6B}.Release|x64.ActiveCfg = Release|x64
		{10B3F744-B1B4-41FA-90D5-BC630CB19B6B}.Release|x64.Build.0 = Release|x64
		{10B3F744-B1B4-41FA-90D5-BC630CB19B6B}.ReleaseNoUnicode|Win32.ActiveCfg = ReleaseNoUnicode|Win32
		{10B3F744-B1B4-41FA-90D5-BC630CB19B6B}.ReleaseNoUnicode|Win32.Build.0 = ReleaseNoUnicode|Win32
		{10B3F744-B1B4-41FA-90D5-BC630CB19B6B}.ReleaseNoUnicode|x64.ActiveCfg = ReleaseNoUnicode|x64
		{10B3F744-B1B4-41FA-90D5-BC630CB19B6B}.ReleaseNoUnicode|x64.Build.0 = ReleaseNoUnicode|x64
		{56582A52-348B-401B-A0FE-EC799AE6D0AC}.Debug|Win32.ActiveCfg = Debug|Win32
		{56582A52-348B-401B-A0FE-EC799AE6D0AC}.Debug|Win32.Build.0 = Debug|Win32
		{56582A52-348B-401B-A0FE-EC799AE6D0AC}.Debug|x64.ActiveCfg = Debug|x64
		{56582A52-348B-401B-A0FE-EC799AE6D0AC}.Debug|x64.Build.0 = Debug|x64
		{56582A52-348B-401B-A0FE-EC799AE6D0AC}.DebugNoUnicode|Win32.ActiveCfg = DebugNoUnicode|Win32
		{56582A52-348B-401B-A0FE-EC799AE6D0AC}.DebugNoUnicode|Win32.Build.0 = DebugNoUnicode|Win32
		{56582A52-348B-401B-A0FE-EC799AE6D0AC}.DebugNoUnicode|x64.ActiveCfg = DebugNoUnicode|x64
		{56582A52-348B-401B-A0FE-EC799AE6D0AC}.DebugNoUnicode|x64.Build.0 = DebugNoUnicode|x64
		{56582A52-348B-401B-A0FE-EC799AE6D0AC}.Release|Win32.ActiveCfg = Release|Win32
		{56582A52-348B-401B-A0FE-EC799AE6D0AC}.Release|Win32.Build.0 = Release|Win32
		{56582A52-348B-401B-A0FE-EC799AE6D0AC}.Release|x64.ActiveCfg = Release|x64
		{56582A52-348B-401B-A0FE-EC799AE6D0AC}.Release|x64.Build.0 = Release|x64
		{56582A52-348B-401B-A0FE-EC799AE6D0AC}.ReleaseNoUnicode|Win32.ActiveCfg = ReleaseNoUnicode|Win32
		{56582A52-348B-401B-A0FE-EC799AE6D0AC}.ReleaseNoUnicode|Win32.Build.0 = ReleaseNoUnicode|Win32
		{56582A52-348B-401B-A0FE-EC799AE6D0AC}.ReleaseNoUnicode|x64.ActiveCfg = ReleaseNoUnicode|x64
		{56582A52-348B-401B-A0FE-EC799AE6D0AC}.ReleaseNoUnicode|x64.Build.0 = ReleaseNoUnicode|x64
		{3EA91983-D9EB-4369-8167-130122BFDF07}.Debug|Win32.ActiveCfg = Debug|Win32
		{3EA91983-D9EB-4369-8167-130122BFDF07}.Debug|Win32.Build.0 = Debug|Win32
		{3EA91983-D9EB-4369-8167-130122BFDF07}.Debug|x64.ActiveCfg = Debug|x64
		{3EA91983-D9EB-4369-8167-130122BFDF07}.Debug|x64.Build.0 = Debug|x64
		{3EA91983-D9EB-4369-8167-130122BFDF07}.DebugNoUnicode|Win32.ActiveCfg = DebugNoUnicode|Win32
		{3EA91983-D9EB-4369-8167-130122BFDF07}.DebugNoUnicode|Win32.Build.0 = DebugNoUnicode|Win32
		{3EA91983-D9EB-4369-8167-130122BFDF07}.DebugNoUnicode|x64.ActiveCfg = DebugNoUnicode|x64
		{3EA91983-D9EB-4369-8167-130122BFDF07}.DebugNoUnicode|x64.Build.0 = DebugNoUnicode|x64
		{3EA91983-D9EB-4369-8167-130122BFDF07}.Release|Win32.ActiveCfg = Release|Win32
		{3EA91983-D9EB-4369-8167-130122BFDF07}.Release|Win32.Build.0 = Release|Win32
		{3EA91983-D9EB-4369-8167-130122BFDF07}.Release|x64.ActiveCfg = Release|x64
		{3EA91983-D9EB-4369-8167-130122BFDF07}.Release|x64.Build.0 = Release|x64
		{3EA91983-D9EB-4369-8167-130122BFDF07}.ReleaseNoUnicode|Win32.ActiveCfg = ReleaseNoUnicode|Win32
		{3EA91983-D9EB-4369-8167-130122BFDF07}.ReleaseNoUnicode|Win32.Build.0 = ReleaseNoUnicode|Win32
		{3EA91983-D9EB-4369-8167-130122BFDF07}.ReleaseNoUnicode|x64.ActiveCfg = ReleaseNoUnicode|x64
		{3EA91983-D9EB-4369-8167-130122BFDF07}.ReleaseNoUnicode|x64.Build.0 = ReleaseNoUnicode|x64
		{A4EEC45B-21D0-4FBE-82F7-DF30ED746487}.Debug|Win32.ActiveCfg = Debug|Win32
		{A4EEC45B-21D0-4FBE-82F7-DF30ED746487}.Debug|Win32.Build.0 = Debug|Win32
		{A4EEC45B-21D0-4FBE-82F7-DF30ED746487}.Debug|x64.ActiveCfg = Debug|x64
		{A4EEC45B-21D0-4FBE-82F7-DF30ED746487}.Debug|x64.Build.0 = Debug|x64
		{A4EEC45B-21D0-4FBE-82F7-DF30ED746487}.DebugNoUnicode|Win32.ActiveCfg = DebugNoUnicode|Win32
		{A4EEC45B-21D0-4FBE-82F7-DF30ED746487}.DebugNoUnicode|Win32.Build.0 = DebugNoUnicode|Win32
		{A4EEC45B-21D0-4FBE-82F7-DF30ED746487}.DebugNoUnicode|x64.ActiveCfg = DebugNoUnicode|x64
		{A4EEC45B-21D0-4FBE-82F7-DF30ED746487}.DebugNoUnicode|x64.Build.0 = DebugNoUnicode|x64
		{A4EEC45B-21D0-4FBE-82F7-DF30ED746487}.Release|Win32.ActiveCfg = Release|Win32
		{A4EEC45B-21D0-4FBE-82F7-DF30ED746487}.Release|Win32.Build.0 = Release|Win32
		{A4EEC45B-21D0-4FBE-82F7-DF30ED746487}.Release|x64.ActiveCfg = Release|x64
		{A4EEC45B-21D0-4FBE-82F7-DF30ED746487}.Release|x64.Build.0 = Release|x64
		{A4EEC45B-21D0-4FBE-82F7-DF30ED746487}.ReleaseNoUnicode|Win32.ActiveCfg = ReleaseNoUnicode|Win32
		{A4EEC45B-21D0-4FBE-82F7-DF30ED746487}.ReleaseNoUnicode|Win32.Build.0 = ReleaseNoUnicode|Win32
		{A4EEC45B-21D0-4FBE-82F7-DF30ED746487}.ReleaseNoUnicode|x64.ActiveCfg = ReleaseNoUnicode|x64
		{A4EEC45B-21D0-4FBE-82F7-DF30ED746487}.ReleaseNoUnicode|x64.Build.0 = ReleaseNoUnicode|x64
		{4793826B-B077-4D75-A36C-66C9724C08F4}.Debug|Win32.ActiveCfg = Debug|Win32
		{4793826B-B077-4D75-A36C-66C9724C08F4}.Debug|Win32.Build.0 = Debug|Win32
		{4793826B-B077-4D75-A36C-66C9724C08F4}.Debug|x64.ActiveCfg = Debug|x64
		{4793826B-B077-4D75-A36C-66C9724C08F4}.Debug|x64.Build.0 = Debug|x64
		{4793826B-B077-4D75-A36C-66C9724C08F4}.DebugNoUnicode|Win32.ActiveCfg = Debug|x64
		{4793826B-B077-4D75-A36C-66C9724C08F4}.DebugNoUnicode|x64.ActiveCfg = Debug|x64
		{4793826B-B077-4D75-A36C-66C9724C08F4}.DebugNoUnicode|x64.Build.0 = Debug|x64
		{4793826B-B077-4D75-A36C-66C9724C08F4}.Release|Win32.ActiveCfg = Release|Win32
		{4793826B-B077-4D75-A36C-66C9724C08F4}.Release|Win32.Build.0 = Release|Win32
		{4793826B-B077-4D75-A36C-66C9724C08F4}.Release|x64.ActiveCfg = Release|x64
		{4793826B-B077-4D75-A36C-66C9724C08F4}.Release|x64.Build.0 = Release|x64
		{4793826B-B077-4D75-A36C-66C9724C08F4}.ReleaseNoUnicode|Win32.ActiveCfg = Release|x64
		{4793826B-B077-4D75-A36C-66C9724C08F4}.ReleaseNoUnicode|x64.ActiveCfg = Release|x64
		{4793826B-B077-4D75-A36C-66C9724C08F4}.ReleaseNoUnicode|x64.Build.0 = Release|x64
		{1E316AB4-E681-4F2B-97A7-CD7DE904AF62}.Debug|Win32.ActiveCfg = Debug|Win32
		{1E316AB4-E681-4F2B-97A7-CD7DE904AF62}.Debug|Win32.Build.0 = Debug|Win32
		{1E316AB4-E681-4F2B-97A7-CD7DE904AF62}.Debug|x64.ActiveCfg = Debug|x64
		{1E316AB4-E681-4F2B-97A7-CD7DE904AF62}.Debug|x64.Build.0 = Debug|x64
		{1E316AB4-E681-4F2B-97A7-CD7DE904AF62}.DebugNoUnicode|Win32.ActiveCfg = DebugNoUnicode|Win32
		{1E316AB4-E681-4F2B-97A7-CD7DE904AF62}.DebugNoUnicode|Win32.Build.0 = DebugNoUnicode|Win32
		{1E316AB4-E681-4F2B-97A7-CD7DE904AF62}.DebugNoUnicode|x64.ActiveCfg = DebugNoUnicode|x64
		{1E316AB4-E681-4F2B-97A7-CD7DE904AF62}.DebugNoUnicode|x64.Build.0 = DebugNoUnicode|x64
		{1E316AB4-E681-4F2B-97A7-CD7DE904AF62}.Release|Win32.ActiveCfg = Release|Win32
		{1E316AB4-E681-4F2B-97A7-CD7DE904AF62}.Release|Win32.Build.0 = Release|Win32
		{1E316AB4-E681-4F2B-97A7-CD7DE904AF62}.Release|x64.ActiveCfg = Release|x64
		{1E316AB4-E681-4F2B-97A7-CD7DE904AF62}.Release|x64.Build.0 = Release|x64
		{1E316AB4-E681-4F2B-97A7-CD7DE904AF62}.ReleaseNoUnicode|Win32.ActiveCfg = ReleaseNoUnicode|Win32
		{1E316AB4-E681-4F2B-97A7-CD7DE904AF62}.ReleaseNoUnicode|Win32.Build.0 = ReleaseNoUnicode|Win32
		{1E316AB4-E681-4F2B-97A7-CD7DE904AF62}.ReleaseNoUnicode|x64.ActiveCfg = ReleaseNoUnicode|x64
		{1E316AB4-E681-4F2B-97A7-CD7DE904AF62}.ReleaseNoUnicode|x64.Build.0 = ReleaseNoUnicode|x64
		{FC19FFE8-6294-4F1A-8D7A-281C93C5C040}.Debug|Win32.ActiveCfg = Debug|Win32
		{FC19FFE8-6294-4F1A-8D7A-281C93C5C040}.Debug|Win32.Build.0 = Debug|Win32
		{FC19FFE8-6294-4F1A-8D7A-281C93C5C040}.Debug|x64.ActiveCfg = Debug|x64
		{FC19FFE8-6294-4F1A-8D7A-281C93C5C040}.Debug|x64.Build.0 = Debug|x64
		{FC19FFE8-6294-4F1A-8D7A-281C93C5C040}.DebugNoUnicode|Win32.ActiveCfg = DebugNoUnicode|Win32
		{FC19FFE8-6294-4F1A-8D7A-281C93C5C040}.DebugNoUnicode|Win32.Build.0 = DebugNoUnicode|Win32
		{FC19FFE8-6294-4F1A-8D7A-281C93C5C040}.DebugNoUnicode|x64.ActiveCfg = DebugNoUnicode|x64
		{FC19FFE8-6294-4F1A-8D7A-281C93C5C040}.DebugNoUnicode|x64.Build.0 = DebugNoUnicode|x64
		{FC19FFE8-6294-4F1A-8D7A-281C93C5C040}.Release|Win32.ActiveCfg = Release|Win32
		{FC19FFE8-6294-4F1A-8D7A-281C93C5C040}.Release|Win32.Build.0 = Release|Win32
		{FC19FFE8-6294-4F1A-8D7A-281C93C5C040}.Release|x64.ActiveCfg = Release|x64
		{FC19FFE8-6294-4F1A-8D7A-281C93C5C040}.Release|x64.Build.0 = Release|x64
		{FC19FFE8-6294-4F1A-8D7A-281C93C5C040}.ReleaseNoUnicode|Win32.ActiveCfg = ReleaseNoUnicode|Win32
		{FC19FFE8-6294-4F1A-8D7A-281C93C5C040}.ReleaseNoUnicode|Win32.Build.0 = ReleaseNoUnicode|Win32
		{FC19FFE8-6294-4F1A-8D7A-281C93C5C040}.ReleaseNoUnicode|x64.ActiveCfg = ReleaseNoUnicode|x64
		{FC19FFE8-6294-4F1A-8D7A-281C93C5C040}.ReleaseNoUnicode|x64.Build.0 = ReleaseNoUnicode|x64
		{082F71AD-CDF6-44DE-84F7-9D2D16784B23}.Debug|Win32.ActiveCfg = Debug|Win32
		{082F71AD-CDF6-44DE-84F7-9D2D16784B23}.Debug|Win32.Build.0 = Debug|Win32
		{082F71AD-CDF6-44DE-84F7-9D2D16784B23}.Debug|x64.ActiveCfg = Debug|x64
		{082F71AD-CDF6-44DE-84F7-9D2D16784B23}.Debug|x64.Build.0 = Debug|x64
		{082F71AD-CDF6-44DE-84F7-9D2D16784B23}.DebugNoUnicode|Win32.ActiveCfg = DebugNoUnicode|Win32
		{082F71AD-CDF6-44DE-84F7-9D2D16784B23}.DebugNoUnicode|Win32.Build.0 = DebugNoUnicode|Win32
		{082F71AD-CDF6-44DE-84F7-9D2D16784B23}.DebugNoUnicode|x64.ActiveCfg = DebugNoUnicode|x64
		{082F71AD-CDF6-44DE-84F7-9D2D16784B23}.DebugNoUnicode|x64.Build.0 = DebugNoUnicode|x64
		{082F71AD-CDF6-44DE-84F7-9D2D16784B23}.Release|Win32.ActiveCfg = Release|Win32
		{082F71AD-CDF6-44DE-84F7-9D2D16784B23}.Release|Win32.Build.0 = Release|Win32
		{082F71AD-CDF6-44DE-84F7-9D2D16784B23}.Release|x64.ActiveCfg = Release|x64
		{082F71AD-CDF6-44DE-84F7-9D2D16784B23}.Release|x64.Build.0 = Release|x64
		{082F71AD-CDF6-44DE-84F7-9D2D16784B23}.ReleaseNoUnicode|Win32.ActiveCfg = ReleaseNoUnicode|Win32
		{082F71AD-CDF6-44DE-84F7-9D2D16784B23}.ReleaseNoUnicode|Win32.Build.0 = ReleaseNoUnicode|Win32
		{082F71AD-CDF6-44DE-84F7-9D2D16784B23}.ReleaseNoUnicode|x64.ActiveCfg = ReleaseNoUnicode|x64
		{082F71AD-CDF6-44DE-84F7-9D2D16784B23}.ReleaseNoUnicode|x64.Build.0 = ReleaseNoUnicode|x64
		{638B242F-0F21-41C3-9F66-724660046133}.Debug|Win32.ActiveCfg = Debug|Win32
		{638B242F-0F21-41C3-9F66-724660046133}.Debug|Win32.Build.0 = Debug|Win32
		{638B242F-0F21-41C3-9F66-724660046133}.Debug|x64.ActiveCfg = Debug|x64
		{638B242F-0F21-41C3-9F66-724660046133}.Debug|x64.Build.0 = Debug|x64
		{638B242F-0F21-41C3-9F66-724660046133}.DebugNoUnicode|Win32.ActiveCfg = ASanStaticDebug|Win32
		{638B242F-0F21-41C3-9F66-724660046133}.DebugNoUnicode|Win32.Build.0 = ASanStaticDebug|Win32
		{638B242F-0F21-41C3-9F66-724660046133}.DebugNoUnicode|x64.ActiveCfg = ASanStaticDebug|x64
		{638B242F-0F21-41C3-9F66-724660046133}.DebugNoUnicode|x64.Build.0 = ASanStaticDebug|x64
		{638B242F-0F21-41C3-9F66-724660046133}.Release|Win32.ActiveCfg = Release|Win32
		{638B242F-0F21-41C3-9F66-724660046133}.Release|Win32.Build.0 = Release|Win32
		{638B242F-0F21-41C3-9F66-724660046133}.Release|x64.ActiveCfg = Release|x64
		{638B242F-0F21-41C3-9F66-724660046133}.Release|x64.Build.0 = Release|x64
		{638B242F-0F21-41C3-9F66-724660046133}.ReleaseNoUnicode|Win32.ActiveCfg = StaticMetaRelease|Win32
		{638B242F-0F21-41C3-9F66-724660046133}.ReleaseNoUnicode|Win32.Build.0 = StaticMetaRelease|Win32
		{638B242F-0F21-41C3-9F66-724660046133}.ReleaseNoUnicode|x64.ActiveCfg = StaticMetaRelease|x64
		{638B242F-0F21-41C3-9F66-724660046133}.ReleaseNoUnicode|x64.Build.0 = StaticMetaRelease|x64
		{BE0222AE-71CA-41DB-8F40-265DEE5F7020}.Debug|Win32.ActiveCfg = Debug|Win32
		{BE0222AE-71CA-41DB-8F40-265DEE5F7020}.Debug|Win32.Build.0 = Debug|Win32
		{BE0222AE-71CA-41DB-8F40-265DEE5F7020}.Debug|x64.ActiveCfg = Debug|x64
		{BE0222AE-71CA-41DB-8F40-265DEE5F7020}.Debug|x64.Build.0 = Debug|x64
		{BE0222AE-71CA-41DB-8F40-265DEE5F7020}.DebugNoUnicode|Win32.ActiveCfg = Debug|Win32
		{BE0222AE-71CA-41DB-8F40-265DEE5F7020}.DebugNoUnicode|Win32.Build.0 = Debug|Win32
		{BE0222AE-71CA-41DB-8F40-265DEE5F7020}.DebugNoUnicode|x64.ActiveCfg = Debug|x64
		{BE0222AE-71CA-41DB-8F40-265DEE5F7020}.DebugNoUnicode|x64.Build.0 = Debug|x64
		{BE0222AE-71CA-41DB-8F40-265DEE5F7020}.Release|Win32.ActiveCfg = Release|Win32
		{BE0222AE-71CA-41DB-8F40-265DEE5F7020}.Release|Win32.Build.0 = Release|Win32
		{BE0222AE-71CA-41DB-8F40-265DEE5F7020}.Release|x64.ActiveCfg = Release|x64
		{BE0222AE-71CA-41DB-8F40-265DEE5F7020}.Release|x64.Build.0 = Release|x64
		{BE0222AE-71CA-41DB-8F40-265DEE5F7020}.ReleaseNoUnicode|Win32.ActiveCfg = Release|Win32
		{BE0222AE-71CA-41DB-8F40-265DEE5F7020}.ReleaseNoUnicode|Win32.Build.0 = Release|Win32
		{BE0222AE-71CA-41DB-8F40-265DEE5F7020}.ReleaseNoUnicode|x64.ActiveCfg = Release|x64
		{BE0222AE-71CA-41DB-8F40-265DEE5F7020}.ReleaseNoUnicode|x64.Build.0 = Release|x64
		{A6BD434B-4BF2-4F22-98C8-40830D44117E}.Debug|Win32.ActiveCfg = Debug|Win32
		{A6BD434B-4BF2-4F22-98C8-40830D44117E}.Debug|Win32.Build.0 = Debug|Win32
		{A6BD434B-4BF2-4F22-98C8-40830D44117E}.Debug|x64.ActiveCfg = Debug|x64
		{A6BD434B-4BF2-4F22-98C8-40830D44117E}.Debug|x64.Build.0 = Debug|x64
		{A6BD434B-4BF2-4F22-98C8-40830D44117E}.DebugNoUnicode|Win32.ActiveCfg = DebugNoUnicode|Win32
		{A6BD434B-4BF2-4F22-98C8-40830D44117E}.DebugNoUnicode|Win32.Build.0 = DebugNoUnicode|Win32
		{A6BD434B-4BF2-4F22-98C8-40830D44117E}.DebugNoUnicode|x64.ActiveCfg = DebugNoUnicode|x64
		{A6BD434B-4BF2-4F22-98C8-40830D44117E}.DebugNoUnicode|x64.Build.0 = DebugNoUnicode|x64
		{A6BD434B-4BF2-4F22-98C8-40830D44117E}.Release|Win32.ActiveCfg = Release|Win32
		{A6BD434B-4BF2-4F22-98C8-40830D44117E}.Release|Win32.Build.0 = Release|Win32
		{A6BD434B-4BF2-4F22-98C8-40830D44117E}.Release|x64.ActiveCfg = Release|x64
		{A6BD434B-4BF2-4F22-98C8-40830D44117E}.Release|x64.Build.0 = Release|x64
		{A6BD434B-4BF2-4F22-98C8-40830D44117E}.ReleaseNoUnicode|Win32.ActiveCfg = ReleaseNoUnicode|Win32
		{A6BD434B-4BF2-4F22-98C8-40830D44117E}.ReleaseNoUnicode|Win32.Build.0 = ReleaseNoUnicode|Win32
		{A6BD434B-4BF2-4F22-98C8-40830D44117E}.ReleaseNoUnicode|x64.ActiveCfg = ReleaseNoUnicode|x64
		{A6BD434B-4BF2-4F22-98C8-40830D44117E}.ReleaseNoUnicode|x64.Build.0 = ReleaseNoUnicode|x64
	EndGlobalSection
	GlobalSection(SolutionProperties) = preSolution
		HideSolutionNode = FALSE
	EndGlobalSection
	GlobalSection(ExtensibilityGlobals) = postSolution
		SolutionGuid = {28CA5D11-40A1-4E8E-B32A-DEE202912F4D}
	EndGlobalSection
EndGlobal
